
Microsoft Visual Studio Solution File, Format Version 12.00
# Visual Studio Version 17
VisualStudioVersion = 17.1.32421.90
MinimumVisualStudioVersion = 15.0.26124.0
Project("{2150E333-8FDC-42A3-9474-1A3956D46DE8}") = "Template10", "Template10", "{089E9A13-7F14-4C9F-B35E-CB3EFEC8C678}"
EndProject
Project("{2150E333-8FDC-42A3-9474-1A3956D46DE8}") = "UnitTests", "UnitTests", "{409FCE7F-BC69-42B7-AA53-6AE4203CF149}"
EndProject
Project("{D954291E-2A0B-460D-934E-DC6B0785DB48}") = "Project2FA.Uno.Shared", "Project2FA\Project2FA.Shared\Project2FA.Uno.Shared.shproj", "{6279C845-92F8-4333-AB99-3D213163593C}"
EndProject
Project("{2150E333-8FDC-42A3-9474-1A3956D46DE8}") = "Platforms", "Platforms", "{89735E29-8BBC-4681-AEE6-EAEF1741505F}"
EndProject
Project("{9A19103F-16F7-4668-BE54-9A1E7A4F7556}") = "Project2FA.Wasm", "Project2FA\Project2FA.Wasm\Project2FA.Wasm.csproj", "{48F71DD5-805C-4D7E-8F8A-4DA35A984919}"
EndProject
Project("{9A19103F-16F7-4668-BE54-9A1E7A4F7556}") = "Project2FA.Skia.Gtk", "Project2FA\Project2FA.Skia.Gtk\Project2FA.Skia.Gtk.csproj", "{BB5FFAAB-E912-4AB9-B463-05A35D9C7DCB}"
EndProject
Project("{9A19103F-16F7-4668-BE54-9A1E7A4F7556}") = "Project2FA.Skia.Linux.FrameBuffer", "Project2FA\Project2FA.Skia.Linux.FrameBuffer\Project2FA.Skia.Linux.FrameBuffer.csproj", "{E80CE69E-8C38-4214-AA65-137099CCF81A}"
EndProject
Project("{FAE04EC0-301F-11D3-BF4B-00C04F79EFBC}") = "Project2FA.UWP", "Project2FA\Project2FA.UWP\Project2FA.UWP.csproj", "{F23D0EFE-2C91-4976-9DCB-065B91FC2797}"
EndProject
Project("{9A19103F-16F7-4668-BE54-9A1E7A4F7556}") = "Project2FA.MAUI", "Project2FA\Project2FA.MAUI\Project2FA.MAUI.csproj", "{4BE4CA0D-43A1-4ED4-B7DA-909654FEC5CE}"
EndProject
Project("{9A19103F-16F7-4668-BE54-9A1E7A4F7556}") = "Project2FA.WinUI", "Project2FA\Project2FA.WinUI\Project2FA.WinUI.csproj", "{9BE61232-D99A-401C-B9EA-617B3860A5E5}"
EndProject
Project("{9A19103F-16F7-4668-BE54-9A1E7A4F7556}") = "WebDAVClientPortable", "WebDAVClientPortable\WebDAVClientPortable.csproj", "{AD7DCA2A-7366-4038-9D87-EFF5A2F38E97}"
EndProject
Project("{9A19103F-16F7-4668-BE54-9A1E7A4F7556}") = "Project2FA.Core", "Project2FA.Core\Project2FA.Core.csproj", "{8A7A480B-01F2-4693-B1B7-13E5BED8BBF6}"
EndProject
Project("{9A19103F-16F7-4668-BE54-9A1E7A4F7556}") = "Project2FA.Repository", "Project2FA.Repository\Project2FA.Repository.csproj", "{28233CEB-52B0-4E65-9A39-59B387E2768D}"
EndProject
Project("{9A19103F-16F7-4668-BE54-9A1E7A4F7556}") = "Prism.Windows", "Template10\Source\Prism.Windows\Prism.Windows.csproj", "{8D3D7E9C-1EA4-4580-B60E-C656A209E32D}"
EndProject
Project("{9A19103F-16F7-4668-BE54-9A1E7A4F7556}") = "Prism.Unity.Windows", "Template10\Source\Prism.Unity.Windows\Prism.Unity.Windows.csproj", "{189019A6-FA1E-41C9-84F7-4849448953EB}"
EndProject
Project("{9A19103F-16F7-4668-BE54-9A1E7A4F7556}") = "Template10.Extras", "Template10\Source\Template10.Extras\Template10.Extras.csproj", "{E2BD00DD-EEE5-4709-B241-4D2A9B21B526}"
EndProject
Project("{9A19103F-16F7-4668-BE54-9A1E7A4F7556}") = "Prism.DryIoc.Windows", "Template10\Source\Prism.DryIoc.Windows\Prism.DryIoc.Windows.csproj", "{B5CAB303-0E5F-4A8D-A3D6-644DAA6C207F}"
EndProject
Project("{9A19103F-16F7-4668-BE54-9A1E7A4F7556}") = "Project2FA.Mobile", "Project2FA\Project2FA.Mobile\Project2FA.Mobile.csproj", "{EE7DA0E2-3A7B-48CC-88B4-66B1D040689D}"
EndProject
Project("{9A19103F-16F7-4668-BE54-9A1E7A4F7556}") = "Otp.NET", "Otp.NET\src\Otp.NET\Otp.NET.csproj", "{F3DC419D-D543-4EFF-950B-85A926453BA9}"
EndProject
Global
	GlobalSection(SolutionConfigurationPlatforms) = preSolution
		Ad-Hoc|Any CPU = Ad-Hoc|Any CPU
		Ad-Hoc|ARM = Ad-Hoc|ARM
		Ad-Hoc|ARM64 = Ad-Hoc|ARM64
		Ad-Hoc|iPhone = Ad-Hoc|iPhone
		Ad-Hoc|iPhoneSimulator = Ad-Hoc|iPhoneSimulator
		Ad-Hoc|x64 = Ad-Hoc|x64
		Ad-Hoc|x86 = Ad-Hoc|x86
		AppStore|Any CPU = AppStore|Any CPU
		AppStore|ARM = AppStore|ARM
		AppStore|ARM64 = AppStore|ARM64
		AppStore|iPhone = AppStore|iPhone
		AppStore|iPhoneSimulator = AppStore|iPhoneSimulator
		AppStore|x64 = AppStore|x64
		AppStore|x86 = AppStore|x86
		Debug|Any CPU = Debug|Any CPU
		Debug|ARM = Debug|ARM
		Debug|ARM64 = Debug|ARM64
		Debug|iPhone = Debug|iPhone
		Debug|iPhoneSimulator = Debug|iPhoneSimulator
		Debug|x64 = Debug|x64
		Debug|x86 = Debug|x86
		Release|Any CPU = Release|Any CPU
		Release|ARM = Release|ARM
		Release|ARM64 = Release|ARM64
		Release|iPhone = Release|iPhone
		Release|iPhoneSimulator = Release|iPhoneSimulator
		Release|x64 = Release|x64
		Release|x86 = Release|x86
	EndGlobalSection
	GlobalSection(ProjectConfigurationPlatforms) = postSolution
		{6279C845-92F8-4333-AB99-3D213163593C}.Ad-Hoc|Any CPU.ActiveCfg = Release|Any CPU
		{6279C845-92F8-4333-AB99-3D213163593C}.Ad-Hoc|ARM.ActiveCfg = Release|Any CPU
		{6279C845-92F8-4333-AB99-3D213163593C}.Ad-Hoc|ARM64.ActiveCfg = Release|Any CPU
		{6279C845-92F8-4333-AB99-3D213163593C}.Ad-Hoc|iPhone.ActiveCfg = Release|Any CPU
		{6279C845-92F8-4333-AB99-3D213163593C}.Ad-Hoc|iPhoneSimulator.ActiveCfg = Release|Any CPU
		{6279C845-92F8-4333-AB99-3D213163593C}.Ad-Hoc|x64.ActiveCfg = Release|Any CPU
		{6279C845-92F8-4333-AB99-3D213163593C}.Ad-Hoc|x86.ActiveCfg = Release|Any CPU
		{6279C845-92F8-4333-AB99-3D213163593C}.AppStore|Any CPU.ActiveCfg = Release|Any CPU
		{6279C845-92F8-4333-AB99-3D213163593C}.AppStore|ARM.ActiveCfg = Release|Any CPU
		{6279C845-92F8-4333-AB99-3D213163593C}.AppStore|ARM64.ActiveCfg = Release|Any CPU
		{6279C845-92F8-4333-AB99-3D213163593C}.AppStore|iPhone.ActiveCfg = Release|Any CPU
		{6279C845-92F8-4333-AB99-3D213163593C}.AppStore|iPhoneSimulator.ActiveCfg = Release|Any CPU
		{6279C845-92F8-4333-AB99-3D213163593C}.AppStore|x64.ActiveCfg = Release|Any CPU
		{6279C845-92F8-4333-AB99-3D213163593C}.AppStore|x86.ActiveCfg = Release|Any CPU
		{6279C845-92F8-4333-AB99-3D213163593C}.Debug|Any CPU.ActiveCfg = Debug|Any CPU
		{6279C845-92F8-4333-AB99-3D213163593C}.Debug|ARM.ActiveCfg = Debug|Any CPU
		{6279C845-92F8-4333-AB99-3D213163593C}.Debug|ARM64.ActiveCfg = Debug|Any CPU
		{6279C845-92F8-4333-AB99-3D213163593C}.Debug|iPhone.ActiveCfg = Debug|Any CPU
		{6279C845-92F8-4333-AB99-3D213163593C}.Debug|iPhoneSimulator.ActiveCfg = Debug|Any CPU
		{6279C845-92F8-4333-AB99-3D213163593C}.Debug|x64.ActiveCfg = Debug|Any CPU
		{6279C845-92F8-4333-AB99-3D213163593C}.Debug|x86.ActiveCfg = Debug|Any CPU
		{6279C845-92F8-4333-AB99-3D213163593C}.Release|Any CPU.ActiveCfg = Release|Any CPU
		{6279C845-92F8-4333-AB99-3D213163593C}.Release|ARM.ActiveCfg = Release|Any CPU
		{6279C845-92F8-4333-AB99-3D213163593C}.Release|ARM64.ActiveCfg = Release|Any CPU
		{6279C845-92F8-4333-AB99-3D213163593C}.Release|iPhone.ActiveCfg = Release|Any CPU
		{6279C845-92F8-4333-AB99-3D213163593C}.Release|iPhoneSimulator.ActiveCfg = Release|Any CPU
		{6279C845-92F8-4333-AB99-3D213163593C}.Release|x64.ActiveCfg = Release|Any CPU
		{6279C845-92F8-4333-AB99-3D213163593C}.Release|x86.ActiveCfg = Release|Any CPU
		{48F71DD5-805C-4D7E-8F8A-4DA35A984919}.Ad-Hoc|Any CPU.ActiveCfg = Debug|Any CPU
		{48F71DD5-805C-4D7E-8F8A-4DA35A984919}.Ad-Hoc|Any CPU.Build.0 = Debug|Any CPU
		{48F71DD5-805C-4D7E-8F8A-4DA35A984919}.Ad-Hoc|ARM.ActiveCfg = Debug|Any CPU
		{48F71DD5-805C-4D7E-8F8A-4DA35A984919}.Ad-Hoc|ARM.Build.0 = Debug|Any CPU
		{48F71DD5-805C-4D7E-8F8A-4DA35A984919}.Ad-Hoc|ARM64.ActiveCfg = Debug|Any CPU
		{48F71DD5-805C-4D7E-8F8A-4DA35A984919}.Ad-Hoc|ARM64.Build.0 = Debug|Any CPU
		{48F71DD5-805C-4D7E-8F8A-4DA35A984919}.Ad-Hoc|iPhone.ActiveCfg = Debug|Any CPU
		{48F71DD5-805C-4D7E-8F8A-4DA35A984919}.Ad-Hoc|iPhone.Build.0 = Debug|Any CPU
		{48F71DD5-805C-4D7E-8F8A-4DA35A984919}.Ad-Hoc|iPhoneSimulator.ActiveCfg = Debug|Any CPU
		{48F71DD5-805C-4D7E-8F8A-4DA35A984919}.Ad-Hoc|iPhoneSimulator.Build.0 = Debug|Any CPU
		{48F71DD5-805C-4D7E-8F8A-4DA35A984919}.Ad-Hoc|x64.ActiveCfg = Debug|Any CPU
		{48F71DD5-805C-4D7E-8F8A-4DA35A984919}.Ad-Hoc|x64.Build.0 = Debug|Any CPU
		{48F71DD5-805C-4D7E-8F8A-4DA35A984919}.Ad-Hoc|x86.ActiveCfg = Debug|Any CPU
		{48F71DD5-805C-4D7E-8F8A-4DA35A984919}.Ad-Hoc|x86.Build.0 = Debug|Any CPU
		{48F71DD5-805C-4D7E-8F8A-4DA35A984919}.AppStore|Any CPU.ActiveCfg = Debug|Any CPU
		{48F71DD5-805C-4D7E-8F8A-4DA35A984919}.AppStore|Any CPU.Build.0 = Debug|Any CPU
		{48F71DD5-805C-4D7E-8F8A-4DA35A984919}.AppStore|ARM.ActiveCfg = Debug|Any CPU
		{48F71DD5-805C-4D7E-8F8A-4DA35A984919}.AppStore|ARM.Build.0 = Debug|Any CPU
		{48F71DD5-805C-4D7E-8F8A-4DA35A984919}.AppStore|ARM64.ActiveCfg = Debug|Any CPU
		{48F71DD5-805C-4D7E-8F8A-4DA35A984919}.AppStore|ARM64.Build.0 = Debug|Any CPU
		{48F71DD5-805C-4D7E-8F8A-4DA35A984919}.AppStore|iPhone.ActiveCfg = Debug|Any CPU
		{48F71DD5-805C-4D7E-8F8A-4DA35A984919}.AppStore|iPhone.Build.0 = Debug|Any CPU
		{48F71DD5-805C-4D7E-8F8A-4DA35A984919}.AppStore|iPhoneSimulator.ActiveCfg = Debug|Any CPU
		{48F71DD5-805C-4D7E-8F8A-4DA35A984919}.AppStore|iPhoneSimulator.Build.0 = Debug|Any CPU
		{48F71DD5-805C-4D7E-8F8A-4DA35A984919}.AppStore|x64.ActiveCfg = Debug|Any CPU
		{48F71DD5-805C-4D7E-8F8A-4DA35A984919}.AppStore|x64.Build.0 = Debug|Any CPU
		{48F71DD5-805C-4D7E-8F8A-4DA35A984919}.AppStore|x86.ActiveCfg = Debug|Any CPU
		{48F71DD5-805C-4D7E-8F8A-4DA35A984919}.AppStore|x86.Build.0 = Debug|Any CPU
		{48F71DD5-805C-4D7E-8F8A-4DA35A984919}.Debug|Any CPU.ActiveCfg = Debug|Any CPU
		{48F71DD5-805C-4D7E-8F8A-4DA35A984919}.Debug|Any CPU.Build.0 = Debug|Any CPU
		{48F71DD5-805C-4D7E-8F8A-4DA35A984919}.Debug|ARM.ActiveCfg = Debug|Any CPU
		{48F71DD5-805C-4D7E-8F8A-4DA35A984919}.Debug|ARM.Build.0 = Debug|Any CPU
		{48F71DD5-805C-4D7E-8F8A-4DA35A984919}.Debug|ARM64.ActiveCfg = Debug|Any CPU
		{48F71DD5-805C-4D7E-8F8A-4DA35A984919}.Debug|ARM64.Build.0 = Debug|Any CPU
		{48F71DD5-805C-4D7E-8F8A-4DA35A984919}.Debug|iPhone.ActiveCfg = Debug|Any CPU
		{48F71DD5-805C-4D7E-8F8A-4DA35A984919}.Debug|iPhone.Build.0 = Debug|Any CPU
		{48F71DD5-805C-4D7E-8F8A-4DA35A984919}.Debug|iPhoneSimulator.ActiveCfg = Debug|Any CPU
		{48F71DD5-805C-4D7E-8F8A-4DA35A984919}.Debug|iPhoneSimulator.Build.0 = Debug|Any CPU
		{48F71DD5-805C-4D7E-8F8A-4DA35A984919}.Debug|x64.ActiveCfg = Debug|x64
		{48F71DD5-805C-4D7E-8F8A-4DA35A984919}.Debug|x64.Build.0 = Debug|x64
		{48F71DD5-805C-4D7E-8F8A-4DA35A984919}.Debug|x86.ActiveCfg = Debug|Any CPU
		{48F71DD5-805C-4D7E-8F8A-4DA35A984919}.Debug|x86.Build.0 = Debug|Any CPU
		{48F71DD5-805C-4D7E-8F8A-4DA35A984919}.Release|Any CPU.ActiveCfg = Release|Any CPU
		{48F71DD5-805C-4D7E-8F8A-4DA35A984919}.Release|Any CPU.Build.0 = Release|Any CPU
		{48F71DD5-805C-4D7E-8F8A-4DA35A984919}.Release|ARM.ActiveCfg = Release|Any CPU
		{48F71DD5-805C-4D7E-8F8A-4DA35A984919}.Release|ARM.Build.0 = Release|Any CPU
		{48F71DD5-805C-4D7E-8F8A-4DA35A984919}.Release|ARM64.ActiveCfg = Release|Any CPU
		{48F71DD5-805C-4D7E-8F8A-4DA35A984919}.Release|ARM64.Build.0 = Release|Any CPU
		{48F71DD5-805C-4D7E-8F8A-4DA35A984919}.Release|iPhone.ActiveCfg = Release|Any CPU
		{48F71DD5-805C-4D7E-8F8A-4DA35A984919}.Release|iPhone.Build.0 = Release|Any CPU
		{48F71DD5-805C-4D7E-8F8A-4DA35A984919}.Release|iPhoneSimulator.ActiveCfg = Release|Any CPU
		{48F71DD5-805C-4D7E-8F8A-4DA35A984919}.Release|iPhoneSimulator.Build.0 = Release|Any CPU
		{48F71DD5-805C-4D7E-8F8A-4DA35A984919}.Release|x64.ActiveCfg = Release|Any CPU
		{48F71DD5-805C-4D7E-8F8A-4DA35A984919}.Release|x64.Build.0 = Release|Any CPU
		{48F71DD5-805C-4D7E-8F8A-4DA35A984919}.Release|x86.ActiveCfg = Release|Any CPU
		{48F71DD5-805C-4D7E-8F8A-4DA35A984919}.Release|x86.Build.0 = Release|Any CPU
		{BB5FFAAB-E912-4AB9-B463-05A35D9C7DCB}.Ad-Hoc|Any CPU.ActiveCfg = Debug|Any CPU
		{BB5FFAAB-E912-4AB9-B463-05A35D9C7DCB}.Ad-Hoc|Any CPU.Build.0 = Debug|Any CPU
		{BB5FFAAB-E912-4AB9-B463-05A35D9C7DCB}.Ad-Hoc|ARM.ActiveCfg = Debug|Any CPU
		{BB5FFAAB-E912-4AB9-B463-05A35D9C7DCB}.Ad-Hoc|ARM.Build.0 = Debug|Any CPU
		{BB5FFAAB-E912-4AB9-B463-05A35D9C7DCB}.Ad-Hoc|ARM64.ActiveCfg = Debug|Any CPU
		{BB5FFAAB-E912-4AB9-B463-05A35D9C7DCB}.Ad-Hoc|ARM64.Build.0 = Debug|Any CPU
		{BB5FFAAB-E912-4AB9-B463-05A35D9C7DCB}.Ad-Hoc|iPhone.ActiveCfg = Debug|Any CPU
		{BB5FFAAB-E912-4AB9-B463-05A35D9C7DCB}.Ad-Hoc|iPhone.Build.0 = Debug|Any CPU
		{BB5FFAAB-E912-4AB9-B463-05A35D9C7DCB}.Ad-Hoc|iPhoneSimulator.ActiveCfg = Debug|Any CPU
		{BB5FFAAB-E912-4AB9-B463-05A35D9C7DCB}.Ad-Hoc|iPhoneSimulator.Build.0 = Debug|Any CPU
		{BB5FFAAB-E912-4AB9-B463-05A35D9C7DCB}.Ad-Hoc|x64.ActiveCfg = Debug|Any CPU
		{BB5FFAAB-E912-4AB9-B463-05A35D9C7DCB}.Ad-Hoc|x64.Build.0 = Debug|Any CPU
		{BB5FFAAB-E912-4AB9-B463-05A35D9C7DCB}.Ad-Hoc|x86.ActiveCfg = Debug|Any CPU
		{BB5FFAAB-E912-4AB9-B463-05A35D9C7DCB}.Ad-Hoc|x86.Build.0 = Debug|Any CPU
		{BB5FFAAB-E912-4AB9-B463-05A35D9C7DCB}.AppStore|Any CPU.ActiveCfg = Debug|Any CPU
		{BB5FFAAB-E912-4AB9-B463-05A35D9C7DCB}.AppStore|Any CPU.Build.0 = Debug|Any CPU
		{BB5FFAAB-E912-4AB9-B463-05A35D9C7DCB}.AppStore|ARM.ActiveCfg = Debug|Any CPU
		{BB5FFAAB-E912-4AB9-B463-05A35D9C7DCB}.AppStore|ARM.Build.0 = Debug|Any CPU
		{BB5FFAAB-E912-4AB9-B463-05A35D9C7DCB}.AppStore|ARM64.ActiveCfg = Debug|Any CPU
		{BB5FFAAB-E912-4AB9-B463-05A35D9C7DCB}.AppStore|ARM64.Build.0 = Debug|Any CPU
		{BB5FFAAB-E912-4AB9-B463-05A35D9C7DCB}.AppStore|iPhone.ActiveCfg = Debug|Any CPU
		{BB5FFAAB-E912-4AB9-B463-05A35D9C7DCB}.AppStore|iPhone.Build.0 = Debug|Any CPU
		{BB5FFAAB-E912-4AB9-B463-05A35D9C7DCB}.AppStore|iPhoneSimulator.ActiveCfg = Debug|Any CPU
		{BB5FFAAB-E912-4AB9-B463-05A35D9C7DCB}.AppStore|iPhoneSimulator.Build.0 = Debug|Any CPU
		{BB5FFAAB-E912-4AB9-B463-05A35D9C7DCB}.AppStore|x64.ActiveCfg = Debug|Any CPU
		{BB5FFAAB-E912-4AB9-B463-05A35D9C7DCB}.AppStore|x64.Build.0 = Debug|Any CPU
		{BB5FFAAB-E912-4AB9-B463-05A35D9C7DCB}.AppStore|x86.ActiveCfg = Debug|Any CPU
		{BB5FFAAB-E912-4AB9-B463-05A35D9C7DCB}.AppStore|x86.Build.0 = Debug|Any CPU
		{BB5FFAAB-E912-4AB9-B463-05A35D9C7DCB}.Debug|Any CPU.ActiveCfg = Debug|Any CPU
		{BB5FFAAB-E912-4AB9-B463-05A35D9C7DCB}.Debug|Any CPU.Build.0 = Debug|Any CPU
		{BB5FFAAB-E912-4AB9-B463-05A35D9C7DCB}.Debug|ARM.ActiveCfg = Debug|Any CPU
		{BB5FFAAB-E912-4AB9-B463-05A35D9C7DCB}.Debug|ARM.Build.0 = Debug|Any CPU
		{BB5FFAAB-E912-4AB9-B463-05A35D9C7DCB}.Debug|ARM64.ActiveCfg = Debug|Any CPU
		{BB5FFAAB-E912-4AB9-B463-05A35D9C7DCB}.Debug|ARM64.Build.0 = Debug|Any CPU
		{BB5FFAAB-E912-4AB9-B463-05A35D9C7DCB}.Debug|iPhone.ActiveCfg = Debug|Any CPU
		{BB5FFAAB-E912-4AB9-B463-05A35D9C7DCB}.Debug|iPhone.Build.0 = Debug|Any CPU
		{BB5FFAAB-E912-4AB9-B463-05A35D9C7DCB}.Debug|iPhoneSimulator.ActiveCfg = Debug|Any CPU
		{BB5FFAAB-E912-4AB9-B463-05A35D9C7DCB}.Debug|iPhoneSimulator.Build.0 = Debug|Any CPU
		{BB5FFAAB-E912-4AB9-B463-05A35D9C7DCB}.Debug|x64.ActiveCfg = Debug|x64
		{BB5FFAAB-E912-4AB9-B463-05A35D9C7DCB}.Debug|x64.Build.0 = Debug|x64
		{BB5FFAAB-E912-4AB9-B463-05A35D9C7DCB}.Debug|x86.ActiveCfg = Debug|x86
		{BB5FFAAB-E912-4AB9-B463-05A35D9C7DCB}.Debug|x86.Build.0 = Debug|x86
		{BB5FFAAB-E912-4AB9-B463-05A35D9C7DCB}.Release|Any CPU.ActiveCfg = Release|Any CPU
		{BB5FFAAB-E912-4AB9-B463-05A35D9C7DCB}.Release|Any CPU.Build.0 = Release|Any CPU
		{BB5FFAAB-E912-4AB9-B463-05A35D9C7DCB}.Release|ARM.ActiveCfg = Release|Any CPU
		{BB5FFAAB-E912-4AB9-B463-05A35D9C7DCB}.Release|ARM.Build.0 = Release|Any CPU
		{BB5FFAAB-E912-4AB9-B463-05A35D9C7DCB}.Release|ARM64.ActiveCfg = Release|Any CPU
		{BB5FFAAB-E912-4AB9-B463-05A35D9C7DCB}.Release|ARM64.Build.0 = Release|Any CPU
		{BB5FFAAB-E912-4AB9-B463-05A35D9C7DCB}.Release|iPhone.ActiveCfg = Release|Any CPU
		{BB5FFAAB-E912-4AB9-B463-05A35D9C7DCB}.Release|iPhone.Build.0 = Release|Any CPU
		{BB5FFAAB-E912-4AB9-B463-05A35D9C7DCB}.Release|iPhoneSimulator.ActiveCfg = Release|Any CPU
		{BB5FFAAB-E912-4AB9-B463-05A35D9C7DCB}.Release|iPhoneSimulator.Build.0 = Release|Any CPU
		{BB5FFAAB-E912-4AB9-B463-05A35D9C7DCB}.Release|x64.ActiveCfg = Release|Any CPU
		{BB5FFAAB-E912-4AB9-B463-05A35D9C7DCB}.Release|x64.Build.0 = Release|Any CPU
		{BB5FFAAB-E912-4AB9-B463-05A35D9C7DCB}.Release|x86.ActiveCfg = Release|Any CPU
		{BB5FFAAB-E912-4AB9-B463-05A35D9C7DCB}.Release|x86.Build.0 = Release|Any CPU
		{E80CE69E-8C38-4214-AA65-137099CCF81A}.Ad-Hoc|Any CPU.ActiveCfg = Debug|Any CPU
		{E80CE69E-8C38-4214-AA65-137099CCF81A}.Ad-Hoc|Any CPU.Build.0 = Debug|Any CPU
		{E80CE69E-8C38-4214-AA65-137099CCF81A}.Ad-Hoc|ARM.ActiveCfg = Debug|Any CPU
		{E80CE69E-8C38-4214-AA65-137099CCF81A}.Ad-Hoc|ARM.Build.0 = Debug|Any CPU
		{E80CE69E-8C38-4214-AA65-137099CCF81A}.Ad-Hoc|ARM64.ActiveCfg = Debug|Any CPU
		{E80CE69E-8C38-4214-AA65-137099CCF81A}.Ad-Hoc|ARM64.Build.0 = Debug|Any CPU
		{E80CE69E-8C38-4214-AA65-137099CCF81A}.Ad-Hoc|iPhone.ActiveCfg = Debug|Any CPU
		{E80CE69E-8C38-4214-AA65-137099CCF81A}.Ad-Hoc|iPhone.Build.0 = Debug|Any CPU
		{E80CE69E-8C38-4214-AA65-137099CCF81A}.Ad-Hoc|iPhoneSimulator.ActiveCfg = Debug|Any CPU
		{E80CE69E-8C38-4214-AA65-137099CCF81A}.Ad-Hoc|iPhoneSimulator.Build.0 = Debug|Any CPU
		{E80CE69E-8C38-4214-AA65-137099CCF81A}.Ad-Hoc|x64.ActiveCfg = Debug|Any CPU
		{E80CE69E-8C38-4214-AA65-137099CCF81A}.Ad-Hoc|x64.Build.0 = Debug|Any CPU
		{E80CE69E-8C38-4214-AA65-137099CCF81A}.Ad-Hoc|x86.ActiveCfg = Debug|Any CPU
		{E80CE69E-8C38-4214-AA65-137099CCF81A}.Ad-Hoc|x86.Build.0 = Debug|Any CPU
		{E80CE69E-8C38-4214-AA65-137099CCF81A}.AppStore|Any CPU.ActiveCfg = Debug|Any CPU
		{E80CE69E-8C38-4214-AA65-137099CCF81A}.AppStore|Any CPU.Build.0 = Debug|Any CPU
		{E80CE69E-8C38-4214-AA65-137099CCF81A}.AppStore|ARM.ActiveCfg = Debug|Any CPU
		{E80CE69E-8C38-4214-AA65-137099CCF81A}.AppStore|ARM.Build.0 = Debug|Any CPU
		{E80CE69E-8C38-4214-AA65-137099CCF81A}.AppStore|ARM64.ActiveCfg = Debug|Any CPU
		{E80CE69E-8C38-4214-AA65-137099CCF81A}.AppStore|ARM64.Build.0 = Debug|Any CPU
		{E80CE69E-8C38-4214-AA65-137099CCF81A}.AppStore|iPhone.ActiveCfg = Debug|Any CPU
		{E80CE69E-8C38-4214-AA65-137099CCF81A}.AppStore|iPhone.Build.0 = Debug|Any CPU
		{E80CE69E-8C38-4214-AA65-137099CCF81A}.AppStore|iPhoneSimulator.ActiveCfg = Debug|Any CPU
		{E80CE69E-8C38-4214-AA65-137099CCF81A}.AppStore|iPhoneSimulator.Build.0 = Debug|Any CPU
		{E80CE69E-8C38-4214-AA65-137099CCF81A}.AppStore|x64.ActiveCfg = Debug|Any CPU
		{E80CE69E-8C38-4214-AA65-137099CCF81A}.AppStore|x64.Build.0 = Debug|Any CPU
		{E80CE69E-8C38-4214-AA65-137099CCF81A}.AppStore|x86.ActiveCfg = Debug|Any CPU
		{E80CE69E-8C38-4214-AA65-137099CCF81A}.AppStore|x86.Build.0 = Debug|Any CPU
		{E80CE69E-8C38-4214-AA65-137099CCF81A}.Debug|Any CPU.ActiveCfg = Debug|Any CPU
		{E80CE69E-8C38-4214-AA65-137099CCF81A}.Debug|Any CPU.Build.0 = Debug|Any CPU
		{E80CE69E-8C38-4214-AA65-137099CCF81A}.Debug|ARM.ActiveCfg = Debug|Any CPU
		{E80CE69E-8C38-4214-AA65-137099CCF81A}.Debug|ARM.Build.0 = Debug|Any CPU
		{E80CE69E-8C38-4214-AA65-137099CCF81A}.Debug|ARM64.ActiveCfg = Debug|Any CPU
		{E80CE69E-8C38-4214-AA65-137099CCF81A}.Debug|ARM64.Build.0 = Debug|Any CPU
		{E80CE69E-8C38-4214-AA65-137099CCF81A}.Debug|iPhone.ActiveCfg = Debug|Any CPU
		{E80CE69E-8C38-4214-AA65-137099CCF81A}.Debug|iPhone.Build.0 = Debug|Any CPU
		{E80CE69E-8C38-4214-AA65-137099CCF81A}.Debug|iPhoneSimulator.ActiveCfg = Debug|Any CPU
		{E80CE69E-8C38-4214-AA65-137099CCF81A}.Debug|iPhoneSimulator.Build.0 = Debug|Any CPU
		{E80CE69E-8C38-4214-AA65-137099CCF81A}.Debug|x64.ActiveCfg = Debug|x64
		{E80CE69E-8C38-4214-AA65-137099CCF81A}.Debug|x64.Build.0 = Debug|x64
		{E80CE69E-8C38-4214-AA65-137099CCF81A}.Debug|x86.ActiveCfg = Debug|Any CPU
		{E80CE69E-8C38-4214-AA65-137099CCF81A}.Debug|x86.Build.0 = Debug|Any CPU
		{E80CE69E-8C38-4214-AA65-137099CCF81A}.Release|Any CPU.ActiveCfg = Release|Any CPU
		{E80CE69E-8C38-4214-AA65-137099CCF81A}.Release|Any CPU.Build.0 = Release|Any CPU
		{E80CE69E-8C38-4214-AA65-137099CCF81A}.Release|ARM.ActiveCfg = Release|Any CPU
		{E80CE69E-8C38-4214-AA65-137099CCF81A}.Release|ARM.Build.0 = Release|Any CPU
		{E80CE69E-8C38-4214-AA65-137099CCF81A}.Release|ARM64.ActiveCfg = Release|Any CPU
		{E80CE69E-8C38-4214-AA65-137099CCF81A}.Release|ARM64.Build.0 = Release|Any CPU
		{E80CE69E-8C38-4214-AA65-137099CCF81A}.Release|iPhone.ActiveCfg = Release|Any CPU
		{E80CE69E-8C38-4214-AA65-137099CCF81A}.Release|iPhone.Build.0 = Release|Any CPU
		{E80CE69E-8C38-4214-AA65-137099CCF81A}.Release|iPhoneSimulator.ActiveCfg = Release|Any CPU
		{E80CE69E-8C38-4214-AA65-137099CCF81A}.Release|iPhoneSimulator.Build.0 = Release|Any CPU
		{E80CE69E-8C38-4214-AA65-137099CCF81A}.Release|x64.ActiveCfg = Release|Any CPU
		{E80CE69E-8C38-4214-AA65-137099CCF81A}.Release|x64.Build.0 = Release|Any CPU
		{E80CE69E-8C38-4214-AA65-137099CCF81A}.Release|x86.ActiveCfg = Release|Any CPU
		{E80CE69E-8C38-4214-AA65-137099CCF81A}.Release|x86.Build.0 = Release|Any CPU
		{F23D0EFE-2C91-4976-9DCB-065B91FC2797}.Ad-Hoc|Any CPU.ActiveCfg = Debug|ARM
		{F23D0EFE-2C91-4976-9DCB-065B91FC2797}.Ad-Hoc|Any CPU.Build.0 = Debug|ARM
		{F23D0EFE-2C91-4976-9DCB-065B91FC2797}.Ad-Hoc|Any CPU.Deploy.0 = Debug|ARM
		{F23D0EFE-2C91-4976-9DCB-065B91FC2797}.Ad-Hoc|ARM.ActiveCfg = Debug|ARM
		{F23D0EFE-2C91-4976-9DCB-065B91FC2797}.Ad-Hoc|ARM.Build.0 = Debug|ARM
		{F23D0EFE-2C91-4976-9DCB-065B91FC2797}.Ad-Hoc|ARM.Deploy.0 = Debug|ARM
		{F23D0EFE-2C91-4976-9DCB-065B91FC2797}.Ad-Hoc|ARM64.ActiveCfg = Debug|ARM64
		{F23D0EFE-2C91-4976-9DCB-065B91FC2797}.Ad-Hoc|ARM64.Build.0 = Debug|ARM64
		{F23D0EFE-2C91-4976-9DCB-065B91FC2797}.Ad-Hoc|ARM64.Deploy.0 = Debug|ARM64
		{F23D0EFE-2C91-4976-9DCB-065B91FC2797}.Ad-Hoc|iPhone.ActiveCfg = Debug|ARM
		{F23D0EFE-2C91-4976-9DCB-065B91FC2797}.Ad-Hoc|iPhone.Build.0 = Debug|ARM
		{F23D0EFE-2C91-4976-9DCB-065B91FC2797}.Ad-Hoc|iPhone.Deploy.0 = Debug|ARM
		{F23D0EFE-2C91-4976-9DCB-065B91FC2797}.Ad-Hoc|iPhoneSimulator.ActiveCfg = Debug|ARM
		{F23D0EFE-2C91-4976-9DCB-065B91FC2797}.Ad-Hoc|iPhoneSimulator.Build.0 = Debug|ARM
		{F23D0EFE-2C91-4976-9DCB-065B91FC2797}.Ad-Hoc|iPhoneSimulator.Deploy.0 = Debug|ARM
		{F23D0EFE-2C91-4976-9DCB-065B91FC2797}.Ad-Hoc|x64.ActiveCfg = Debug|x64
		{F23D0EFE-2C91-4976-9DCB-065B91FC2797}.Ad-Hoc|x64.Build.0 = Debug|x64
		{F23D0EFE-2C91-4976-9DCB-065B91FC2797}.Ad-Hoc|x64.Deploy.0 = Debug|x64
		{F23D0EFE-2C91-4976-9DCB-065B91FC2797}.Ad-Hoc|x86.ActiveCfg = Debug|x86
		{F23D0EFE-2C91-4976-9DCB-065B91FC2797}.Ad-Hoc|x86.Build.0 = Debug|x86
		{F23D0EFE-2C91-4976-9DCB-065B91FC2797}.Ad-Hoc|x86.Deploy.0 = Debug|x86
		{F23D0EFE-2C91-4976-9DCB-065B91FC2797}.AppStore|Any CPU.ActiveCfg = Debug|ARM
		{F23D0EFE-2C91-4976-9DCB-065B91FC2797}.AppStore|Any CPU.Build.0 = Debug|ARM
		{F23D0EFE-2C91-4976-9DCB-065B91FC2797}.AppStore|Any CPU.Deploy.0 = Debug|ARM
		{F23D0EFE-2C91-4976-9DCB-065B91FC2797}.AppStore|ARM.ActiveCfg = Debug|ARM
		{F23D0EFE-2C91-4976-9DCB-065B91FC2797}.AppStore|ARM.Build.0 = Debug|ARM
		{F23D0EFE-2C91-4976-9DCB-065B91FC2797}.AppStore|ARM.Deploy.0 = Debug|ARM
		{F23D0EFE-2C91-4976-9DCB-065B91FC2797}.AppStore|ARM64.ActiveCfg = Debug|ARM64
		{F23D0EFE-2C91-4976-9DCB-065B91FC2797}.AppStore|ARM64.Build.0 = Debug|ARM64
		{F23D0EFE-2C91-4976-9DCB-065B91FC2797}.AppStore|ARM64.Deploy.0 = Debug|ARM64
		{F23D0EFE-2C91-4976-9DCB-065B91FC2797}.AppStore|iPhone.ActiveCfg = Debug|ARM
		{F23D0EFE-2C91-4976-9DCB-065B91FC2797}.AppStore|iPhone.Build.0 = Debug|ARM
		{F23D0EFE-2C91-4976-9DCB-065B91FC2797}.AppStore|iPhone.Deploy.0 = Debug|ARM
		{F23D0EFE-2C91-4976-9DCB-065B91FC2797}.AppStore|iPhoneSimulator.ActiveCfg = Debug|ARM
		{F23D0EFE-2C91-4976-9DCB-065B91FC2797}.AppStore|iPhoneSimulator.Build.0 = Debug|ARM
		{F23D0EFE-2C91-4976-9DCB-065B91FC2797}.AppStore|iPhoneSimulator.Deploy.0 = Debug|ARM
		{F23D0EFE-2C91-4976-9DCB-065B91FC2797}.AppStore|x64.ActiveCfg = Debug|x64
		{F23D0EFE-2C91-4976-9DCB-065B91FC2797}.AppStore|x64.Build.0 = Debug|x64
		{F23D0EFE-2C91-4976-9DCB-065B91FC2797}.AppStore|x64.Deploy.0 = Debug|x64
		{F23D0EFE-2C91-4976-9DCB-065B91FC2797}.AppStore|x86.ActiveCfg = Debug|x86
		{F23D0EFE-2C91-4976-9DCB-065B91FC2797}.AppStore|x86.Build.0 = Debug|x86
		{F23D0EFE-2C91-4976-9DCB-065B91FC2797}.AppStore|x86.Deploy.0 = Debug|x86
		{F23D0EFE-2C91-4976-9DCB-065B91FC2797}.Debug|Any CPU.ActiveCfg = Debug|x64
		{F23D0EFE-2C91-4976-9DCB-065B91FC2797}.Debug|Any CPU.Build.0 = Debug|x64
		{F23D0EFE-2C91-4976-9DCB-065B91FC2797}.Debug|Any CPU.Deploy.0 = Debug|x64
		{F23D0EFE-2C91-4976-9DCB-065B91FC2797}.Debug|ARM.ActiveCfg = Debug|ARM
		{F23D0EFE-2C91-4976-9DCB-065B91FC2797}.Debug|ARM.Build.0 = Debug|ARM
		{F23D0EFE-2C91-4976-9DCB-065B91FC2797}.Debug|ARM.Deploy.0 = Debug|ARM
		{F23D0EFE-2C91-4976-9DCB-065B91FC2797}.Debug|ARM64.ActiveCfg = Debug|ARM64
		{F23D0EFE-2C91-4976-9DCB-065B91FC2797}.Debug|ARM64.Build.0 = Debug|ARM64
		{F23D0EFE-2C91-4976-9DCB-065B91FC2797}.Debug|ARM64.Deploy.0 = Debug|ARM64
		{F23D0EFE-2C91-4976-9DCB-065B91FC2797}.Debug|iPhone.ActiveCfg = Debug|x64
		{F23D0EFE-2C91-4976-9DCB-065B91FC2797}.Debug|iPhone.Build.0 = Debug|x64
		{F23D0EFE-2C91-4976-9DCB-065B91FC2797}.Debug|iPhone.Deploy.0 = Debug|x64
		{F23D0EFE-2C91-4976-9DCB-065B91FC2797}.Debug|iPhoneSimulator.ActiveCfg = Debug|x64
		{F23D0EFE-2C91-4976-9DCB-065B91FC2797}.Debug|iPhoneSimulator.Build.0 = Debug|x64
		{F23D0EFE-2C91-4976-9DCB-065B91FC2797}.Debug|iPhoneSimulator.Deploy.0 = Debug|x64
		{F23D0EFE-2C91-4976-9DCB-065B91FC2797}.Debug|x64.ActiveCfg = Debug|x64
		{F23D0EFE-2C91-4976-9DCB-065B91FC2797}.Debug|x64.Build.0 = Debug|x64
		{F23D0EFE-2C91-4976-9DCB-065B91FC2797}.Debug|x64.Deploy.0 = Debug|x64
		{F23D0EFE-2C91-4976-9DCB-065B91FC2797}.Debug|x86.ActiveCfg = Debug|x86
		{F23D0EFE-2C91-4976-9DCB-065B91FC2797}.Debug|x86.Build.0 = Debug|x86
		{F23D0EFE-2C91-4976-9DCB-065B91FC2797}.Debug|x86.Deploy.0 = Debug|x86
		{F23D0EFE-2C91-4976-9DCB-065B91FC2797}.Release|Any CPU.ActiveCfg = Release|x64
		{F23D0EFE-2C91-4976-9DCB-065B91FC2797}.Release|Any CPU.Build.0 = Release|x64
		{F23D0EFE-2C91-4976-9DCB-065B91FC2797}.Release|Any CPU.Deploy.0 = Release|x64
		{F23D0EFE-2C91-4976-9DCB-065B91FC2797}.Release|ARM.ActiveCfg = Release|ARM
		{F23D0EFE-2C91-4976-9DCB-065B91FC2797}.Release|ARM.Build.0 = Release|ARM
		{F23D0EFE-2C91-4976-9DCB-065B91FC2797}.Release|ARM.Deploy.0 = Release|ARM
		{F23D0EFE-2C91-4976-9DCB-065B91FC2797}.Release|ARM64.ActiveCfg = Release|ARM64
		{F23D0EFE-2C91-4976-9DCB-065B91FC2797}.Release|ARM64.Build.0 = Release|ARM64
		{F23D0EFE-2C91-4976-9DCB-065B91FC2797}.Release|ARM64.Deploy.0 = Release|ARM64
		{F23D0EFE-2C91-4976-9DCB-065B91FC2797}.Release|iPhone.ActiveCfg = Release|x64
		{F23D0EFE-2C91-4976-9DCB-065B91FC2797}.Release|iPhone.Build.0 = Release|x64
		{F23D0EFE-2C91-4976-9DCB-065B91FC2797}.Release|iPhone.Deploy.0 = Release|x64
		{F23D0EFE-2C91-4976-9DCB-065B91FC2797}.Release|iPhoneSimulator.ActiveCfg = Release|x64
		{F23D0EFE-2C91-4976-9DCB-065B91FC2797}.Release|iPhoneSimulator.Build.0 = Release|x64
		{F23D0EFE-2C91-4976-9DCB-065B91FC2797}.Release|iPhoneSimulator.Deploy.0 = Release|x64
		{F23D0EFE-2C91-4976-9DCB-065B91FC2797}.Release|x64.ActiveCfg = Release|x64
		{F23D0EFE-2C91-4976-9DCB-065B91FC2797}.Release|x64.Build.0 = Release|x64
		{F23D0EFE-2C91-4976-9DCB-065B91FC2797}.Release|x64.Deploy.0 = Release|x64
		{F23D0EFE-2C91-4976-9DCB-065B91FC2797}.Release|x86.ActiveCfg = Release|x86
		{F23D0EFE-2C91-4976-9DCB-065B91FC2797}.Release|x86.Build.0 = Release|x86
		{F23D0EFE-2C91-4976-9DCB-065B91FC2797}.Release|x86.Deploy.0 = Release|x86
		{4BE4CA0D-43A1-4ED4-B7DA-909654FEC5CE}.Ad-Hoc|Any CPU.ActiveCfg = Debug|Any CPU
		{4BE4CA0D-43A1-4ED4-B7DA-909654FEC5CE}.Ad-Hoc|Any CPU.Build.0 = Debug|Any CPU
		{4BE4CA0D-43A1-4ED4-B7DA-909654FEC5CE}.Ad-Hoc|Any CPU.Deploy.0 = Debug|Any CPU
		{4BE4CA0D-43A1-4ED4-B7DA-909654FEC5CE}.Ad-Hoc|ARM.ActiveCfg = Debug|Any CPU
		{4BE4CA0D-43A1-4ED4-B7DA-909654FEC5CE}.Ad-Hoc|ARM.Build.0 = Debug|Any CPU
		{4BE4CA0D-43A1-4ED4-B7DA-909654FEC5CE}.Ad-Hoc|ARM.Deploy.0 = Debug|Any CPU
		{4BE4CA0D-43A1-4ED4-B7DA-909654FEC5CE}.Ad-Hoc|ARM64.ActiveCfg = Debug|Any CPU
		{4BE4CA0D-43A1-4ED4-B7DA-909654FEC5CE}.Ad-Hoc|ARM64.Build.0 = Debug|Any CPU
		{4BE4CA0D-43A1-4ED4-B7DA-909654FEC5CE}.Ad-Hoc|ARM64.Deploy.0 = Debug|Any CPU
		{4BE4CA0D-43A1-4ED4-B7DA-909654FEC5CE}.Ad-Hoc|iPhone.ActiveCfg = Debug|Any CPU
		{4BE4CA0D-43A1-4ED4-B7DA-909654FEC5CE}.Ad-Hoc|iPhone.Build.0 = Debug|Any CPU
		{4BE4CA0D-43A1-4ED4-B7DA-909654FEC5CE}.Ad-Hoc|iPhone.Deploy.0 = Debug|Any CPU
		{4BE4CA0D-43A1-4ED4-B7DA-909654FEC5CE}.Ad-Hoc|iPhoneSimulator.ActiveCfg = Debug|Any CPU
		{4BE4CA0D-43A1-4ED4-B7DA-909654FEC5CE}.Ad-Hoc|iPhoneSimulator.Build.0 = Debug|Any CPU
		{4BE4CA0D-43A1-4ED4-B7DA-909654FEC5CE}.Ad-Hoc|iPhoneSimulator.Deploy.0 = Debug|Any CPU
		{4BE4CA0D-43A1-4ED4-B7DA-909654FEC5CE}.Ad-Hoc|x64.ActiveCfg = Debug|Any CPU
		{4BE4CA0D-43A1-4ED4-B7DA-909654FEC5CE}.Ad-Hoc|x64.Build.0 = Debug|Any CPU
		{4BE4CA0D-43A1-4ED4-B7DA-909654FEC5CE}.Ad-Hoc|x64.Deploy.0 = Debug|Any CPU
		{4BE4CA0D-43A1-4ED4-B7DA-909654FEC5CE}.Ad-Hoc|x86.ActiveCfg = Debug|Any CPU
		{4BE4CA0D-43A1-4ED4-B7DA-909654FEC5CE}.Ad-Hoc|x86.Build.0 = Debug|Any CPU
		{4BE4CA0D-43A1-4ED4-B7DA-909654FEC5CE}.Ad-Hoc|x86.Deploy.0 = Debug|Any CPU
		{4BE4CA0D-43A1-4ED4-B7DA-909654FEC5CE}.AppStore|Any CPU.ActiveCfg = Debug|Any CPU
		{4BE4CA0D-43A1-4ED4-B7DA-909654FEC5CE}.AppStore|Any CPU.Build.0 = Debug|Any CPU
		{4BE4CA0D-43A1-4ED4-B7DA-909654FEC5CE}.AppStore|Any CPU.Deploy.0 = Debug|Any CPU
		{4BE4CA0D-43A1-4ED4-B7DA-909654FEC5CE}.AppStore|ARM.ActiveCfg = Debug|Any CPU
		{4BE4CA0D-43A1-4ED4-B7DA-909654FEC5CE}.AppStore|ARM.Build.0 = Debug|Any CPU
		{4BE4CA0D-43A1-4ED4-B7DA-909654FEC5CE}.AppStore|ARM.Deploy.0 = Debug|Any CPU
		{4BE4CA0D-43A1-4ED4-B7DA-909654FEC5CE}.AppStore|ARM64.ActiveCfg = Debug|Any CPU
		{4BE4CA0D-43A1-4ED4-B7DA-909654FEC5CE}.AppStore|ARM64.Build.0 = Debug|Any CPU
		{4BE4CA0D-43A1-4ED4-B7DA-909654FEC5CE}.AppStore|ARM64.Deploy.0 = Debug|Any CPU
		{4BE4CA0D-43A1-4ED4-B7DA-909654FEC5CE}.AppStore|iPhone.ActiveCfg = Debug|Any CPU
		{4BE4CA0D-43A1-4ED4-B7DA-909654FEC5CE}.AppStore|iPhone.Build.0 = Debug|Any CPU
		{4BE4CA0D-43A1-4ED4-B7DA-909654FEC5CE}.AppStore|iPhone.Deploy.0 = Debug|Any CPU
		{4BE4CA0D-43A1-4ED4-B7DA-909654FEC5CE}.AppStore|iPhoneSimulator.ActiveCfg = Debug|Any CPU
		{4BE4CA0D-43A1-4ED4-B7DA-909654FEC5CE}.AppStore|iPhoneSimulator.Build.0 = Debug|Any CPU
		{4BE4CA0D-43A1-4ED4-B7DA-909654FEC5CE}.AppStore|iPhoneSimulator.Deploy.0 = Debug|Any CPU
		{4BE4CA0D-43A1-4ED4-B7DA-909654FEC5CE}.AppStore|x64.ActiveCfg = Debug|Any CPU
		{4BE4CA0D-43A1-4ED4-B7DA-909654FEC5CE}.AppStore|x64.Build.0 = Debug|Any CPU
		{4BE4CA0D-43A1-4ED4-B7DA-909654FEC5CE}.AppStore|x64.Deploy.0 = Debug|Any CPU
		{4BE4CA0D-43A1-4ED4-B7DA-909654FEC5CE}.AppStore|x86.ActiveCfg = Debug|Any CPU
		{4BE4CA0D-43A1-4ED4-B7DA-909654FEC5CE}.AppStore|x86.Build.0 = Debug|Any CPU
		{4BE4CA0D-43A1-4ED4-B7DA-909654FEC5CE}.AppStore|x86.Deploy.0 = Debug|Any CPU
		{4BE4CA0D-43A1-4ED4-B7DA-909654FEC5CE}.Debug|Any CPU.ActiveCfg = Debug|Any CPU
		{4BE4CA0D-43A1-4ED4-B7DA-909654FEC5CE}.Debug|Any CPU.Build.0 = Debug|Any CPU
		{4BE4CA0D-43A1-4ED4-B7DA-909654FEC5CE}.Debug|Any CPU.Deploy.0 = Debug|Any CPU
		{4BE4CA0D-43A1-4ED4-B7DA-909654FEC5CE}.Debug|ARM.ActiveCfg = Debug|Any CPU
		{4BE4CA0D-43A1-4ED4-B7DA-909654FEC5CE}.Debug|ARM.Build.0 = Debug|Any CPU
		{4BE4CA0D-43A1-4ED4-B7DA-909654FEC5CE}.Debug|ARM.Deploy.0 = Debug|Any CPU
		{4BE4CA0D-43A1-4ED4-B7DA-909654FEC5CE}.Debug|ARM64.ActiveCfg = Debug|Any CPU
		{4BE4CA0D-43A1-4ED4-B7DA-909654FEC5CE}.Debug|ARM64.Build.0 = Debug|Any CPU
		{4BE4CA0D-43A1-4ED4-B7DA-909654FEC5CE}.Debug|ARM64.Deploy.0 = Debug|Any CPU
		{4BE4CA0D-43A1-4ED4-B7DA-909654FEC5CE}.Debug|iPhone.ActiveCfg = Debug|Any CPU
		{4BE4CA0D-43A1-4ED4-B7DA-909654FEC5CE}.Debug|iPhone.Build.0 = Debug|Any CPU
		{4BE4CA0D-43A1-4ED4-B7DA-909654FEC5CE}.Debug|iPhone.Deploy.0 = Debug|Any CPU
		{4BE4CA0D-43A1-4ED4-B7DA-909654FEC5CE}.Debug|iPhoneSimulator.ActiveCfg = Debug|Any CPU
		{4BE4CA0D-43A1-4ED4-B7DA-909654FEC5CE}.Debug|iPhoneSimulator.Build.0 = Debug|Any CPU
		{4BE4CA0D-43A1-4ED4-B7DA-909654FEC5CE}.Debug|iPhoneSimulator.Deploy.0 = Debug|Any CPU
		{4BE4CA0D-43A1-4ED4-B7DA-909654FEC5CE}.Debug|x64.ActiveCfg = Debug|x64
		{4BE4CA0D-43A1-4ED4-B7DA-909654FEC5CE}.Debug|x64.Build.0 = Debug|x64
		{4BE4CA0D-43A1-4ED4-B7DA-909654FEC5CE}.Debug|x64.Deploy.0 = Debug|x64
		{4BE4CA0D-43A1-4ED4-B7DA-909654FEC5CE}.Debug|x86.ActiveCfg = Debug|Any CPU
		{4BE4CA0D-43A1-4ED4-B7DA-909654FEC5CE}.Debug|x86.Build.0 = Debug|Any CPU
		{4BE4CA0D-43A1-4ED4-B7DA-909654FEC5CE}.Debug|x86.Deploy.0 = Debug|Any CPU
		{4BE4CA0D-43A1-4ED4-B7DA-909654FEC5CE}.Release|Any CPU.ActiveCfg = Release|Any CPU
		{4BE4CA0D-43A1-4ED4-B7DA-909654FEC5CE}.Release|Any CPU.Build.0 = Release|Any CPU
		{4BE4CA0D-43A1-4ED4-B7DA-909654FEC5CE}.Release|Any CPU.Deploy.0 = Release|Any CPU
		{4BE4CA0D-43A1-4ED4-B7DA-909654FEC5CE}.Release|ARM.ActiveCfg = Release|Any CPU
		{4BE4CA0D-43A1-4ED4-B7DA-909654FEC5CE}.Release|ARM.Build.0 = Release|Any CPU
		{4BE4CA0D-43A1-4ED4-B7DA-909654FEC5CE}.Release|ARM.Deploy.0 = Release|Any CPU
		{4BE4CA0D-43A1-4ED4-B7DA-909654FEC5CE}.Release|ARM64.ActiveCfg = Release|Any CPU
		{4BE4CA0D-43A1-4ED4-B7DA-909654FEC5CE}.Release|ARM64.Build.0 = Release|Any CPU
		{4BE4CA0D-43A1-4ED4-B7DA-909654FEC5CE}.Release|ARM64.Deploy.0 = Release|Any CPU
		{4BE4CA0D-43A1-4ED4-B7DA-909654FEC5CE}.Release|iPhone.ActiveCfg = Release|Any CPU
		{4BE4CA0D-43A1-4ED4-B7DA-909654FEC5CE}.Release|iPhone.Build.0 = Release|Any CPU
		{4BE4CA0D-43A1-4ED4-B7DA-909654FEC5CE}.Release|iPhone.Deploy.0 = Release|Any CPU
		{4BE4CA0D-43A1-4ED4-B7DA-909654FEC5CE}.Release|iPhoneSimulator.ActiveCfg = Release|Any CPU
		{4BE4CA0D-43A1-4ED4-B7DA-909654FEC5CE}.Release|iPhoneSimulator.Build.0 = Release|Any CPU
		{4BE4CA0D-43A1-4ED4-B7DA-909654FEC5CE}.Release|iPhoneSimulator.Deploy.0 = Release|Any CPU
		{4BE4CA0D-43A1-4ED4-B7DA-909654FEC5CE}.Release|x64.ActiveCfg = Release|Any CPU
		{4BE4CA0D-43A1-4ED4-B7DA-909654FEC5CE}.Release|x64.Build.0 = Release|Any CPU
		{4BE4CA0D-43A1-4ED4-B7DA-909654FEC5CE}.Release|x64.Deploy.0 = Release|Any CPU
		{4BE4CA0D-43A1-4ED4-B7DA-909654FEC5CE}.Release|x86.ActiveCfg = Release|Any CPU
		{4BE4CA0D-43A1-4ED4-B7DA-909654FEC5CE}.Release|x86.Build.0 = Release|Any CPU
		{4BE4CA0D-43A1-4ED4-B7DA-909654FEC5CE}.Release|x86.Deploy.0 = Release|Any CPU
		{9BE61232-D99A-401C-B9EA-617B3860A5E5}.Ad-Hoc|Any CPU.ActiveCfg = Debug|x64
		{9BE61232-D99A-401C-B9EA-617B3860A5E5}.Ad-Hoc|Any CPU.Build.0 = Debug|x64
		{9BE61232-D99A-401C-B9EA-617B3860A5E5}.Ad-Hoc|Any CPU.Deploy.0 = Debug|x64
		{9BE61232-D99A-401C-B9EA-617B3860A5E5}.Ad-Hoc|ARM.ActiveCfg = Debug|x64
		{9BE61232-D99A-401C-B9EA-617B3860A5E5}.Ad-Hoc|ARM.Build.0 = Debug|x64
		{9BE61232-D99A-401C-B9EA-617B3860A5E5}.Ad-Hoc|ARM.Deploy.0 = Debug|x64
		{9BE61232-D99A-401C-B9EA-617B3860A5E5}.Ad-Hoc|ARM64.ActiveCfg = Debug|arm64
		{9BE61232-D99A-401C-B9EA-617B3860A5E5}.Ad-Hoc|ARM64.Build.0 = Debug|arm64
		{9BE61232-D99A-401C-B9EA-617B3860A5E5}.Ad-Hoc|ARM64.Deploy.0 = Debug|arm64
		{9BE61232-D99A-401C-B9EA-617B3860A5E5}.Ad-Hoc|iPhone.ActiveCfg = Debug|x64
		{9BE61232-D99A-401C-B9EA-617B3860A5E5}.Ad-Hoc|iPhone.Build.0 = Debug|x64
		{9BE61232-D99A-401C-B9EA-617B3860A5E5}.Ad-Hoc|iPhone.Deploy.0 = Debug|x64
		{9BE61232-D99A-401C-B9EA-617B3860A5E5}.Ad-Hoc|iPhoneSimulator.ActiveCfg = Debug|x64
		{9BE61232-D99A-401C-B9EA-617B3860A5E5}.Ad-Hoc|iPhoneSimulator.Build.0 = Debug|x64
		{9BE61232-D99A-401C-B9EA-617B3860A5E5}.Ad-Hoc|iPhoneSimulator.Deploy.0 = Debug|x64
		{9BE61232-D99A-401C-B9EA-617B3860A5E5}.Ad-Hoc|x64.ActiveCfg = Debug|x64
		{9BE61232-D99A-401C-B9EA-617B3860A5E5}.Ad-Hoc|x64.Build.0 = Debug|x64
		{9BE61232-D99A-401C-B9EA-617B3860A5E5}.Ad-Hoc|x64.Deploy.0 = Debug|x64
		{9BE61232-D99A-401C-B9EA-617B3860A5E5}.Ad-Hoc|x86.ActiveCfg = Debug|x86
		{9BE61232-D99A-401C-B9EA-617B3860A5E5}.Ad-Hoc|x86.Build.0 = Debug|x86
		{9BE61232-D99A-401C-B9EA-617B3860A5E5}.Ad-Hoc|x86.Deploy.0 = Debug|x86
		{9BE61232-D99A-401C-B9EA-617B3860A5E5}.AppStore|Any CPU.ActiveCfg = Debug|x64
		{9BE61232-D99A-401C-B9EA-617B3860A5E5}.AppStore|Any CPU.Build.0 = Debug|x64
		{9BE61232-D99A-401C-B9EA-617B3860A5E5}.AppStore|Any CPU.Deploy.0 = Debug|x64
		{9BE61232-D99A-401C-B9EA-617B3860A5E5}.AppStore|ARM.ActiveCfg = Debug|x64
		{9BE61232-D99A-401C-B9EA-617B3860A5E5}.AppStore|ARM.Build.0 = Debug|x64
		{9BE61232-D99A-401C-B9EA-617B3860A5E5}.AppStore|ARM.Deploy.0 = Debug|x64
		{9BE61232-D99A-401C-B9EA-617B3860A5E5}.AppStore|ARM64.ActiveCfg = Debug|arm64
		{9BE61232-D99A-401C-B9EA-617B3860A5E5}.AppStore|ARM64.Build.0 = Debug|arm64
		{9BE61232-D99A-401C-B9EA-617B3860A5E5}.AppStore|ARM64.Deploy.0 = Debug|arm64
		{9BE61232-D99A-401C-B9EA-617B3860A5E5}.AppStore|iPhone.ActiveCfg = Debug|x64
		{9BE61232-D99A-401C-B9EA-617B3860A5E5}.AppStore|iPhone.Build.0 = Debug|x64
		{9BE61232-D99A-401C-B9EA-617B3860A5E5}.AppStore|iPhone.Deploy.0 = Debug|x64
		{9BE61232-D99A-401C-B9EA-617B3860A5E5}.AppStore|iPhoneSimulator.ActiveCfg = Debug|x64
		{9BE61232-D99A-401C-B9EA-617B3860A5E5}.AppStore|iPhoneSimulator.Build.0 = Debug|x64
		{9BE61232-D99A-401C-B9EA-617B3860A5E5}.AppStore|iPhoneSimulator.Deploy.0 = Debug|x64
		{9BE61232-D99A-401C-B9EA-617B3860A5E5}.AppStore|x64.ActiveCfg = Debug|x64
		{9BE61232-D99A-401C-B9EA-617B3860A5E5}.AppStore|x64.Build.0 = Debug|x64
		{9BE61232-D99A-401C-B9EA-617B3860A5E5}.AppStore|x64.Deploy.0 = Debug|x64
		{9BE61232-D99A-401C-B9EA-617B3860A5E5}.AppStore|x86.ActiveCfg = Debug|x86
		{9BE61232-D99A-401C-B9EA-617B3860A5E5}.AppStore|x86.Build.0 = Debug|x86
		{9BE61232-D99A-401C-B9EA-617B3860A5E5}.AppStore|x86.Deploy.0 = Debug|x86
		{9BE61232-D99A-401C-B9EA-617B3860A5E5}.Debug|Any CPU.ActiveCfg = Debug|x64
		{9BE61232-D99A-401C-B9EA-617B3860A5E5}.Debug|Any CPU.Build.0 = Debug|x64
		{9BE61232-D99A-401C-B9EA-617B3860A5E5}.Debug|Any CPU.Deploy.0 = Debug|x64
		{9BE61232-D99A-401C-B9EA-617B3860A5E5}.Debug|ARM.ActiveCfg = Debug|x64
		{9BE61232-D99A-401C-B9EA-617B3860A5E5}.Debug|ARM.Build.0 = Debug|x64
		{9BE61232-D99A-401C-B9EA-617B3860A5E5}.Debug|ARM.Deploy.0 = Debug|x64
		{9BE61232-D99A-401C-B9EA-617B3860A5E5}.Debug|ARM64.ActiveCfg = Debug|arm64
		{9BE61232-D99A-401C-B9EA-617B3860A5E5}.Debug|ARM64.Build.0 = Debug|arm64
		{9BE61232-D99A-401C-B9EA-617B3860A5E5}.Debug|ARM64.Deploy.0 = Debug|arm64
		{9BE61232-D99A-401C-B9EA-617B3860A5E5}.Debug|iPhone.ActiveCfg = Debug|x64
		{9BE61232-D99A-401C-B9EA-617B3860A5E5}.Debug|iPhone.Build.0 = Debug|x64
		{9BE61232-D99A-401C-B9EA-617B3860A5E5}.Debug|iPhone.Deploy.0 = Debug|x64
		{9BE61232-D99A-401C-B9EA-617B3860A5E5}.Debug|iPhoneSimulator.ActiveCfg = Debug|x64
		{9BE61232-D99A-401C-B9EA-617B3860A5E5}.Debug|iPhoneSimulator.Build.0 = Debug|x64
		{9BE61232-D99A-401C-B9EA-617B3860A5E5}.Debug|iPhoneSimulator.Deploy.0 = Debug|x64
		{9BE61232-D99A-401C-B9EA-617B3860A5E5}.Debug|x64.ActiveCfg = Debug|x64
		{9BE61232-D99A-401C-B9EA-617B3860A5E5}.Debug|x64.Build.0 = Debug|x64
		{9BE61232-D99A-401C-B9EA-617B3860A5E5}.Debug|x64.Deploy.0 = Debug|x64
		{9BE61232-D99A-401C-B9EA-617B3860A5E5}.Debug|x86.ActiveCfg = Debug|x86
		{9BE61232-D99A-401C-B9EA-617B3860A5E5}.Debug|x86.Build.0 = Debug|x86
		{9BE61232-D99A-401C-B9EA-617B3860A5E5}.Debug|x86.Deploy.0 = Debug|x86
		{9BE61232-D99A-401C-B9EA-617B3860A5E5}.Release|Any CPU.ActiveCfg = Release|x64
		{9BE61232-D99A-401C-B9EA-617B3860A5E5}.Release|Any CPU.Build.0 = Release|x64
		{9BE61232-D99A-401C-B9EA-617B3860A5E5}.Release|Any CPU.Deploy.0 = Release|x64
		{9BE61232-D99A-401C-B9EA-617B3860A5E5}.Release|ARM.ActiveCfg = Release|x64
		{9BE61232-D99A-401C-B9EA-617B3860A5E5}.Release|ARM.Build.0 = Release|x64
		{9BE61232-D99A-401C-B9EA-617B3860A5E5}.Release|ARM.Deploy.0 = Release|x64
		{9BE61232-D99A-401C-B9EA-617B3860A5E5}.Release|ARM64.ActiveCfg = Release|arm64
		{9BE61232-D99A-401C-B9EA-617B3860A5E5}.Release|ARM64.Build.0 = Release|arm64
		{9BE61232-D99A-401C-B9EA-617B3860A5E5}.Release|ARM64.Deploy.0 = Release|arm64
		{9BE61232-D99A-401C-B9EA-617B3860A5E5}.Release|iPhone.ActiveCfg = Release|x64
		{9BE61232-D99A-401C-B9EA-617B3860A5E5}.Release|iPhone.Build.0 = Release|x64
		{9BE61232-D99A-401C-B9EA-617B3860A5E5}.Release|iPhone.Deploy.0 = Release|x64
		{9BE61232-D99A-401C-B9EA-617B3860A5E5}.Release|iPhoneSimulator.ActiveCfg = Release|x64
		{9BE61232-D99A-401C-B9EA-617B3860A5E5}.Release|iPhoneSimulator.Build.0 = Release|x64
		{9BE61232-D99A-401C-B9EA-617B3860A5E5}.Release|iPhoneSimulator.Deploy.0 = Release|x64
		{9BE61232-D99A-401C-B9EA-617B3860A5E5}.Release|x64.ActiveCfg = Release|x64
		{9BE61232-D99A-401C-B9EA-617B3860A5E5}.Release|x64.Build.0 = Release|x64
		{9BE61232-D99A-401C-B9EA-617B3860A5E5}.Release|x64.Deploy.0 = Release|x64
		{9BE61232-D99A-401C-B9EA-617B3860A5E5}.Release|x86.ActiveCfg = Release|x86
		{9BE61232-D99A-401C-B9EA-617B3860A5E5}.Release|x86.Build.0 = Release|x86
		{9BE61232-D99A-401C-B9EA-617B3860A5E5}.Release|x86.Deploy.0 = Release|x86
		{AD7DCA2A-7366-4038-9D87-EFF5A2F38E97}.Ad-Hoc|Any CPU.ActiveCfg = Debug|Any CPU
		{AD7DCA2A-7366-4038-9D87-EFF5A2F38E97}.Ad-Hoc|Any CPU.Build.0 = Debug|Any CPU
		{AD7DCA2A-7366-4038-9D87-EFF5A2F38E97}.Ad-Hoc|ARM.ActiveCfg = Debug|ARM
		{AD7DCA2A-7366-4038-9D87-EFF5A2F38E97}.Ad-Hoc|ARM.Build.0 = Debug|ARM
		{AD7DCA2A-7366-4038-9D87-EFF5A2F38E97}.Ad-Hoc|ARM64.ActiveCfg = Debug|ARM64
		{AD7DCA2A-7366-4038-9D87-EFF5A2F38E97}.Ad-Hoc|ARM64.Build.0 = Debug|ARM64
		{AD7DCA2A-7366-4038-9D87-EFF5A2F38E97}.Ad-Hoc|iPhone.ActiveCfg = Debug|Any CPU
		{AD7DCA2A-7366-4038-9D87-EFF5A2F38E97}.Ad-Hoc|iPhone.Build.0 = Debug|Any CPU
		{AD7DCA2A-7366-4038-9D87-EFF5A2F38E97}.Ad-Hoc|iPhoneSimulator.ActiveCfg = Debug|Any CPU
		{AD7DCA2A-7366-4038-9D87-EFF5A2F38E97}.Ad-Hoc|iPhoneSimulator.Build.0 = Debug|Any CPU
		{AD7DCA2A-7366-4038-9D87-EFF5A2F38E97}.Ad-Hoc|x64.ActiveCfg = Debug|x64
		{AD7DCA2A-7366-4038-9D87-EFF5A2F38E97}.Ad-Hoc|x64.Build.0 = Debug|x64
		{AD7DCA2A-7366-4038-9D87-EFF5A2F38E97}.Ad-Hoc|x86.ActiveCfg = Debug|x86
		{AD7DCA2A-7366-4038-9D87-EFF5A2F38E97}.Ad-Hoc|x86.Build.0 = Debug|x86
		{AD7DCA2A-7366-4038-9D87-EFF5A2F38E97}.AppStore|Any CPU.ActiveCfg = Debug|Any CPU
		{AD7DCA2A-7366-4038-9D87-EFF5A2F38E97}.AppStore|Any CPU.Build.0 = Debug|Any CPU
		{AD7DCA2A-7366-4038-9D87-EFF5A2F38E97}.AppStore|ARM.ActiveCfg = Debug|ARM
		{AD7DCA2A-7366-4038-9D87-EFF5A2F38E97}.AppStore|ARM.Build.0 = Debug|ARM
		{AD7DCA2A-7366-4038-9D87-EFF5A2F38E97}.AppStore|ARM64.ActiveCfg = Debug|ARM64
		{AD7DCA2A-7366-4038-9D87-EFF5A2F38E97}.AppStore|ARM64.Build.0 = Debug|ARM64
		{AD7DCA2A-7366-4038-9D87-EFF5A2F38E97}.AppStore|iPhone.ActiveCfg = Debug|Any CPU
		{AD7DCA2A-7366-4038-9D87-EFF5A2F38E97}.AppStore|iPhone.Build.0 = Debug|Any CPU
		{AD7DCA2A-7366-4038-9D87-EFF5A2F38E97}.AppStore|iPhoneSimulator.ActiveCfg = Debug|Any CPU
		{AD7DCA2A-7366-4038-9D87-EFF5A2F38E97}.AppStore|iPhoneSimulator.Build.0 = Debug|Any CPU
		{AD7DCA2A-7366-4038-9D87-EFF5A2F38E97}.AppStore|x64.ActiveCfg = Debug|x64
		{AD7DCA2A-7366-4038-9D87-EFF5A2F38E97}.AppStore|x64.Build.0 = Debug|x64
		{AD7DCA2A-7366-4038-9D87-EFF5A2F38E97}.AppStore|x86.ActiveCfg = Debug|x86
		{AD7DCA2A-7366-4038-9D87-EFF5A2F38E97}.AppStore|x86.Build.0 = Debug|x86
		{AD7DCA2A-7366-4038-9D87-EFF5A2F38E97}.Debug|Any CPU.ActiveCfg = Debug|Any CPU
		{AD7DCA2A-7366-4038-9D87-EFF5A2F38E97}.Debug|Any CPU.Build.0 = Debug|Any CPU
		{AD7DCA2A-7366-4038-9D87-EFF5A2F38E97}.Debug|ARM.ActiveCfg = Debug|ARM
		{AD7DCA2A-7366-4038-9D87-EFF5A2F38E97}.Debug|ARM.Build.0 = Debug|ARM
		{AD7DCA2A-7366-4038-9D87-EFF5A2F38E97}.Debug|ARM64.ActiveCfg = Debug|ARM64
		{AD7DCA2A-7366-4038-9D87-EFF5A2F38E97}.Debug|ARM64.Build.0 = Debug|ARM64
		{AD7DCA2A-7366-4038-9D87-EFF5A2F38E97}.Debug|iPhone.ActiveCfg = Debug|Any CPU
		{AD7DCA2A-7366-4038-9D87-EFF5A2F38E97}.Debug|iPhone.Build.0 = Debug|Any CPU
		{AD7DCA2A-7366-4038-9D87-EFF5A2F38E97}.Debug|iPhoneSimulator.ActiveCfg = Debug|Any CPU
		{AD7DCA2A-7366-4038-9D87-EFF5A2F38E97}.Debug|iPhoneSimulator.Build.0 = Debug|Any CPU
		{AD7DCA2A-7366-4038-9D87-EFF5A2F38E97}.Debug|x64.ActiveCfg = Debug|x64
		{AD7DCA2A-7366-4038-9D87-EFF5A2F38E97}.Debug|x64.Build.0 = Debug|x64
		{AD7DCA2A-7366-4038-9D87-EFF5A2F38E97}.Debug|x86.ActiveCfg = Debug|x86
		{AD7DCA2A-7366-4038-9D87-EFF5A2F38E97}.Debug|x86.Build.0 = Debug|x86
		{AD7DCA2A-7366-4038-9D87-EFF5A2F38E97}.Release|Any CPU.ActiveCfg = Release|Any CPU
		{AD7DCA2A-7366-4038-9D87-EFF5A2F38E97}.Release|Any CPU.Build.0 = Release|Any CPU
		{AD7DCA2A-7366-4038-9D87-EFF5A2F38E97}.Release|ARM.ActiveCfg = Release|ARM
		{AD7DCA2A-7366-4038-9D87-EFF5A2F38E97}.Release|ARM.Build.0 = Release|ARM
		{AD7DCA2A-7366-4038-9D87-EFF5A2F38E97}.Release|ARM64.ActiveCfg = Release|ARM64
		{AD7DCA2A-7366-4038-9D87-EFF5A2F38E97}.Release|ARM64.Build.0 = Release|ARM64
		{AD7DCA2A-7366-4038-9D87-EFF5A2F38E97}.Release|iPhone.ActiveCfg = Release|Any CPU
		{AD7DCA2A-7366-4038-9D87-EFF5A2F38E97}.Release|iPhone.Build.0 = Release|Any CPU
		{AD7DCA2A-7366-4038-9D87-EFF5A2F38E97}.Release|iPhoneSimulator.ActiveCfg = Release|Any CPU
		{AD7DCA2A-7366-4038-9D87-EFF5A2F38E97}.Release|iPhoneSimulator.Build.0 = Release|Any CPU
		{AD7DCA2A-7366-4038-9D87-EFF5A2F38E97}.Release|x64.ActiveCfg = Release|x64
		{AD7DCA2A-7366-4038-9D87-EFF5A2F38E97}.Release|x64.Build.0 = Release|x64
		{AD7DCA2A-7366-4038-9D87-EFF5A2F38E97}.Release|x86.ActiveCfg = Release|x86
		{AD7DCA2A-7366-4038-9D87-EFF5A2F38E97}.Release|x86.Build.0 = Release|x86
		{8A7A480B-01F2-4693-B1B7-13E5BED8BBF6}.Ad-Hoc|Any CPU.ActiveCfg = Debug|Any CPU
		{8A7A480B-01F2-4693-B1B7-13E5BED8BBF6}.Ad-Hoc|Any CPU.Build.0 = Debug|Any CPU
		{8A7A480B-01F2-4693-B1B7-13E5BED8BBF6}.Ad-Hoc|ARM.ActiveCfg = Debug|ARM
		{8A7A480B-01F2-4693-B1B7-13E5BED8BBF6}.Ad-Hoc|ARM.Build.0 = Debug|ARM
		{8A7A480B-01F2-4693-B1B7-13E5BED8BBF6}.Ad-Hoc|ARM64.ActiveCfg = Debug|ARM64
		{8A7A480B-01F2-4693-B1B7-13E5BED8BBF6}.Ad-Hoc|ARM64.Build.0 = Debug|ARM64
		{8A7A480B-01F2-4693-B1B7-13E5BED8BBF6}.Ad-Hoc|iPhone.ActiveCfg = Debug|Any CPU
		{8A7A480B-01F2-4693-B1B7-13E5BED8BBF6}.Ad-Hoc|iPhone.Build.0 = Debug|Any CPU
		{8A7A480B-01F2-4693-B1B7-13E5BED8BBF6}.Ad-Hoc|iPhoneSimulator.ActiveCfg = Debug|Any CPU
		{8A7A480B-01F2-4693-B1B7-13E5BED8BBF6}.Ad-Hoc|iPhoneSimulator.Build.0 = Debug|Any CPU
		{8A7A480B-01F2-4693-B1B7-13E5BED8BBF6}.Ad-Hoc|x64.ActiveCfg = Debug|x64
		{8A7A480B-01F2-4693-B1B7-13E5BED8BBF6}.Ad-Hoc|x64.Build.0 = Debug|x64
		{8A7A480B-01F2-4693-B1B7-13E5BED8BBF6}.Ad-Hoc|x86.ActiveCfg = Debug|x86
		{8A7A480B-01F2-4693-B1B7-13E5BED8BBF6}.Ad-Hoc|x86.Build.0 = Debug|x86
		{8A7A480B-01F2-4693-B1B7-13E5BED8BBF6}.AppStore|Any CPU.ActiveCfg = Debug|Any CPU
		{8A7A480B-01F2-4693-B1B7-13E5BED8BBF6}.AppStore|Any CPU.Build.0 = Debug|Any CPU
		{8A7A480B-01F2-4693-B1B7-13E5BED8BBF6}.AppStore|ARM.ActiveCfg = Debug|ARM
		{8A7A480B-01F2-4693-B1B7-13E5BED8BBF6}.AppStore|ARM.Build.0 = Debug|ARM
		{8A7A480B-01F2-4693-B1B7-13E5BED8BBF6}.AppStore|ARM64.ActiveCfg = Debug|ARM64
		{8A7A480B-01F2-4693-B1B7-13E5BED8BBF6}.AppStore|ARM64.Build.0 = Debug|ARM64
		{8A7A480B-01F2-4693-B1B7-13E5BED8BBF6}.AppStore|iPhone.ActiveCfg = Debug|Any CPU
		{8A7A480B-01F2-4693-B1B7-13E5BED8BBF6}.AppStore|iPhone.Build.0 = Debug|Any CPU
		{8A7A480B-01F2-4693-B1B7-13E5BED8BBF6}.AppStore|iPhoneSimulator.ActiveCfg = Debug|Any CPU
		{8A7A480B-01F2-4693-B1B7-13E5BED8BBF6}.AppStore|iPhoneSimulator.Build.0 = Debug|Any CPU
		{8A7A480B-01F2-4693-B1B7-13E5BED8BBF6}.AppStore|x64.ActiveCfg = Debug|x64
		{8A7A480B-01F2-4693-B1B7-13E5BED8BBF6}.AppStore|x64.Build.0 = Debug|x64
		{8A7A480B-01F2-4693-B1B7-13E5BED8BBF6}.AppStore|x86.ActiveCfg = Debug|x86
		{8A7A480B-01F2-4693-B1B7-13E5BED8BBF6}.AppStore|x86.Build.0 = Debug|x86
		{8A7A480B-01F2-4693-B1B7-13E5BED8BBF6}.Debug|Any CPU.ActiveCfg = Debug|Any CPU
		{8A7A480B-01F2-4693-B1B7-13E5BED8BBF6}.Debug|Any CPU.Build.0 = Debug|Any CPU
		{8A7A480B-01F2-4693-B1B7-13E5BED8BBF6}.Debug|ARM.ActiveCfg = Debug|ARM
		{8A7A480B-01F2-4693-B1B7-13E5BED8BBF6}.Debug|ARM.Build.0 = Debug|ARM
		{8A7A480B-01F2-4693-B1B7-13E5BED8BBF6}.Debug|ARM64.ActiveCfg = Debug|ARM64
		{8A7A480B-01F2-4693-B1B7-13E5BED8BBF6}.Debug|ARM64.Build.0 = Debug|ARM64
		{8A7A480B-01F2-4693-B1B7-13E5BED8BBF6}.Debug|iPhone.ActiveCfg = Debug|Any CPU
		{8A7A480B-01F2-4693-B1B7-13E5BED8BBF6}.Debug|iPhone.Build.0 = Debug|Any CPU
		{8A7A480B-01F2-4693-B1B7-13E5BED8BBF6}.Debug|iPhoneSimulator.ActiveCfg = Debug|Any CPU
		{8A7A480B-01F2-4693-B1B7-13E5BED8BBF6}.Debug|iPhoneSimulator.Build.0 = Debug|Any CPU
		{8A7A480B-01F2-4693-B1B7-13E5BED8BBF6}.Debug|x64.ActiveCfg = Debug|x64
		{8A7A480B-01F2-4693-B1B7-13E5BED8BBF6}.Debug|x64.Build.0 = Debug|x64
		{8A7A480B-01F2-4693-B1B7-13E5BED8BBF6}.Debug|x86.ActiveCfg = Debug|x86
		{8A7A480B-01F2-4693-B1B7-13E5BED8BBF6}.Debug|x86.Build.0 = Debug|x86
		{8A7A480B-01F2-4693-B1B7-13E5BED8BBF6}.Release|Any CPU.ActiveCfg = Release|Any CPU
		{8A7A480B-01F2-4693-B1B7-13E5BED8BBF6}.Release|Any CPU.Build.0 = Release|Any CPU
		{8A7A480B-01F2-4693-B1B7-13E5BED8BBF6}.Release|ARM.ActiveCfg = Release|ARM
		{8A7A480B-01F2-4693-B1B7-13E5BED8BBF6}.Release|ARM.Build.0 = Release|ARM
		{8A7A480B-01F2-4693-B1B7-13E5BED8BBF6}.Release|ARM64.ActiveCfg = Release|ARM64
		{8A7A480B-01F2-4693-B1B7-13E5BED8BBF6}.Release|ARM64.Build.0 = Release|ARM64
		{8A7A480B-01F2-4693-B1B7-13E5BED8BBF6}.Release|iPhone.ActiveCfg = Release|Any CPU
		{8A7A480B-01F2-4693-B1B7-13E5BED8BBF6}.Release|iPhone.Build.0 = Release|Any CPU
		{8A7A480B-01F2-4693-B1B7-13E5BED8BBF6}.Release|iPhoneSimulator.ActiveCfg = Release|Any CPU
		{8A7A480B-01F2-4693-B1B7-13E5BED8BBF6}.Release|iPhoneSimulator.Build.0 = Release|Any CPU
		{8A7A480B-01F2-4693-B1B7-13E5BED8BBF6}.Release|x64.ActiveCfg = Release|x64
		{8A7A480B-01F2-4693-B1B7-13E5BED8BBF6}.Release|x64.Build.0 = Release|x64
		{8A7A480B-01F2-4693-B1B7-13E5BED8BBF6}.Release|x86.ActiveCfg = Release|x86
		{8A7A480B-01F2-4693-B1B7-13E5BED8BBF6}.Release|x86.Build.0 = Release|x86
		{28233CEB-52B0-4E65-9A39-59B387E2768D}.Ad-Hoc|Any CPU.ActiveCfg = Debug|Any CPU
		{28233CEB-52B0-4E65-9A39-59B387E2768D}.Ad-Hoc|Any CPU.Build.0 = Debug|Any CPU
		{28233CEB-52B0-4E65-9A39-59B387E2768D}.Ad-Hoc|ARM.ActiveCfg = Debug|ARM
		{28233CEB-52B0-4E65-9A39-59B387E2768D}.Ad-Hoc|ARM.Build.0 = Debug|ARM
		{28233CEB-52B0-4E65-9A39-59B387E2768D}.Ad-Hoc|ARM64.ActiveCfg = Debug|ARM64
		{28233CEB-52B0-4E65-9A39-59B387E2768D}.Ad-Hoc|ARM64.Build.0 = Debug|ARM64
		{28233CEB-52B0-4E65-9A39-59B387E2768D}.Ad-Hoc|iPhone.ActiveCfg = Debug|Any CPU
		{28233CEB-52B0-4E65-9A39-59B387E2768D}.Ad-Hoc|iPhone.Build.0 = Debug|Any CPU
		{28233CEB-52B0-4E65-9A39-59B387E2768D}.Ad-Hoc|iPhoneSimulator.ActiveCfg = Debug|Any CPU
		{28233CEB-52B0-4E65-9A39-59B387E2768D}.Ad-Hoc|iPhoneSimulator.Build.0 = Debug|Any CPU
		{28233CEB-52B0-4E65-9A39-59B387E2768D}.Ad-Hoc|x64.ActiveCfg = Debug|x64
		{28233CEB-52B0-4E65-9A39-59B387E2768D}.Ad-Hoc|x64.Build.0 = Debug|x64
		{28233CEB-52B0-4E65-9A39-59B387E2768D}.Ad-Hoc|x86.ActiveCfg = Debug|x86
		{28233CEB-52B0-4E65-9A39-59B387E2768D}.Ad-Hoc|x86.Build.0 = Debug|x86
		{28233CEB-52B0-4E65-9A39-59B387E2768D}.AppStore|Any CPU.ActiveCfg = Debug|Any CPU
		{28233CEB-52B0-4E65-9A39-59B387E2768D}.AppStore|Any CPU.Build.0 = Debug|Any CPU
		{28233CEB-52B0-4E65-9A39-59B387E2768D}.AppStore|ARM.ActiveCfg = Debug|ARM
		{28233CEB-52B0-4E65-9A39-59B387E2768D}.AppStore|ARM.Build.0 = Debug|ARM
		{28233CEB-52B0-4E65-9A39-59B387E2768D}.AppStore|ARM64.ActiveCfg = Debug|ARM64
		{28233CEB-52B0-4E65-9A39-59B387E2768D}.AppStore|ARM64.Build.0 = Debug|ARM64
		{28233CEB-52B0-4E65-9A39-59B387E2768D}.AppStore|iPhone.ActiveCfg = Debug|Any CPU
		{28233CEB-52B0-4E65-9A39-59B387E2768D}.AppStore|iPhone.Build.0 = Debug|Any CPU
		{28233CEB-52B0-4E65-9A39-59B387E2768D}.AppStore|iPhoneSimulator.ActiveCfg = Debug|Any CPU
		{28233CEB-52B0-4E65-9A39-59B387E2768D}.AppStore|iPhoneSimulator.Build.0 = Debug|Any CPU
		{28233CEB-52B0-4E65-9A39-59B387E2768D}.AppStore|x64.ActiveCfg = Debug|x64
		{28233CEB-52B0-4E65-9A39-59B387E2768D}.AppStore|x64.Build.0 = Debug|x64
		{28233CEB-52B0-4E65-9A39-59B387E2768D}.AppStore|x86.ActiveCfg = Debug|x86
		{28233CEB-52B0-4E65-9A39-59B387E2768D}.AppStore|x86.Build.0 = Debug|x86
		{28233CEB-52B0-4E65-9A39-59B387E2768D}.Debug|Any CPU.ActiveCfg = Debug|Any CPU
		{28233CEB-52B0-4E65-9A39-59B387E2768D}.Debug|Any CPU.Build.0 = Debug|Any CPU
		{28233CEB-52B0-4E65-9A39-59B387E2768D}.Debug|ARM.ActiveCfg = Debug|ARM
		{28233CEB-52B0-4E65-9A39-59B387E2768D}.Debug|ARM.Build.0 = Debug|ARM
		{28233CEB-52B0-4E65-9A39-59B387E2768D}.Debug|ARM64.ActiveCfg = Debug|ARM64
		{28233CEB-52B0-4E65-9A39-59B387E2768D}.Debug|ARM64.Build.0 = Debug|ARM64
		{28233CEB-52B0-4E65-9A39-59B387E2768D}.Debug|iPhone.ActiveCfg = Debug|Any CPU
		{28233CEB-52B0-4E65-9A39-59B387E2768D}.Debug|iPhone.Build.0 = Debug|Any CPU
		{28233CEB-52B0-4E65-9A39-59B387E2768D}.Debug|iPhoneSimulator.ActiveCfg = Debug|Any CPU
		{28233CEB-52B0-4E65-9A39-59B387E2768D}.Debug|iPhoneSimulator.Build.0 = Debug|Any CPU
		{28233CEB-52B0-4E65-9A39-59B387E2768D}.Debug|x64.ActiveCfg = Debug|x64
		{28233CEB-52B0-4E65-9A39-59B387E2768D}.Debug|x64.Build.0 = Debug|x64
		{28233CEB-52B0-4E65-9A39-59B387E2768D}.Debug|x86.ActiveCfg = Debug|x86
		{28233CEB-52B0-4E65-9A39-59B387E2768D}.Debug|x86.Build.0 = Debug|x86
		{28233CEB-52B0-4E65-9A39-59B387E2768D}.Release|Any CPU.ActiveCfg = Release|Any CPU
		{28233CEB-52B0-4E65-9A39-59B387E2768D}.Release|Any CPU.Build.0 = Release|Any CPU
		{28233CEB-52B0-4E65-9A39-59B387E2768D}.Release|ARM.ActiveCfg = Release|ARM
		{28233CEB-52B0-4E65-9A39-59B387E2768D}.Release|ARM.Build.0 = Release|ARM
		{28233CEB-52B0-4E65-9A39-59B387E2768D}.Release|ARM64.ActiveCfg = Release|ARM64
		{28233CEB-52B0-4E65-9A39-59B387E2768D}.Release|ARM64.Build.0 = Release|ARM64
		{28233CEB-52B0-4E65-9A39-59B387E2768D}.Release|iPhone.ActiveCfg = Release|Any CPU
		{28233CEB-52B0-4E65-9A39-59B387E2768D}.Release|iPhone.Build.0 = Release|Any CPU
		{28233CEB-52B0-4E65-9A39-59B387E2768D}.Release|iPhoneSimulator.ActiveCfg = Release|Any CPU
		{28233CEB-52B0-4E65-9A39-59B387E2768D}.Release|iPhoneSimulator.Build.0 = Release|Any CPU
		{28233CEB-52B0-4E65-9A39-59B387E2768D}.Release|x64.ActiveCfg = Release|x64
		{28233CEB-52B0-4E65-9A39-59B387E2768D}.Release|x64.Build.0 = Release|x64
		{28233CEB-52B0-4E65-9A39-59B387E2768D}.Release|x86.ActiveCfg = Release|x86
		{28233CEB-52B0-4E65-9A39-59B387E2768D}.Release|x86.Build.0 = Release|x86
		{8D3D7E9C-1EA4-4580-B60E-C656A209E32D}.Ad-Hoc|Any CPU.ActiveCfg = Debug|x64
		{8D3D7E9C-1EA4-4580-B60E-C656A209E32D}.Ad-Hoc|Any CPU.Build.0 = Debug|x64
		{8D3D7E9C-1EA4-4580-B60E-C656A209E32D}.Ad-Hoc|ARM.ActiveCfg = Debug|ARM
		{8D3D7E9C-1EA4-4580-B60E-C656A209E32D}.Ad-Hoc|ARM.Build.0 = Debug|ARM
		{8D3D7E9C-1EA4-4580-B60E-C656A209E32D}.Ad-Hoc|ARM64.ActiveCfg = Debug|ARM64
		{8D3D7E9C-1EA4-4580-B60E-C656A209E32D}.Ad-Hoc|ARM64.Build.0 = Debug|ARM64
		{8D3D7E9C-1EA4-4580-B60E-C656A209E32D}.Ad-Hoc|iPhone.ActiveCfg = Debug|x64
		{8D3D7E9C-1EA4-4580-B60E-C656A209E32D}.Ad-Hoc|iPhone.Build.0 = Debug|x64
		{8D3D7E9C-1EA4-4580-B60E-C656A209E32D}.Ad-Hoc|iPhoneSimulator.ActiveCfg = Debug|x64
		{8D3D7E9C-1EA4-4580-B60E-C656A209E32D}.Ad-Hoc|iPhoneSimulator.Build.0 = Debug|x64
		{8D3D7E9C-1EA4-4580-B60E-C656A209E32D}.Ad-Hoc|x64.ActiveCfg = Debug|x64
		{8D3D7E9C-1EA4-4580-B60E-C656A209E32D}.Ad-Hoc|x64.Build.0 = Debug|x64
		{8D3D7E9C-1EA4-4580-B60E-C656A209E32D}.Ad-Hoc|x86.ActiveCfg = Debug|x86
		{8D3D7E9C-1EA4-4580-B60E-C656A209E32D}.Ad-Hoc|x86.Build.0 = Debug|x86
		{8D3D7E9C-1EA4-4580-B60E-C656A209E32D}.AppStore|Any CPU.ActiveCfg = Debug|x64
		{8D3D7E9C-1EA4-4580-B60E-C656A209E32D}.AppStore|Any CPU.Build.0 = Debug|x64
		{8D3D7E9C-1EA4-4580-B60E-C656A209E32D}.AppStore|ARM.ActiveCfg = Debug|ARM
		{8D3D7E9C-1EA4-4580-B60E-C656A209E32D}.AppStore|ARM.Build.0 = Debug|ARM
		{8D3D7E9C-1EA4-4580-B60E-C656A209E32D}.AppStore|ARM64.ActiveCfg = Debug|ARM64
		{8D3D7E9C-1EA4-4580-B60E-C656A209E32D}.AppStore|ARM64.Build.0 = Debug|ARM64
		{8D3D7E9C-1EA4-4580-B60E-C656A209E32D}.AppStore|iPhone.ActiveCfg = Debug|x64
		{8D3D7E9C-1EA4-4580-B60E-C656A209E32D}.AppStore|iPhone.Build.0 = Debug|x64
		{8D3D7E9C-1EA4-4580-B60E-C656A209E32D}.AppStore|iPhoneSimulator.ActiveCfg = Debug|x64
		{8D3D7E9C-1EA4-4580-B60E-C656A209E32D}.AppStore|iPhoneSimulator.Build.0 = Debug|x64
		{8D3D7E9C-1EA4-4580-B60E-C656A209E32D}.AppStore|x64.ActiveCfg = Debug|x64
		{8D3D7E9C-1EA4-4580-B60E-C656A209E32D}.AppStore|x64.Build.0 = Debug|x64
		{8D3D7E9C-1EA4-4580-B60E-C656A209E32D}.AppStore|x86.ActiveCfg = Debug|x86
		{8D3D7E9C-1EA4-4580-B60E-C656A209E32D}.AppStore|x86.Build.0 = Debug|x86
		{8D3D7E9C-1EA4-4580-B60E-C656A209E32D}.Debug|Any CPU.ActiveCfg = Debug|x64
		{8D3D7E9C-1EA4-4580-B60E-C656A209E32D}.Debug|Any CPU.Build.0 = Debug|x64
		{8D3D7E9C-1EA4-4580-B60E-C656A209E32D}.Debug|ARM.ActiveCfg = Debug|ARM
		{8D3D7E9C-1EA4-4580-B60E-C656A209E32D}.Debug|ARM.Build.0 = Debug|ARM
		{8D3D7E9C-1EA4-4580-B60E-C656A209E32D}.Debug|ARM64.ActiveCfg = Debug|ARM64
		{8D3D7E9C-1EA4-4580-B60E-C656A209E32D}.Debug|ARM64.Build.0 = Debug|ARM64
		{8D3D7E9C-1EA4-4580-B60E-C656A209E32D}.Debug|iPhone.ActiveCfg = Debug|x64
		{8D3D7E9C-1EA4-4580-B60E-C656A209E32D}.Debug|iPhone.Build.0 = Debug|x64
		{8D3D7E9C-1EA4-4580-B60E-C656A209E32D}.Debug|iPhoneSimulator.ActiveCfg = Debug|x64
		{8D3D7E9C-1EA4-4580-B60E-C656A209E32D}.Debug|iPhoneSimulator.Build.0 = Debug|x64
		{8D3D7E9C-1EA4-4580-B60E-C656A209E32D}.Debug|x64.ActiveCfg = Debug|x64
		{8D3D7E9C-1EA4-4580-B60E-C656A209E32D}.Debug|x64.Build.0 = Debug|x64
		{8D3D7E9C-1EA4-4580-B60E-C656A209E32D}.Debug|x86.ActiveCfg = Debug|x86
		{8D3D7E9C-1EA4-4580-B60E-C656A209E32D}.Debug|x86.Build.0 = Debug|x86
		{8D3D7E9C-1EA4-4580-B60E-C656A209E32D}.Release|Any CPU.ActiveCfg = Release|x64
		{8D3D7E9C-1EA4-4580-B60E-C656A209E32D}.Release|Any CPU.Build.0 = Release|x64
		{8D3D7E9C-1EA4-4580-B60E-C656A209E32D}.Release|ARM.ActiveCfg = Release|ARM
		{8D3D7E9C-1EA4-4580-B60E-C656A209E32D}.Release|ARM.Build.0 = Release|ARM
		{8D3D7E9C-1EA4-4580-B60E-C656A209E32D}.Release|ARM64.ActiveCfg = Release|ARM64
		{8D3D7E9C-1EA4-4580-B60E-C656A209E32D}.Release|ARM64.Build.0 = Release|ARM64
		{8D3D7E9C-1EA4-4580-B60E-C656A209E32D}.Release|iPhone.ActiveCfg = Release|x64
		{8D3D7E9C-1EA4-4580-B60E-C656A209E32D}.Release|iPhone.Build.0 = Release|x64
		{8D3D7E9C-1EA4-4580-B60E-C656A209E32D}.Release|iPhoneSimulator.ActiveCfg = Release|x64
		{8D3D7E9C-1EA4-4580-B60E-C656A209E32D}.Release|iPhoneSimulator.Build.0 = Release|x64
		{8D3D7E9C-1EA4-4580-B60E-C656A209E32D}.Release|x64.ActiveCfg = Release|x64
		{8D3D7E9C-1EA4-4580-B60E-C656A209E32D}.Release|x64.Build.0 = Release|x64
		{8D3D7E9C-1EA4-4580-B60E-C656A209E32D}.Release|x86.ActiveCfg = Release|x86
		{8D3D7E9C-1EA4-4580-B60E-C656A209E32D}.Release|x86.Build.0 = Release|x86
		{189019A6-FA1E-41C9-84F7-4849448953EB}.Ad-Hoc|Any CPU.ActiveCfg = Debug|x64
		{189019A6-FA1E-41C9-84F7-4849448953EB}.Ad-Hoc|Any CPU.Build.0 = Debug|x64
		{189019A6-FA1E-41C9-84F7-4849448953EB}.Ad-Hoc|ARM.ActiveCfg = Debug|ARM
		{189019A6-FA1E-41C9-84F7-4849448953EB}.Ad-Hoc|ARM.Build.0 = Debug|ARM
		{189019A6-FA1E-41C9-84F7-4849448953EB}.Ad-Hoc|ARM64.ActiveCfg = Debug|ARM64
		{189019A6-FA1E-41C9-84F7-4849448953EB}.Ad-Hoc|ARM64.Build.0 = Debug|ARM64
		{189019A6-FA1E-41C9-84F7-4849448953EB}.Ad-Hoc|iPhone.ActiveCfg = Debug|x64
		{189019A6-FA1E-41C9-84F7-4849448953EB}.Ad-Hoc|iPhone.Build.0 = Debug|x64
		{189019A6-FA1E-41C9-84F7-4849448953EB}.Ad-Hoc|iPhoneSimulator.ActiveCfg = Debug|x64
		{189019A6-FA1E-41C9-84F7-4849448953EB}.Ad-Hoc|iPhoneSimulator.Build.0 = Debug|x64
		{189019A6-FA1E-41C9-84F7-4849448953EB}.Ad-Hoc|x64.ActiveCfg = Debug|x64
		{189019A6-FA1E-41C9-84F7-4849448953EB}.Ad-Hoc|x64.Build.0 = Debug|x64
		{189019A6-FA1E-41C9-84F7-4849448953EB}.Ad-Hoc|x86.ActiveCfg = Debug|x86
		{189019A6-FA1E-41C9-84F7-4849448953EB}.Ad-Hoc|x86.Build.0 = Debug|x86
		{189019A6-FA1E-41C9-84F7-4849448953EB}.AppStore|Any CPU.ActiveCfg = Debug|x64
		{189019A6-FA1E-41C9-84F7-4849448953EB}.AppStore|Any CPU.Build.0 = Debug|x64
		{189019A6-FA1E-41C9-84F7-4849448953EB}.AppStore|ARM.ActiveCfg = Debug|ARM
		{189019A6-FA1E-41C9-84F7-4849448953EB}.AppStore|ARM.Build.0 = Debug|ARM
		{189019A6-FA1E-41C9-84F7-4849448953EB}.AppStore|ARM64.ActiveCfg = Debug|ARM64
		{189019A6-FA1E-41C9-84F7-4849448953EB}.AppStore|ARM64.Build.0 = Debug|ARM64
		{189019A6-FA1E-41C9-84F7-4849448953EB}.AppStore|iPhone.ActiveCfg = Debug|x64
		{189019A6-FA1E-41C9-84F7-4849448953EB}.AppStore|iPhone.Build.0 = Debug|x64
		{189019A6-FA1E-41C9-84F7-4849448953EB}.AppStore|iPhoneSimulator.ActiveCfg = Debug|x64
		{189019A6-FA1E-41C9-84F7-4849448953EB}.AppStore|iPhoneSimulator.Build.0 = Debug|x64
		{189019A6-FA1E-41C9-84F7-4849448953EB}.AppStore|x64.ActiveCfg = Debug|x64
		{189019A6-FA1E-41C9-84F7-4849448953EB}.AppStore|x64.Build.0 = Debug|x64
		{189019A6-FA1E-41C9-84F7-4849448953EB}.AppStore|x86.ActiveCfg = Debug|x86
		{189019A6-FA1E-41C9-84F7-4849448953EB}.AppStore|x86.Build.0 = Debug|x86
		{189019A6-FA1E-41C9-84F7-4849448953EB}.Debug|Any CPU.ActiveCfg = Debug|x64
		{189019A6-FA1E-41C9-84F7-4849448953EB}.Debug|Any CPU.Build.0 = Debug|x64
		{189019A6-FA1E-41C9-84F7-4849448953EB}.Debug|ARM.ActiveCfg = Debug|ARM
		{189019A6-FA1E-41C9-84F7-4849448953EB}.Debug|ARM.Build.0 = Debug|ARM
		{189019A6-FA1E-41C9-84F7-4849448953EB}.Debug|ARM64.ActiveCfg = Debug|ARM64
		{189019A6-FA1E-41C9-84F7-4849448953EB}.Debug|ARM64.Build.0 = Debug|ARM64
		{189019A6-FA1E-41C9-84F7-4849448953EB}.Debug|iPhone.ActiveCfg = Debug|x64
		{189019A6-FA1E-41C9-84F7-4849448953EB}.Debug|iPhone.Build.0 = Debug|x64
		{189019A6-FA1E-41C9-84F7-4849448953EB}.Debug|iPhoneSimulator.ActiveCfg = Debug|x64
		{189019A6-FA1E-41C9-84F7-4849448953EB}.Debug|iPhoneSimulator.Build.0 = Debug|x64
		{189019A6-FA1E-41C9-84F7-4849448953EB}.Debug|x64.ActiveCfg = Debug|x64
		{189019A6-FA1E-41C9-84F7-4849448953EB}.Debug|x64.Build.0 = Debug|x64
		{189019A6-FA1E-41C9-84F7-4849448953EB}.Debug|x86.ActiveCfg = Debug|x86
		{189019A6-FA1E-41C9-84F7-4849448953EB}.Debug|x86.Build.0 = Debug|x86
		{189019A6-FA1E-41C9-84F7-4849448953EB}.Release|Any CPU.ActiveCfg = Release|x64
		{189019A6-FA1E-41C9-84F7-4849448953EB}.Release|Any CPU.Build.0 = Release|x64
		{189019A6-FA1E-41C9-84F7-4849448953EB}.Release|ARM.ActiveCfg = Release|ARM
		{189019A6-FA1E-41C9-84F7-4849448953EB}.Release|ARM.Build.0 = Release|ARM
		{189019A6-FA1E-41C9-84F7-4849448953EB}.Release|ARM64.ActiveCfg = Release|ARM64
		{189019A6-FA1E-41C9-84F7-4849448953EB}.Release|ARM64.Build.0 = Release|ARM64
		{189019A6-FA1E-41C9-84F7-4849448953EB}.Release|iPhone.ActiveCfg = Release|x64
		{189019A6-FA1E-41C9-84F7-4849448953EB}.Release|iPhone.Build.0 = Release|x64
		{189019A6-FA1E-41C9-84F7-4849448953EB}.Release|iPhoneSimulator.ActiveCfg = Release|x64
		{189019A6-FA1E-41C9-84F7-4849448953EB}.Release|iPhoneSimulator.Build.0 = Release|x64
		{189019A6-FA1E-41C9-84F7-4849448953EB}.Release|x64.ActiveCfg = Release|x64
		{189019A6-FA1E-41C9-84F7-4849448953EB}.Release|x64.Build.0 = Release|x64
		{189019A6-FA1E-41C9-84F7-4849448953EB}.Release|x86.ActiveCfg = Release|x86
		{189019A6-FA1E-41C9-84F7-4849448953EB}.Release|x86.Build.0 = Release|x86
		{E2BD00DD-EEE5-4709-B241-4D2A9B21B526}.Ad-Hoc|Any CPU.ActiveCfg = Debug|x64
		{E2BD00DD-EEE5-4709-B241-4D2A9B21B526}.Ad-Hoc|Any CPU.Build.0 = Debug|x64
		{E2BD00DD-EEE5-4709-B241-4D2A9B21B526}.Ad-Hoc|ARM.ActiveCfg = Debug|ARM
		{E2BD00DD-EEE5-4709-B241-4D2A9B21B526}.Ad-Hoc|ARM.Build.0 = Debug|ARM
		{E2BD00DD-EEE5-4709-B241-4D2A9B21B526}.Ad-Hoc|ARM64.ActiveCfg = Debug|ARM64
		{E2BD00DD-EEE5-4709-B241-4D2A9B21B526}.Ad-Hoc|ARM64.Build.0 = Debug|ARM64
		{E2BD00DD-EEE5-4709-B241-4D2A9B21B526}.Ad-Hoc|iPhone.ActiveCfg = Debug|x64
		{E2BD00DD-EEE5-4709-B241-4D2A9B21B526}.Ad-Hoc|iPhone.Build.0 = Debug|x64
		{E2BD00DD-EEE5-4709-B241-4D2A9B21B526}.Ad-Hoc|iPhoneSimulator.ActiveCfg = Debug|x64
		{E2BD00DD-EEE5-4709-B241-4D2A9B21B526}.Ad-Hoc|iPhoneSimulator.Build.0 = Debug|x64
		{E2BD00DD-EEE5-4709-B241-4D2A9B21B526}.Ad-Hoc|x64.ActiveCfg = Debug|x64
		{E2BD00DD-EEE5-4709-B241-4D2A9B21B526}.Ad-Hoc|x64.Build.0 = Debug|x64
		{E2BD00DD-EEE5-4709-B241-4D2A9B21B526}.Ad-Hoc|x86.ActiveCfg = Debug|x86
		{E2BD00DD-EEE5-4709-B241-4D2A9B21B526}.Ad-Hoc|x86.Build.0 = Debug|x86
		{E2BD00DD-EEE5-4709-B241-4D2A9B21B526}.AppStore|Any CPU.ActiveCfg = Debug|x64
		{E2BD00DD-EEE5-4709-B241-4D2A9B21B526}.AppStore|Any CPU.Build.0 = Debug|x64
		{E2BD00DD-EEE5-4709-B241-4D2A9B21B526}.AppStore|ARM.ActiveCfg = Debug|ARM
		{E2BD00DD-EEE5-4709-B241-4D2A9B21B526}.AppStore|ARM.Build.0 = Debug|ARM
		{E2BD00DD-EEE5-4709-B241-4D2A9B21B526}.AppStore|ARM64.ActiveCfg = Debug|ARM64
		{E2BD00DD-EEE5-4709-B241-4D2A9B21B526}.AppStore|ARM64.Build.0 = Debug|ARM64
		{E2BD00DD-EEE5-4709-B241-4D2A9B21B526}.AppStore|iPhone.ActiveCfg = Debug|x64
		{E2BD00DD-EEE5-4709-B241-4D2A9B21B526}.AppStore|iPhone.Build.0 = Debug|x64
		{E2BD00DD-EEE5-4709-B241-4D2A9B21B526}.AppStore|iPhoneSimulator.ActiveCfg = Debug|x64
		{E2BD00DD-EEE5-4709-B241-4D2A9B21B526}.AppStore|iPhoneSimulator.Build.0 = Debug|x64
		{E2BD00DD-EEE5-4709-B241-4D2A9B21B526}.AppStore|x64.ActiveCfg = Debug|x64
		{E2BD00DD-EEE5-4709-B241-4D2A9B21B526}.AppStore|x64.Build.0 = Debug|x64
		{E2BD00DD-EEE5-4709-B241-4D2A9B21B526}.AppStore|x86.ActiveCfg = Debug|x86
		{E2BD00DD-EEE5-4709-B241-4D2A9B21B526}.AppStore|x86.Build.0 = Debug|x86
		{E2BD00DD-EEE5-4709-B241-4D2A9B21B526}.Debug|Any CPU.ActiveCfg = Debug|x64
		{E2BD00DD-EEE5-4709-B241-4D2A9B21B526}.Debug|Any CPU.Build.0 = Debug|x64
		{E2BD00DD-EEE5-4709-B241-4D2A9B21B526}.Debug|ARM.ActiveCfg = Debug|ARM
		{E2BD00DD-EEE5-4709-B241-4D2A9B21B526}.Debug|ARM.Build.0 = Debug|ARM
		{E2BD00DD-EEE5-4709-B241-4D2A9B21B526}.Debug|ARM64.ActiveCfg = Debug|ARM64
		{E2BD00DD-EEE5-4709-B241-4D2A9B21B526}.Debug|ARM64.Build.0 = Debug|ARM64
		{E2BD00DD-EEE5-4709-B241-4D2A9B21B526}.Debug|iPhone.ActiveCfg = Debug|x64
		{E2BD00DD-EEE5-4709-B241-4D2A9B21B526}.Debug|iPhone.Build.0 = Debug|x64
		{E2BD00DD-EEE5-4709-B241-4D2A9B21B526}.Debug|iPhoneSimulator.ActiveCfg = Debug|x64
		{E2BD00DD-EEE5-4709-B241-4D2A9B21B526}.Debug|iPhoneSimulator.Build.0 = Debug|x64
		{E2BD00DD-EEE5-4709-B241-4D2A9B21B526}.Debug|x64.ActiveCfg = Debug|x64
		{E2BD00DD-EEE5-4709-B241-4D2A9B21B526}.Debug|x64.Build.0 = Debug|x64
		{E2BD00DD-EEE5-4709-B241-4D2A9B21B526}.Debug|x86.ActiveCfg = Debug|x86
		{E2BD00DD-EEE5-4709-B241-4D2A9B21B526}.Debug|x86.Build.0 = Debug|x86
		{E2BD00DD-EEE5-4709-B241-4D2A9B21B526}.Release|Any CPU.ActiveCfg = Release|x64
		{E2BD00DD-EEE5-4709-B241-4D2A9B21B526}.Release|Any CPU.Build.0 = Release|x64
		{E2BD00DD-EEE5-4709-B241-4D2A9B21B526}.Release|ARM.ActiveCfg = Release|ARM
		{E2BD00DD-EEE5-4709-B241-4D2A9B21B526}.Release|ARM.Build.0 = Release|ARM
		{E2BD00DD-EEE5-4709-B241-4D2A9B21B526}.Release|ARM64.ActiveCfg = Release|ARM64
		{E2BD00DD-EEE5-4709-B241-4D2A9B21B526}.Release|ARM64.Build.0 = Release|ARM64
		{E2BD00DD-EEE5-4709-B241-4D2A9B21B526}.Release|iPhone.ActiveCfg = Release|x64
		{E2BD00DD-EEE5-4709-B241-4D2A9B21B526}.Release|iPhone.Build.0 = Release|x64
		{E2BD00DD-EEE5-4709-B241-4D2A9B21B526}.Release|iPhoneSimulator.ActiveCfg = Release|x64
		{E2BD00DD-EEE5-4709-B241-4D2A9B21B526}.Release|iPhoneSimulator.Build.0 = Release|x64
		{E2BD00DD-EEE5-4709-B241-4D2A9B21B526}.Release|x64.ActiveCfg = Release|x64
		{E2BD00DD-EEE5-4709-B241-4D2A9B21B526}.Release|x64.Build.0 = Release|x64
		{E2BD00DD-EEE5-4709-B241-4D2A9B21B526}.Release|x86.ActiveCfg = Release|x86
		{E2BD00DD-EEE5-4709-B241-4D2A9B21B526}.Release|x86.Build.0 = Release|x86
		{B5CAB303-0E5F-4A8D-A3D6-644DAA6C207F}.Ad-Hoc|Any CPU.ActiveCfg = Debug|x64
		{B5CAB303-0E5F-4A8D-A3D6-644DAA6C207F}.Ad-Hoc|Any CPU.Build.0 = Debug|x64
		{B5CAB303-0E5F-4A8D-A3D6-644DAA6C207F}.Ad-Hoc|ARM.ActiveCfg = Debug|ARM
		{B5CAB303-0E5F-4A8D-A3D6-644DAA6C207F}.Ad-Hoc|ARM.Build.0 = Debug|ARM
		{B5CAB303-0E5F-4A8D-A3D6-644DAA6C207F}.Ad-Hoc|ARM64.ActiveCfg = Debug|ARM64
		{B5CAB303-0E5F-4A8D-A3D6-644DAA6C207F}.Ad-Hoc|ARM64.Build.0 = Debug|ARM64
		{B5CAB303-0E5F-4A8D-A3D6-644DAA6C207F}.Ad-Hoc|iPhone.ActiveCfg = Debug|x64
		{B5CAB303-0E5F-4A8D-A3D6-644DAA6C207F}.Ad-Hoc|iPhone.Build.0 = Debug|x64
		{B5CAB303-0E5F-4A8D-A3D6-644DAA6C207F}.Ad-Hoc|iPhoneSimulator.ActiveCfg = Debug|x64
		{B5CAB303-0E5F-4A8D-A3D6-644DAA6C207F}.Ad-Hoc|iPhoneSimulator.Build.0 = Debug|x64
		{B5CAB303-0E5F-4A8D-A3D6-644DAA6C207F}.Ad-Hoc|x64.ActiveCfg = Debug|x64
		{B5CAB303-0E5F-4A8D-A3D6-644DAA6C207F}.Ad-Hoc|x64.Build.0 = Debug|x64
		{B5CAB303-0E5F-4A8D-A3D6-644DAA6C207F}.Ad-Hoc|x86.ActiveCfg = Debug|x86
		{B5CAB303-0E5F-4A8D-A3D6-644DAA6C207F}.Ad-Hoc|x86.Build.0 = Debug|x86
		{B5CAB303-0E5F-4A8D-A3D6-644DAA6C207F}.AppStore|Any CPU.ActiveCfg = Debug|x64
		{B5CAB303-0E5F-4A8D-A3D6-644DAA6C207F}.AppStore|Any CPU.Build.0 = Debug|x64
		{B5CAB303-0E5F-4A8D-A3D6-644DAA6C207F}.AppStore|ARM.ActiveCfg = Debug|ARM
		{B5CAB303-0E5F-4A8D-A3D6-644DAA6C207F}.AppStore|ARM.Build.0 = Debug|ARM
		{B5CAB303-0E5F-4A8D-A3D6-644DAA6C207F}.AppStore|ARM64.ActiveCfg = Debug|ARM64
		{B5CAB303-0E5F-4A8D-A3D6-644DAA6C207F}.AppStore|ARM64.Build.0 = Debug|ARM64
		{B5CAB303-0E5F-4A8D-A3D6-644DAA6C207F}.AppStore|iPhone.ActiveCfg = Debug|x64
		{B5CAB303-0E5F-4A8D-A3D6-644DAA6C207F}.AppStore|iPhone.Build.0 = Debug|x64
		{B5CAB303-0E5F-4A8D-A3D6-644DAA6C207F}.AppStore|iPhoneSimulator.ActiveCfg = Debug|x64
		{B5CAB303-0E5F-4A8D-A3D6-644DAA6C207F}.AppStore|iPhoneSimulator.Build.0 = Debug|x64
		{B5CAB303-0E5F-4A8D-A3D6-644DAA6C207F}.AppStore|x64.ActiveCfg = Debug|x64
		{B5CAB303-0E5F-4A8D-A3D6-644DAA6C207F}.AppStore|x64.Build.0 = Debug|x64
		{B5CAB303-0E5F-4A8D-A3D6-644DAA6C207F}.AppStore|x86.ActiveCfg = Debug|x86
		{B5CAB303-0E5F-4A8D-A3D6-644DAA6C207F}.AppStore|x86.Build.0 = Debug|x86
		{B5CAB303-0E5F-4A8D-A3D6-644DAA6C207F}.Debug|Any CPU.ActiveCfg = Debug|x64
		{B5CAB303-0E5F-4A8D-A3D6-644DAA6C207F}.Debug|Any CPU.Build.0 = Debug|x64
		{B5CAB303-0E5F-4A8D-A3D6-644DAA6C207F}.Debug|ARM.ActiveCfg = Debug|ARM
		{B5CAB303-0E5F-4A8D-A3D6-644DAA6C207F}.Debug|ARM.Build.0 = Debug|ARM
		{B5CAB303-0E5F-4A8D-A3D6-644DAA6C207F}.Debug|ARM64.ActiveCfg = Debug|ARM64
		{B5CAB303-0E5F-4A8D-A3D6-644DAA6C207F}.Debug|ARM64.Build.0 = Debug|ARM64
		{B5CAB303-0E5F-4A8D-A3D6-644DAA6C207F}.Debug|iPhone.ActiveCfg = Debug|x64
		{B5CAB303-0E5F-4A8D-A3D6-644DAA6C207F}.Debug|iPhone.Build.0 = Debug|x64
		{B5CAB303-0E5F-4A8D-A3D6-644DAA6C207F}.Debug|iPhoneSimulator.ActiveCfg = Debug|x64
		{B5CAB303-0E5F-4A8D-A3D6-644DAA6C207F}.Debug|iPhoneSimulator.Build.0 = Debug|x64
		{B5CAB303-0E5F-4A8D-A3D6-644DAA6C207F}.Debug|x64.ActiveCfg = Debug|x64
		{B5CAB303-0E5F-4A8D-A3D6-644DAA6C207F}.Debug|x64.Build.0 = Debug|x64
		{B5CAB303-0E5F-4A8D-A3D6-644DAA6C207F}.Debug|x86.ActiveCfg = Debug|x86
		{B5CAB303-0E5F-4A8D-A3D6-644DAA6C207F}.Debug|x86.Build.0 = Debug|x86
		{B5CAB303-0E5F-4A8D-A3D6-644DAA6C207F}.Release|Any CPU.ActiveCfg = Release|x64
		{B5CAB303-0E5F-4A8D-A3D6-644DAA6C207F}.Release|Any CPU.Build.0 = Release|x64
		{B5CAB303-0E5F-4A8D-A3D6-644DAA6C207F}.Release|ARM.ActiveCfg = Release|ARM
		{B5CAB303-0E5F-4A8D-A3D6-644DAA6C207F}.Release|ARM.Build.0 = Release|ARM
		{B5CAB303-0E5F-4A8D-A3D6-644DAA6C207F}.Release|ARM64.ActiveCfg = Release|ARM64
		{B5CAB303-0E5F-4A8D-A3D6-644DAA6C207F}.Release|ARM64.Build.0 = Release|ARM64
		{B5CAB303-0E5F-4A8D-A3D6-644DAA6C207F}.Release|iPhone.ActiveCfg = Release|x64
		{B5CAB303-0E5F-4A8D-A3D6-644DAA6C207F}.Release|iPhone.Build.0 = Release|x64
		{B5CAB303-0E5F-4A8D-A3D6-644DAA6C207F}.Release|iPhoneSimulator.ActiveCfg = Release|x64
		{B5CAB303-0E5F-4A8D-A3D6-644DAA6C207F}.Release|iPhoneSimulator.Build.0 = Release|x64
		{B5CAB303-0E5F-4A8D-A3D6-644DAA6C207F}.Release|x64.ActiveCfg = Release|x64
		{B5CAB303-0E5F-4A8D-A3D6-644DAA6C207F}.Release|x64.Build.0 = Release|x64
		{B5CAB303-0E5F-4A8D-A3D6-644DAA6C207F}.Release|x86.ActiveCfg = Release|x86
		{B5CAB303-0E5F-4A8D-A3D6-644DAA6C207F}.Release|x86.Build.0 = Release|x86
		{EE7DA0E2-3A7B-48CC-88B4-66B1D040689D}.Ad-Hoc|Any CPU.ActiveCfg = Debug|Any CPU
		{EE7DA0E2-3A7B-48CC-88B4-66B1D040689D}.Ad-Hoc|Any CPU.Build.0 = Debug|Any CPU
		{EE7DA0E2-3A7B-48CC-88B4-66B1D040689D}.Ad-Hoc|Any CPU.Deploy.0 = Debug|Any CPU
		{EE7DA0E2-3A7B-48CC-88B4-66B1D040689D}.Ad-Hoc|ARM.ActiveCfg = Debug|Any CPU
		{EE7DA0E2-3A7B-48CC-88B4-66B1D040689D}.Ad-Hoc|ARM.Build.0 = Debug|Any CPU
		{EE7DA0E2-3A7B-48CC-88B4-66B1D040689D}.Ad-Hoc|ARM.Deploy.0 = Debug|Any CPU
		{EE7DA0E2-3A7B-48CC-88B4-66B1D040689D}.Ad-Hoc|ARM64.ActiveCfg = Debug|Any CPU
		{EE7DA0E2-3A7B-48CC-88B4-66B1D040689D}.Ad-Hoc|ARM64.Build.0 = Debug|Any CPU
		{EE7DA0E2-3A7B-48CC-88B4-66B1D040689D}.Ad-Hoc|ARM64.Deploy.0 = Debug|Any CPU
		{EE7DA0E2-3A7B-48CC-88B4-66B1D040689D}.Ad-Hoc|iPhone.ActiveCfg = Debug|Any CPU
		{EE7DA0E2-3A7B-48CC-88B4-66B1D040689D}.Ad-Hoc|iPhone.Build.0 = Debug|Any CPU
		{EE7DA0E2-3A7B-48CC-88B4-66B1D040689D}.Ad-Hoc|iPhone.Deploy.0 = Debug|Any CPU
		{EE7DA0E2-3A7B-48CC-88B4-66B1D040689D}.Ad-Hoc|iPhoneSimulator.ActiveCfg = Debug|Any CPU
		{EE7DA0E2-3A7B-48CC-88B4-66B1D040689D}.Ad-Hoc|iPhoneSimulator.Build.0 = Debug|Any CPU
		{EE7DA0E2-3A7B-48CC-88B4-66B1D040689D}.Ad-Hoc|iPhoneSimulator.Deploy.0 = Debug|Any CPU
		{EE7DA0E2-3A7B-48CC-88B4-66B1D040689D}.Ad-Hoc|x64.ActiveCfg = Debug|Any CPU
		{EE7DA0E2-3A7B-48CC-88B4-66B1D040689D}.Ad-Hoc|x64.Build.0 = Debug|Any CPU
		{EE7DA0E2-3A7B-48CC-88B4-66B1D040689D}.Ad-Hoc|x64.Deploy.0 = Debug|Any CPU
		{EE7DA0E2-3A7B-48CC-88B4-66B1D040689D}.Ad-Hoc|x86.ActiveCfg = Debug|Any CPU
		{EE7DA0E2-3A7B-48CC-88B4-66B1D040689D}.Ad-Hoc|x86.Build.0 = Debug|Any CPU
		{EE7DA0E2-3A7B-48CC-88B4-66B1D040689D}.Ad-Hoc|x86.Deploy.0 = Debug|Any CPU
		{EE7DA0E2-3A7B-48CC-88B4-66B1D040689D}.AppStore|Any CPU.ActiveCfg = Debug|Any CPU
		{EE7DA0E2-3A7B-48CC-88B4-66B1D040689D}.AppStore|Any CPU.Build.0 = Debug|Any CPU
		{EE7DA0E2-3A7B-48CC-88B4-66B1D040689D}.AppStore|Any CPU.Deploy.0 = Debug|Any CPU
		{EE7DA0E2-3A7B-48CC-88B4-66B1D040689D}.AppStore|ARM.ActiveCfg = Debug|Any CPU
		{EE7DA0E2-3A7B-48CC-88B4-66B1D040689D}.AppStore|ARM.Build.0 = Debug|Any CPU
		{EE7DA0E2-3A7B-48CC-88B4-66B1D040689D}.AppStore|ARM.Deploy.0 = Debug|Any CPU
		{EE7DA0E2-3A7B-48CC-88B4-66B1D040689D}.AppStore|ARM64.ActiveCfg = Debug|Any CPU
		{EE7DA0E2-3A7B-48CC-88B4-66B1D040689D}.AppStore|ARM64.Build.0 = Debug|Any CPU
		{EE7DA0E2-3A7B-48CC-88B4-66B1D040689D}.AppStore|ARM64.Deploy.0 = Debug|Any CPU
		{EE7DA0E2-3A7B-48CC-88B4-66B1D040689D}.AppStore|iPhone.ActiveCfg = Debug|Any CPU
		{EE7DA0E2-3A7B-48CC-88B4-66B1D040689D}.AppStore|iPhone.Build.0 = Debug|Any CPU
		{EE7DA0E2-3A7B-48CC-88B4-66B1D040689D}.AppStore|iPhone.Deploy.0 = Debug|Any CPU
		{EE7DA0E2-3A7B-48CC-88B4-66B1D040689D}.AppStore|iPhoneSimulator.ActiveCfg = Debug|Any CPU
		{EE7DA0E2-3A7B-48CC-88B4-66B1D040689D}.AppStore|iPhoneSimulator.Build.0 = Debug|Any CPU
		{EE7DA0E2-3A7B-48CC-88B4-66B1D040689D}.AppStore|iPhoneSimulator.Deploy.0 = Debug|Any CPU
		{EE7DA0E2-3A7B-48CC-88B4-66B1D040689D}.AppStore|x64.ActiveCfg = Debug|Any CPU
		{EE7DA0E2-3A7B-48CC-88B4-66B1D040689D}.AppStore|x64.Build.0 = Debug|Any CPU
		{EE7DA0E2-3A7B-48CC-88B4-66B1D040689D}.AppStore|x64.Deploy.0 = Debug|Any CPU
		{EE7DA0E2-3A7B-48CC-88B4-66B1D040689D}.AppStore|x86.ActiveCfg = Debug|Any CPU
		{EE7DA0E2-3A7B-48CC-88B4-66B1D040689D}.AppStore|x86.Build.0 = Debug|Any CPU
		{EE7DA0E2-3A7B-48CC-88B4-66B1D040689D}.AppStore|x86.Deploy.0 = Debug|Any CPU
		{EE7DA0E2-3A7B-48CC-88B4-66B1D040689D}.Debug|Any CPU.ActiveCfg = Debug|Any CPU
		{EE7DA0E2-3A7B-48CC-88B4-66B1D040689D}.Debug|Any CPU.Build.0 = Debug|Any CPU
		{EE7DA0E2-3A7B-48CC-88B4-66B1D040689D}.Debug|Any CPU.Deploy.0 = Debug|Any CPU
		{EE7DA0E2-3A7B-48CC-88B4-66B1D040689D}.Debug|ARM.ActiveCfg = Debug|Any CPU
		{EE7DA0E2-3A7B-48CC-88B4-66B1D040689D}.Debug|ARM.Build.0 = Debug|Any CPU
		{EE7DA0E2-3A7B-48CC-88B4-66B1D040689D}.Debug|ARM.Deploy.0 = Debug|Any CPU
		{EE7DA0E2-3A7B-48CC-88B4-66B1D040689D}.Debug|ARM64.ActiveCfg = Debug|Any CPU
		{EE7DA0E2-3A7B-48CC-88B4-66B1D040689D}.Debug|ARM64.Build.0 = Debug|Any CPU
		{EE7DA0E2-3A7B-48CC-88B4-66B1D040689D}.Debug|ARM64.Deploy.0 = Debug|Any CPU
		{EE7DA0E2-3A7B-48CC-88B4-66B1D040689D}.Debug|iPhone.ActiveCfg = Debug|Any CPU
		{EE7DA0E2-3A7B-48CC-88B4-66B1D040689D}.Debug|iPhone.Build.0 = Debug|Any CPU
		{EE7DA0E2-3A7B-48CC-88B4-66B1D040689D}.Debug|iPhone.Deploy.0 = Debug|Any CPU
		{EE7DA0E2-3A7B-48CC-88B4-66B1D040689D}.Debug|iPhoneSimulator.ActiveCfg = Debug|Any CPU
		{EE7DA0E2-3A7B-48CC-88B4-66B1D040689D}.Debug|iPhoneSimulator.Build.0 = Debug|Any CPU
		{EE7DA0E2-3A7B-48CC-88B4-66B1D040689D}.Debug|iPhoneSimulator.Deploy.0 = Debug|Any CPU
		{EE7DA0E2-3A7B-48CC-88B4-66B1D040689D}.Debug|x64.ActiveCfg = Debug|Any CPU
		{EE7DA0E2-3A7B-48CC-88B4-66B1D040689D}.Debug|x64.Build.0 = Debug|Any CPU
		{EE7DA0E2-3A7B-48CC-88B4-66B1D040689D}.Debug|x64.Deploy.0 = Debug|Any CPU
		{EE7DA0E2-3A7B-48CC-88B4-66B1D040689D}.Debug|x86.ActiveCfg = Debug|Any CPU
		{EE7DA0E2-3A7B-48CC-88B4-66B1D040689D}.Debug|x86.Build.0 = Debug|Any CPU
		{EE7DA0E2-3A7B-48CC-88B4-66B1D040689D}.Debug|x86.Deploy.0 = Debug|Any CPU
		{EE7DA0E2-3A7B-48CC-88B4-66B1D040689D}.Release|Any CPU.ActiveCfg = Release|Any CPU
		{EE7DA0E2-3A7B-48CC-88B4-66B1D040689D}.Release|Any CPU.Build.0 = Release|Any CPU
		{EE7DA0E2-3A7B-48CC-88B4-66B1D040689D}.Release|Any CPU.Deploy.0 = Release|Any CPU
		{EE7DA0E2-3A7B-48CC-88B4-66B1D040689D}.Release|ARM.ActiveCfg = Release|Any CPU
		{EE7DA0E2-3A7B-48CC-88B4-66B1D040689D}.Release|ARM.Build.0 = Release|Any CPU
		{EE7DA0E2-3A7B-48CC-88B4-66B1D040689D}.Release|ARM.Deploy.0 = Release|Any CPU
		{EE7DA0E2-3A7B-48CC-88B4-66B1D040689D}.Release|ARM64.ActiveCfg = Release|Any CPU
		{EE7DA0E2-3A7B-48CC-88B4-66B1D040689D}.Release|ARM64.Build.0 = Release|Any CPU
		{EE7DA0E2-3A7B-48CC-88B4-66B1D040689D}.Release|ARM64.Deploy.0 = Release|Any CPU
		{EE7DA0E2-3A7B-48CC-88B4-66B1D040689D}.Release|iPhone.ActiveCfg = Release|Any CPU
		{EE7DA0E2-3A7B-48CC-88B4-66B1D040689D}.Release|iPhone.Build.0 = Release|Any CPU
		{EE7DA0E2-3A7B-48CC-88B4-66B1D040689D}.Release|iPhone.Deploy.0 = Release|Any CPU
		{EE7DA0E2-3A7B-48CC-88B4-66B1D040689D}.Release|iPhoneSimulator.ActiveCfg = Release|Any CPU
		{EE7DA0E2-3A7B-48CC-88B4-66B1D040689D}.Release|iPhoneSimulator.Build.0 = Release|Any CPU
		{EE7DA0E2-3A7B-48CC-88B4-66B1D040689D}.Release|iPhoneSimulator.Deploy.0 = Release|Any CPU
		{EE7DA0E2-3A7B-48CC-88B4-66B1D040689D}.Release|x64.ActiveCfg = Release|Any CPU
		{EE7DA0E2-3A7B-48CC-88B4-66B1D040689D}.Release|x64.Build.0 = Release|Any CPU
		{EE7DA0E2-3A7B-48CC-88B4-66B1D040689D}.Release|x64.Deploy.0 = Release|Any CPU
		{EE7DA0E2-3A7B-48CC-88B4-66B1D040689D}.Release|x86.ActiveCfg = Release|Any CPU
		{EE7DA0E2-3A7B-48CC-88B4-66B1D040689D}.Release|x86.Build.0 = Release|Any CPU
		{EE7DA0E2-3A7B-48CC-88B4-66B1D040689D}.Release|x86.Deploy.0 = Release|Any CPU
		{F3DC419D-D543-4EFF-950B-85A926453BA9}.Ad-Hoc|Any CPU.ActiveCfg = Debug|Any CPU
		{F3DC419D-D543-4EFF-950B-85A926453BA9}.Ad-Hoc|Any CPU.Build.0 = Debug|Any CPU
		{F3DC419D-D543-4EFF-950B-85A926453BA9}.Ad-Hoc|ARM.ActiveCfg = Debug|Any CPU
		{F3DC419D-D543-4EFF-950B-85A926453BA9}.Ad-Hoc|ARM.Build.0 = Debug|Any CPU
		{F3DC419D-D543-4EFF-950B-85A926453BA9}.Ad-Hoc|ARM64.ActiveCfg = Debug|Any CPU
		{F3DC419D-D543-4EFF-950B-85A926453BA9}.Ad-Hoc|ARM64.Build.0 = Debug|Any CPU
		{F3DC419D-D543-4EFF-950B-85A926453BA9}.Ad-Hoc|iPhone.ActiveCfg = Debug|Any CPU
		{F3DC419D-D543-4EFF-950B-85A926453BA9}.Ad-Hoc|iPhone.Build.0 = Debug|Any CPU
		{F3DC419D-D543-4EFF-950B-85A926453BA9}.Ad-Hoc|iPhoneSimulator.ActiveCfg = Debug|Any CPU
		{F3DC419D-D543-4EFF-950B-85A926453BA9}.Ad-Hoc|iPhoneSimulator.Build.0 = Debug|Any CPU
		{F3DC419D-D543-4EFF-950B-85A926453BA9}.Ad-Hoc|x64.ActiveCfg = Debug|Any CPU
		{F3DC419D-D543-4EFF-950B-85A926453BA9}.Ad-Hoc|x64.Build.0 = Debug|Any CPU
		{F3DC419D-D543-4EFF-950B-85A926453BA9}.Ad-Hoc|x86.ActiveCfg = Debug|Any CPU
		{F3DC419D-D543-4EFF-950B-85A926453BA9}.Ad-Hoc|x86.Build.0 = Debug|Any CPU
		{F3DC419D-D543-4EFF-950B-85A926453BA9}.AppStore|Any CPU.ActiveCfg = Debug|Any CPU
		{F3DC419D-D543-4EFF-950B-85A926453BA9}.AppStore|Any CPU.Build.0 = Debug|Any CPU
		{F3DC419D-D543-4EFF-950B-85A926453BA9}.AppStore|ARM.ActiveCfg = Debug|Any CPU
		{F3DC419D-D543-4EFF-950B-85A926453BA9}.AppStore|ARM.Build.0 = Debug|Any CPU
		{F3DC419D-D543-4EFF-950B-85A926453BA9}.AppStore|ARM64.ActiveCfg = Debug|Any CPU
		{F3DC419D-D543-4EFF-950B-85A926453BA9}.AppStore|ARM64.Build.0 = Debug|Any CPU
		{F3DC419D-D543-4EFF-950B-85A926453BA9}.AppStore|iPhone.ActiveCfg = Debug|Any CPU
		{F3DC419D-D543-4EFF-950B-85A926453BA9}.AppStore|iPhone.Build.0 = Debug|Any CPU
		{F3DC419D-D543-4EFF-950B-85A926453BA9}.AppStore|iPhoneSimulator.ActiveCfg = Debug|Any CPU
		{F3DC419D-D543-4EFF-950B-85A926453BA9}.AppStore|iPhoneSimulator.Build.0 = Debug|Any CPU
		{F3DC419D-D543-4EFF-950B-85A926453BA9}.AppStore|x64.ActiveCfg = Debug|Any CPU
		{F3DC419D-D543-4EFF-950B-85A926453BA9}.AppStore|x64.Build.0 = Debug|Any CPU
		{F3DC419D-D543-4EFF-950B-85A926453BA9}.AppStore|x86.ActiveCfg = Debug|Any CPU
		{F3DC419D-D543-4EFF-950B-85A926453BA9}.AppStore|x86.Build.0 = Debug|Any CPU
		{F3DC419D-D543-4EFF-950B-85A926453BA9}.Debug|Any CPU.ActiveCfg = Debug|Any CPU
		{F3DC419D-D543-4EFF-950B-85A926453BA9}.Debug|Any CPU.Build.0 = Debug|Any CPU
		{F3DC419D-D543-4EFF-950B-85A926453BA9}.Debug|ARM.ActiveCfg = Debug|ARM
		{F3DC419D-D543-4EFF-950B-85A926453BA9}.Debug|ARM.Build.0 = Debug|ARM
		{F3DC419D-D543-4EFF-950B-85A926453BA9}.Debug|ARM64.ActiveCfg = Debug|Any CPU
		{F3DC419D-D543-4EFF-950B-85A926453BA9}.Debug|ARM64.Build.0 = Debug|Any CPU
		{F3DC419D-D543-4EFF-950B-85A926453BA9}.Debug|iPhone.ActiveCfg = Debug|Any CPU
		{F3DC419D-D543-4EFF-950B-85A926453BA9}.Debug|iPhone.Build.0 = Debug|Any CPU
		{F3DC419D-D543-4EFF-950B-85A926453BA9}.Debug|iPhoneSimulator.ActiveCfg = Debug|Any CPU
		{F3DC419D-D543-4EFF-950B-85A926453BA9}.Debug|iPhoneSimulator.Build.0 = Debug|Any CPU
		{F3DC419D-D543-4EFF-950B-85A926453BA9}.Debug|x64.ActiveCfg = Debug|x64
		{F3DC419D-D543-4EFF-950B-85A926453BA9}.Debug|x64.Build.0 = Debug|x64
		{F3DC419D-D543-4EFF-950B-85A926453BA9}.Debug|x86.ActiveCfg = Debug|Any CPU
		{F3DC419D-D543-4EFF-950B-85A926453BA9}.Debug|x86.Build.0 = Debug|Any CPU
		{F3DC419D-D543-4EFF-950B-85A926453BA9}.Release|Any CPU.ActiveCfg = Release|Any CPU
		{F3DC419D-D543-4EFF-950B-85A926453BA9}.Release|Any CPU.Build.0 = Release|Any CPU
		{F3DC419D-D543-4EFF-950B-85A926453BA9}.Release|ARM.ActiveCfg = Release|Any CPU
		{F3DC419D-D543-4EFF-950B-85A926453BA9}.Release|ARM.Build.0 = Release|Any CPU
		{F3DC419D-D543-4EFF-950B-85A926453BA9}.Release|ARM64.ActiveCfg = Release|Any CPU
		{F3DC419D-D543-4EFF-950B-85A926453BA9}.Release|ARM64.Build.0 = Release|Any CPU
		{F3DC419D-D543-4EFF-950B-85A926453BA9}.Release|iPhone.ActiveCfg = Release|Any CPU
		{F3DC419D-D543-4EFF-950B-85A926453BA9}.Release|iPhone.Build.0 = Release|Any CPU
		{F3DC419D-D543-4EFF-950B-85A926453BA9}.Release|iPhoneSimulator.ActiveCfg = Release|Any CPU
		{F3DC419D-D543-4EFF-950B-85A926453BA9}.Release|iPhoneSimulator.Build.0 = Release|Any CPU
		{F3DC419D-D543-4EFF-950B-85A926453BA9}.Release|x64.ActiveCfg = Release|Any CPU
		{F3DC419D-D543-4EFF-950B-85A926453BA9}.Release|x64.Build.0 = Release|Any CPU
		{F3DC419D-D543-4EFF-950B-85A926453BA9}.Release|x86.ActiveCfg = Release|Any CPU
		{F3DC419D-D543-4EFF-950B-85A926453BA9}.Release|x86.Build.0 = Release|Any CPU
	EndGlobalSection
	GlobalSection(SolutionProperties) = preSolution
		HideSolutionNode = FALSE
	EndGlobalSection
	GlobalSection(NestedProjects) = preSolution
		{48F71DD5-805C-4D7E-8F8A-4DA35A984919} = {89735E29-8BBC-4681-AEE6-EAEF1741505F}
		{BB5FFAAB-E912-4AB9-B463-05A35D9C7DCB} = {89735E29-8BBC-4681-AEE6-EAEF1741505F}
		{E80CE69E-8C38-4214-AA65-137099CCF81A} = {89735E29-8BBC-4681-AEE6-EAEF1741505F}
		{F23D0EFE-2C91-4976-9DCB-065B91FC2797} = {89735E29-8BBC-4681-AEE6-EAEF1741505F}
		{4BE4CA0D-43A1-4ED4-B7DA-909654FEC5CE} = {89735E29-8BBC-4681-AEE6-EAEF1741505F}
		{9BE61232-D99A-401C-B9EA-617B3860A5E5} = {89735E29-8BBC-4681-AEE6-EAEF1741505F}
		{8D3D7E9C-1EA4-4580-B60E-C656A209E32D} = {089E9A13-7F14-4C9F-B35E-CB3EFEC8C678}
		{189019A6-FA1E-41C9-84F7-4849448953EB} = {089E9A13-7F14-4C9F-B35E-CB3EFEC8C678}
		{E2BD00DD-EEE5-4709-B241-4D2A9B21B526} = {089E9A13-7F14-4C9F-B35E-CB3EFEC8C678}
		{B5CAB303-0E5F-4A8D-A3D6-644DAA6C207F} = {089E9A13-7F14-4C9F-B35E-CB3EFEC8C678}
		{EE7DA0E2-3A7B-48CC-88B4-66B1D040689D} = {89735E29-8BBC-4681-AEE6-EAEF1741505F}
	EndGlobalSection
	GlobalSection(ExtensibilityGlobals) = postSolution
		SolutionGuid = {BB4DF560-2A3F-49E2-9693-D8014F988057}
	EndGlobalSection
	GlobalSection(SharedMSBuildProjectFiles) = preSolution
		Project2FA\Project2FA.Shared\Project2FA.Shared.projitems*{48f71dd5-805c-4d7e-8f8a-4da35a984919}*SharedItemsImports = 5
		Project2FA\Project2FA.Shared\Project2FA.Shared.projitems*{6279c845-92f8-4333-ab99-3d213163593c}*SharedItemsImports = 13
		Project2FA\Project2FA.Shared\Project2FA.Shared.projitems*{9be61232-d99a-401c-b9ea-617b3860a5e5}*SharedItemsImports = 5
		Project2FA\Project2FA.Shared\Project2FA.Shared.projitems*{bb5ffaab-e912-4ab9-b463-05a35d9c7dcb}*SharedItemsImports = 5
		Project2FA\Project2FA.Shared\Project2FA.Shared.projitems*{e80ce69e-8c38-4214-aa65-137099ccf81a}*SharedItemsImports = 5
		Project2FA\Project2FA.Shared\Project2FA.Shared.projitems*{ee7da0e2-3a7b-48cc-88b4-66b1d040689d}*SharedItemsImports = 5
	EndGlobalSection
EndGlobal
