
Microsoft Visual Studio Solution File, Format Version 12.00
# Visual Studio Version 16
VisualStudioVersion = 16.0.28803.352
MinimumVisualStudioVersion = 10.0.40219.1
Project("{FAE04EC0-301F-11D3-BF4B-00C04F79EFBC}") = "Project2FA.UWP", "Project2FA.UWP\Project2FA.UWP.csproj", "{F23D0EFE-2C91-4976-9DCB-065B91FC2797}"
EndProject
Project("{2150E333-8FDC-42A3-9474-1A3956D46DE8}") = "Template10", "Template10", "{089E9A13-7F14-4C9F-B35E-CB3EFEC8C678}"
EndProject
Project("{9A19103F-16F7-4668-BE54-9A1E7A4F7556}") = "Prism.Unity.Windows", "Template10\Source\Prism.Unity.Windows\Prism.Unity.Windows.csproj", "{CC3018EB-6D2B-4306-94A1-3A7CBA7A8F18}"
EndProject
Project("{9A19103F-16F7-4668-BE54-9A1E7A4F7556}") = "WebDAVClientPortable", "WebDAVClientPortable\WebDAVClientPortable.csproj", "{3BB48D5F-B0FF-48BF-A4CC-E40EFFE478ED}"
EndProject
Project("{9A19103F-16F7-4668-BE54-9A1E7A4F7556}") = "Template10.Extras", "Template10\Source\Template10.Extras\Template10.Extras.csproj", "{9BB18D4B-BCDD-43C9-A7C2-416D13DD39A6}"
EndProject
Project("{9A19103F-16F7-4668-BE54-9A1E7A4F7556}") = "Prism.Windows", "Template10\Source\Prism.Windows\Prism.Windows.csproj", "{47DF18D2-B674-4A9D-B7D9-3FA6C76F11F2}"
EndProject
Project("{9A19103F-16F7-4668-BE54-9A1E7A4F7556}") = "Project2FA", "Project2FA\Project2FA.csproj", "{CF5D04F3-DF14-4100-A880-4F969E6AF3B8}"
EndProject
Project("{FAE04EC0-301F-11D3-BF4B-00C04F79EFBC}") = "Project2FA.Android", "Project2FA.Android\Project2FA.Android.csproj", "{58E0120C-F917-42C9-9C2A-8503FD6AA60A}"
EndProject
Project("{9A19103F-16F7-4668-BE54-9A1E7A4F7556}") = "Project2FA.Core", "Project2FA.Core\Project2FA.Core.csproj", "{5A483A88-A340-40C6-A2B6-956AEF81C854}"
EndProject
Project("{FAE04EC0-301F-11D3-BF4B-00C04F79EFBC}") = "Project2FA.iOS", "Project2FA.iOS\Project2FA.iOS.csproj", "{60E0CBD4-1CFC-45E1-B14E-868B81846F8E}"
EndProject
Project("{9A19103F-16F7-4668-BE54-9A1E7A4F7556}") = "Project2FA.Repository", "Project2FA.Repository\Project2FA.Repository.csproj", "{91DC4DEE-F0B4-49D9-B1D8-CF8009C19B82}"
EndProject
Global
	GlobalSection(SolutionConfigurationPlatforms) = preSolution
		Ad-Hoc|Any CPU = Ad-Hoc|Any CPU
		Ad-Hoc|ARM = Ad-Hoc|ARM
		Ad-Hoc|ARM64 = Ad-Hoc|ARM64
		Ad-Hoc|iPhone = Ad-Hoc|iPhone
		Ad-Hoc|iPhoneSimulator = Ad-Hoc|iPhoneSimulator
		Ad-Hoc|x64 = Ad-Hoc|x64
		Ad-Hoc|x86 = Ad-Hoc|x86
		AppStore|Any CPU = AppStore|Any CPU
		AppStore|ARM = AppStore|ARM
		AppStore|ARM64 = AppStore|ARM64
		AppStore|iPhone = AppStore|iPhone
		AppStore|iPhoneSimulator = AppStore|iPhoneSimulator
		AppStore|x64 = AppStore|x64
		AppStore|x86 = AppStore|x86
		Debug|Any CPU = Debug|Any CPU
		Debug|ARM = Debug|ARM
		Debug|ARM64 = Debug|ARM64
		Debug|iPhone = Debug|iPhone
		Debug|iPhoneSimulator = Debug|iPhoneSimulator
		Debug|x64 = Debug|x64
		Debug|x86 = Debug|x86
		Release|Any CPU = Release|Any CPU
		Release|ARM = Release|ARM
		Release|ARM64 = Release|ARM64
		Release|iPhone = Release|iPhone
		Release|iPhoneSimulator = Release|iPhoneSimulator
		Release|x64 = Release|x64
		Release|x86 = Release|x86
	EndGlobalSection
	GlobalSection(ProjectConfigurationPlatforms) = postSolution
		{F23D0EFE-2C91-4976-9DCB-065B91FC2797}.Ad-Hoc|Any CPU.ActiveCfg = Release|x64
		{F23D0EFE-2C91-4976-9DCB-065B91FC2797}.Ad-Hoc|Any CPU.Build.0 = Release|x64
		{F23D0EFE-2C91-4976-9DCB-065B91FC2797}.Ad-Hoc|Any CPU.Deploy.0 = Release|x64
		{F23D0EFE-2C91-4976-9DCB-065B91FC2797}.Ad-Hoc|ARM.ActiveCfg = Release|ARM
		{F23D0EFE-2C91-4976-9DCB-065B91FC2797}.Ad-Hoc|ARM.Build.0 = Release|ARM
		{F23D0EFE-2C91-4976-9DCB-065B91FC2797}.Ad-Hoc|ARM.Deploy.0 = Release|ARM
		{F23D0EFE-2C91-4976-9DCB-065B91FC2797}.Ad-Hoc|ARM64.ActiveCfg = Release|ARM64
		{F23D0EFE-2C91-4976-9DCB-065B91FC2797}.Ad-Hoc|ARM64.Build.0 = Release|ARM64
		{F23D0EFE-2C91-4976-9DCB-065B91FC2797}.Ad-Hoc|ARM64.Deploy.0 = Release|ARM64
		{F23D0EFE-2C91-4976-9DCB-065B91FC2797}.Ad-Hoc|iPhone.ActiveCfg = Release|x64
		{F23D0EFE-2C91-4976-9DCB-065B91FC2797}.Ad-Hoc|iPhone.Build.0 = Release|x64
		{F23D0EFE-2C91-4976-9DCB-065B91FC2797}.Ad-Hoc|iPhone.Deploy.0 = Release|x64
		{F23D0EFE-2C91-4976-9DCB-065B91FC2797}.Ad-Hoc|iPhoneSimulator.ActiveCfg = Release|x64
		{F23D0EFE-2C91-4976-9DCB-065B91FC2797}.Ad-Hoc|iPhoneSimulator.Build.0 = Release|x64
		{F23D0EFE-2C91-4976-9DCB-065B91FC2797}.Ad-Hoc|iPhoneSimulator.Deploy.0 = Release|x64
		{F23D0EFE-2C91-4976-9DCB-065B91FC2797}.Ad-Hoc|x64.ActiveCfg = Release|x64
		{F23D0EFE-2C91-4976-9DCB-065B91FC2797}.Ad-Hoc|x64.Build.0 = Release|x64
		{F23D0EFE-2C91-4976-9DCB-065B91FC2797}.Ad-Hoc|x64.Deploy.0 = Release|x64
		{F23D0EFE-2C91-4976-9DCB-065B91FC2797}.Ad-Hoc|x86.ActiveCfg = Release|x86
		{F23D0EFE-2C91-4976-9DCB-065B91FC2797}.Ad-Hoc|x86.Build.0 = Release|x86
		{F23D0EFE-2C91-4976-9DCB-065B91FC2797}.Ad-Hoc|x86.Deploy.0 = Release|x86
		{F23D0EFE-2C91-4976-9DCB-065B91FC2797}.AppStore|Any CPU.ActiveCfg = Release|x64
		{F23D0EFE-2C91-4976-9DCB-065B91FC2797}.AppStore|Any CPU.Build.0 = Release|x64
		{F23D0EFE-2C91-4976-9DCB-065B91FC2797}.AppStore|Any CPU.Deploy.0 = Release|x64
		{F23D0EFE-2C91-4976-9DCB-065B91FC2797}.AppStore|ARM.ActiveCfg = Release|ARM
		{F23D0EFE-2C91-4976-9DCB-065B91FC2797}.AppStore|ARM.Build.0 = Release|ARM
		{F23D0EFE-2C91-4976-9DCB-065B91FC2797}.AppStore|ARM.Deploy.0 = Release|ARM
		{F23D0EFE-2C91-4976-9DCB-065B91FC2797}.AppStore|ARM64.ActiveCfg = Release|ARM64
		{F23D0EFE-2C91-4976-9DCB-065B91FC2797}.AppStore|ARM64.Build.0 = Release|ARM64
		{F23D0EFE-2C91-4976-9DCB-065B91FC2797}.AppStore|ARM64.Deploy.0 = Release|ARM64
		{F23D0EFE-2C91-4976-9DCB-065B91FC2797}.AppStore|iPhone.ActiveCfg = Release|x64
		{F23D0EFE-2C91-4976-9DCB-065B91FC2797}.AppStore|iPhone.Build.0 = Release|x64
		{F23D0EFE-2C91-4976-9DCB-065B91FC2797}.AppStore|iPhone.Deploy.0 = Release|x64
		{F23D0EFE-2C91-4976-9DCB-065B91FC2797}.AppStore|iPhoneSimulator.ActiveCfg = Release|x64
		{F23D0EFE-2C91-4976-9DCB-065B91FC2797}.AppStore|iPhoneSimulator.Build.0 = Release|x64
		{F23D0EFE-2C91-4976-9DCB-065B91FC2797}.AppStore|iPhoneSimulator.Deploy.0 = Release|x64
		{F23D0EFE-2C91-4976-9DCB-065B91FC2797}.AppStore|x64.ActiveCfg = Release|x64
		{F23D0EFE-2C91-4976-9DCB-065B91FC2797}.AppStore|x64.Build.0 = Release|x64
		{F23D0EFE-2C91-4976-9DCB-065B91FC2797}.AppStore|x64.Deploy.0 = Release|x64
		{F23D0EFE-2C91-4976-9DCB-065B91FC2797}.AppStore|x86.ActiveCfg = Release|x86
		{F23D0EFE-2C91-4976-9DCB-065B91FC2797}.AppStore|x86.Build.0 = Release|x86
		{F23D0EFE-2C91-4976-9DCB-065B91FC2797}.AppStore|x86.Deploy.0 = Release|x86
		{F23D0EFE-2C91-4976-9DCB-065B91FC2797}.Debug|Any CPU.ActiveCfg = Debug|x86
		{F23D0EFE-2C91-4976-9DCB-065B91FC2797}.Debug|ARM.ActiveCfg = Debug|ARM
		{F23D0EFE-2C91-4976-9DCB-065B91FC2797}.Debug|ARM.Build.0 = Debug|ARM
		{F23D0EFE-2C91-4976-9DCB-065B91FC2797}.Debug|ARM.Deploy.0 = Debug|ARM
		{F23D0EFE-2C91-4976-9DCB-065B91FC2797}.Debug|ARM64.ActiveCfg = Debug|ARM64
		{F23D0EFE-2C91-4976-9DCB-065B91FC2797}.Debug|ARM64.Build.0 = Debug|ARM64
		{F23D0EFE-2C91-4976-9DCB-065B91FC2797}.Debug|ARM64.Deploy.0 = Debug|ARM64
		{F23D0EFE-2C91-4976-9DCB-065B91FC2797}.Debug|iPhone.ActiveCfg = Debug|x86
		{F23D0EFE-2C91-4976-9DCB-065B91FC2797}.Debug|iPhoneSimulator.ActiveCfg = Debug|x86
		{F23D0EFE-2C91-4976-9DCB-065B91FC2797}.Debug|x64.ActiveCfg = Debug|x64
		{F23D0EFE-2C91-4976-9DCB-065B91FC2797}.Debug|x64.Build.0 = Debug|x64
		{F23D0EFE-2C91-4976-9DCB-065B91FC2797}.Debug|x64.Deploy.0 = Debug|x64
		{F23D0EFE-2C91-4976-9DCB-065B91FC2797}.Debug|x86.ActiveCfg = Debug|x86
		{F23D0EFE-2C91-4976-9DCB-065B91FC2797}.Debug|x86.Build.0 = Debug|x86
		{F23D0EFE-2C91-4976-9DCB-065B91FC2797}.Debug|x86.Deploy.0 = Debug|x86
		{F23D0EFE-2C91-4976-9DCB-065B91FC2797}.Release|Any CPU.ActiveCfg = Release|x86
		{F23D0EFE-2C91-4976-9DCB-065B91FC2797}.Release|ARM.ActiveCfg = Release|ARM
		{F23D0EFE-2C91-4976-9DCB-065B91FC2797}.Release|ARM.Build.0 = Release|ARM
		{F23D0EFE-2C91-4976-9DCB-065B91FC2797}.Release|ARM.Deploy.0 = Release|ARM
		{F23D0EFE-2C91-4976-9DCB-065B91FC2797}.Release|ARM64.ActiveCfg = Release|ARM64
		{F23D0EFE-2C91-4976-9DCB-065B91FC2797}.Release|ARM64.Build.0 = Release|ARM64
		{F23D0EFE-2C91-4976-9DCB-065B91FC2797}.Release|ARM64.Deploy.0 = Release|ARM64
		{F23D0EFE-2C91-4976-9DCB-065B91FC2797}.Release|iPhone.ActiveCfg = Release|x86
		{F23D0EFE-2C91-4976-9DCB-065B91FC2797}.Release|iPhoneSimulator.ActiveCfg = Release|x86
		{F23D0EFE-2C91-4976-9DCB-065B91FC2797}.Release|x64.ActiveCfg = Release|x64
		{F23D0EFE-2C91-4976-9DCB-065B91FC2797}.Release|x64.Build.0 = Release|x64
		{F23D0EFE-2C91-4976-9DCB-065B91FC2797}.Release|x64.Deploy.0 = Release|x64
		{F23D0EFE-2C91-4976-9DCB-065B91FC2797}.Release|x86.ActiveCfg = Release|x86
		{F23D0EFE-2C91-4976-9DCB-065B91FC2797}.Release|x86.Build.0 = Release|x86
		{F23D0EFE-2C91-4976-9DCB-065B91FC2797}.Release|x86.Deploy.0 = Release|x86
		{CC3018EB-6D2B-4306-94A1-3A7CBA7A8F18}.Ad-Hoc|Any CPU.ActiveCfg = Release|Any CPU
		{CC3018EB-6D2B-4306-94A1-3A7CBA7A8F18}.Ad-Hoc|Any CPU.Build.0 = Release|Any CPU
		{CC3018EB-6D2B-4306-94A1-3A7CBA7A8F18}.Ad-Hoc|ARM.ActiveCfg = Release|ARM
		{CC3018EB-6D2B-4306-94A1-3A7CBA7A8F18}.Ad-Hoc|ARM.Build.0 = Release|ARM
		{CC3018EB-6D2B-4306-94A1-3A7CBA7A8F18}.Ad-Hoc|ARM64.ActiveCfg = Release|ARM64
		{CC3018EB-6D2B-4306-94A1-3A7CBA7A8F18}.Ad-Hoc|ARM64.Build.0 = Release|ARM64
		{CC3018EB-6D2B-4306-94A1-3A7CBA7A8F18}.Ad-Hoc|iPhone.ActiveCfg = Release|Any CPU
		{CC3018EB-6D2B-4306-94A1-3A7CBA7A8F18}.Ad-Hoc|iPhone.Build.0 = Release|Any CPU
		{CC3018EB-6D2B-4306-94A1-3A7CBA7A8F18}.Ad-Hoc|iPhoneSimulator.ActiveCfg = Release|Any CPU
		{CC3018EB-6D2B-4306-94A1-3A7CBA7A8F18}.Ad-Hoc|iPhoneSimulator.Build.0 = Release|Any CPU
		{CC3018EB-6D2B-4306-94A1-3A7CBA7A8F18}.Ad-Hoc|x64.ActiveCfg = Release|x64
		{CC3018EB-6D2B-4306-94A1-3A7CBA7A8F18}.Ad-Hoc|x64.Build.0 = Release|x64
		{CC3018EB-6D2B-4306-94A1-3A7CBA7A8F18}.Ad-Hoc|x86.ActiveCfg = Release|x86
		{CC3018EB-6D2B-4306-94A1-3A7CBA7A8F18}.Ad-Hoc|x86.Build.0 = Release|x86
		{CC3018EB-6D2B-4306-94A1-3A7CBA7A8F18}.AppStore|Any CPU.ActiveCfg = Release|Any CPU
		{CC3018EB-6D2B-4306-94A1-3A7CBA7A8F18}.AppStore|Any CPU.Build.0 = Release|Any CPU
		{CC3018EB-6D2B-4306-94A1-3A7CBA7A8F18}.AppStore|ARM.ActiveCfg = Release|ARM
		{CC3018EB-6D2B-4306-94A1-3A7CBA7A8F18}.AppStore|ARM.Build.0 = Release|ARM
		{CC3018EB-6D2B-4306-94A1-3A7CBA7A8F18}.AppStore|ARM64.ActiveCfg = Release|ARM64
		{CC3018EB-6D2B-4306-94A1-3A7CBA7A8F18}.AppStore|ARM64.Build.0 = Release|ARM64
		{CC3018EB-6D2B-4306-94A1-3A7CBA7A8F18}.AppStore|iPhone.ActiveCfg = Release|Any CPU
		{CC3018EB-6D2B-4306-94A1-3A7CBA7A8F18}.AppStore|iPhone.Build.0 = Release|Any CPU
		{CC3018EB-6D2B-4306-94A1-3A7CBA7A8F18}.AppStore|iPhoneSimulator.ActiveCfg = Release|Any CPU
		{CC3018EB-6D2B-4306-94A1-3A7CBA7A8F18}.AppStore|iPhoneSimulator.Build.0 = Release|Any CPU
		{CC3018EB-6D2B-4306-94A1-3A7CBA7A8F18}.AppStore|x64.ActiveCfg = Release|x64
		{CC3018EB-6D2B-4306-94A1-3A7CBA7A8F18}.AppStore|x64.Build.0 = Release|x64
		{CC3018EB-6D2B-4306-94A1-3A7CBA7A8F18}.AppStore|x86.ActiveCfg = Release|x86
		{CC3018EB-6D2B-4306-94A1-3A7CBA7A8F18}.AppStore|x86.Build.0 = Release|x86
		{CC3018EB-6D2B-4306-94A1-3A7CBA7A8F18}.Debug|Any CPU.ActiveCfg = Debug|x86
		{CC3018EB-6D2B-4306-94A1-3A7CBA7A8F18}.Debug|Any CPU.Build.0 = Debug|x86
		{CC3018EB-6D2B-4306-94A1-3A7CBA7A8F18}.Debug|ARM.ActiveCfg = Debug|ARM
		{CC3018EB-6D2B-4306-94A1-3A7CBA7A8F18}.Debug|ARM.Build.0 = Debug|ARM
		{CC3018EB-6D2B-4306-94A1-3A7CBA7A8F18}.Debug|ARM64.ActiveCfg = Debug|ARM64
		{CC3018EB-6D2B-4306-94A1-3A7CBA7A8F18}.Debug|ARM64.Build.0 = Debug|ARM64
		{CC3018EB-6D2B-4306-94A1-3A7CBA7A8F18}.Debug|iPhone.ActiveCfg = Debug|Any CPU
		{CC3018EB-6D2B-4306-94A1-3A7CBA7A8F18}.Debug|iPhone.Build.0 = Debug|Any CPU
		{CC3018EB-6D2B-4306-94A1-3A7CBA7A8F18}.Debug|iPhoneSimulator.ActiveCfg = Debug|Any CPU
		{CC3018EB-6D2B-4306-94A1-3A7CBA7A8F18}.Debug|iPhoneSimulator.Build.0 = Debug|Any CPU
		{CC3018EB-6D2B-4306-94A1-3A7CBA7A8F18}.Debug|x64.ActiveCfg = Debug|x64
		{CC3018EB-6D2B-4306-94A1-3A7CBA7A8F18}.Debug|x64.Build.0 = Debug|x64
		{CC3018EB-6D2B-4306-94A1-3A7CBA7A8F18}.Debug|x86.ActiveCfg = Debug|x86
		{CC3018EB-6D2B-4306-94A1-3A7CBA7A8F18}.Debug|x86.Build.0 = Debug|x86
		{CC3018EB-6D2B-4306-94A1-3A7CBA7A8F18}.Release|Any CPU.ActiveCfg = Release|x64
		{CC3018EB-6D2B-4306-94A1-3A7CBA7A8F18}.Release|Any CPU.Build.0 = Release|x64
		{CC3018EB-6D2B-4306-94A1-3A7CBA7A8F18}.Release|ARM.ActiveCfg = Release|ARM
		{CC3018EB-6D2B-4306-94A1-3A7CBA7A8F18}.Release|ARM.Build.0 = Release|ARM
		{CC3018EB-6D2B-4306-94A1-3A7CBA7A8F18}.Release|ARM64.ActiveCfg = Release|ARM64
		{CC3018EB-6D2B-4306-94A1-3A7CBA7A8F18}.Release|ARM64.Build.0 = Release|ARM64
		{CC3018EB-6D2B-4306-94A1-3A7CBA7A8F18}.Release|iPhone.ActiveCfg = Release|Any CPU
		{CC3018EB-6D2B-4306-94A1-3A7CBA7A8F18}.Release|iPhone.Build.0 = Release|Any CPU
		{CC3018EB-6D2B-4306-94A1-3A7CBA7A8F18}.Release|iPhoneSimulator.ActiveCfg = Release|Any CPU
		{CC3018EB-6D2B-4306-94A1-3A7CBA7A8F18}.Release|iPhoneSimulator.Build.0 = Release|Any CPU
		{CC3018EB-6D2B-4306-94A1-3A7CBA7A8F18}.Release|x64.ActiveCfg = Release|x64
		{CC3018EB-6D2B-4306-94A1-3A7CBA7A8F18}.Release|x64.Build.0 = Release|x64
		{CC3018EB-6D2B-4306-94A1-3A7CBA7A8F18}.Release|x86.ActiveCfg = Release|x86
		{CC3018EB-6D2B-4306-94A1-3A7CBA7A8F18}.Release|x86.Build.0 = Release|x86
		{3BB48D5F-B0FF-48BF-A4CC-E40EFFE478ED}.Ad-Hoc|Any CPU.ActiveCfg = Release|Any CPU
		{3BB48D5F-B0FF-48BF-A4CC-E40EFFE478ED}.Ad-Hoc|Any CPU.Build.0 = Release|Any CPU
		{3BB48D5F-B0FF-48BF-A4CC-E40EFFE478ED}.Ad-Hoc|ARM.ActiveCfg = Release|Any CPU
		{3BB48D5F-B0FF-48BF-A4CC-E40EFFE478ED}.Ad-Hoc|ARM.Build.0 = Release|Any CPU
		{3BB48D5F-B0FF-48BF-A4CC-E40EFFE478ED}.Ad-Hoc|ARM64.ActiveCfg = Release|Any CPU
		{3BB48D5F-B0FF-48BF-A4CC-E40EFFE478ED}.Ad-Hoc|ARM64.Build.0 = Release|Any CPU
		{3BB48D5F-B0FF-48BF-A4CC-E40EFFE478ED}.Ad-Hoc|iPhone.ActiveCfg = Release|Any CPU
		{3BB48D5F-B0FF-48BF-A4CC-E40EFFE478ED}.Ad-Hoc|iPhone.Build.0 = Release|Any CPU
		{3BB48D5F-B0FF-48BF-A4CC-E40EFFE478ED}.Ad-Hoc|iPhoneSimulator.ActiveCfg = Release|Any CPU
		{3BB48D5F-B0FF-48BF-A4CC-E40EFFE478ED}.Ad-Hoc|iPhoneSimulator.Build.0 = Release|Any CPU
		{3BB48D5F-B0FF-48BF-A4CC-E40EFFE478ED}.Ad-Hoc|x64.ActiveCfg = Release|x64
		{3BB48D5F-B0FF-48BF-A4CC-E40EFFE478ED}.Ad-Hoc|x64.Build.0 = Release|x64
		{3BB48D5F-B0FF-48BF-A4CC-E40EFFE478ED}.Ad-Hoc|x86.ActiveCfg = Release|x86
		{3BB48D5F-B0FF-48BF-A4CC-E40EFFE478ED}.Ad-Hoc|x86.Build.0 = Release|x86
		{3BB48D5F-B0FF-48BF-A4CC-E40EFFE478ED}.AppStore|Any CPU.ActiveCfg = Release|Any CPU
		{3BB48D5F-B0FF-48BF-A4CC-E40EFFE478ED}.AppStore|Any CPU.Build.0 = Release|Any CPU
		{3BB48D5F-B0FF-48BF-A4CC-E40EFFE478ED}.AppStore|ARM.ActiveCfg = Release|Any CPU
		{3BB48D5F-B0FF-48BF-A4CC-E40EFFE478ED}.AppStore|ARM.Build.0 = Release|Any CPU
		{3BB48D5F-B0FF-48BF-A4CC-E40EFFE478ED}.AppStore|ARM64.ActiveCfg = Release|Any CPU
		{3BB48D5F-B0FF-48BF-A4CC-E40EFFE478ED}.AppStore|ARM64.Build.0 = Release|Any CPU
		{3BB48D5F-B0FF-48BF-A4CC-E40EFFE478ED}.AppStore|iPhone.ActiveCfg = Release|Any CPU
		{3BB48D5F-B0FF-48BF-A4CC-E40EFFE478ED}.AppStore|iPhone.Build.0 = Release|Any CPU
		{3BB48D5F-B0FF-48BF-A4CC-E40EFFE478ED}.AppStore|iPhoneSimulator.ActiveCfg = Release|Any CPU
		{3BB48D5F-B0FF-48BF-A4CC-E40EFFE478ED}.AppStore|iPhoneSimulator.Build.0 = Release|Any CPU
		{3BB48D5F-B0FF-48BF-A4CC-E40EFFE478ED}.AppStore|x64.ActiveCfg = Release|x64
		{3BB48D5F-B0FF-48BF-A4CC-E40EFFE478ED}.AppStore|x64.Build.0 = Release|x64
		{3BB48D5F-B0FF-48BF-A4CC-E40EFFE478ED}.AppStore|x86.ActiveCfg = Release|x86
		{3BB48D5F-B0FF-48BF-A4CC-E40EFFE478ED}.AppStore|x86.Build.0 = Release|x86
		{3BB48D5F-B0FF-48BF-A4CC-E40EFFE478ED}.Debug|Any CPU.ActiveCfg = Debug|x86
		{3BB48D5F-B0FF-48BF-A4CC-E40EFFE478ED}.Debug|Any CPU.Build.0 = Debug|x86
		{3BB48D5F-B0FF-48BF-A4CC-E40EFFE478ED}.Debug|ARM.ActiveCfg = Debug|ARM
		{3BB48D5F-B0FF-48BF-A4CC-E40EFFE478ED}.Debug|ARM.Build.0 = Debug|ARM
		{3BB48D5F-B0FF-48BF-A4CC-E40EFFE478ED}.Debug|ARM64.ActiveCfg = Debug|ARM64
		{3BB48D5F-B0FF-48BF-A4CC-E40EFFE478ED}.Debug|ARM64.Build.0 = Debug|ARM64
		{3BB48D5F-B0FF-48BF-A4CC-E40EFFE478ED}.Debug|iPhone.ActiveCfg = Debug|Any CPU
		{3BB48D5F-B0FF-48BF-A4CC-E40EFFE478ED}.Debug|iPhone.Build.0 = Debug|Any CPU
		{3BB48D5F-B0FF-48BF-A4CC-E40EFFE478ED}.Debug|iPhoneSimulator.ActiveCfg = Debug|Any CPU
		{3BB48D5F-B0FF-48BF-A4CC-E40EFFE478ED}.Debug|iPhoneSimulator.Build.0 = Debug|Any CPU
		{3BB48D5F-B0FF-48BF-A4CC-E40EFFE478ED}.Debug|x64.ActiveCfg = Debug|x64
		{3BB48D5F-B0FF-48BF-A4CC-E40EFFE478ED}.Debug|x64.Build.0 = Debug|x64
		{3BB48D5F-B0FF-48BF-A4CC-E40EFFE478ED}.Debug|x86.ActiveCfg = Debug|x86
		{3BB48D5F-B0FF-48BF-A4CC-E40EFFE478ED}.Debug|x86.Build.0 = Debug|x86
		{3BB48D5F-B0FF-48BF-A4CC-E40EFFE478ED}.Release|Any CPU.ActiveCfg = Release|Any CPU
		{3BB48D5F-B0FF-48BF-A4CC-E40EFFE478ED}.Release|Any CPU.Build.0 = Release|Any CPU
		{3BB48D5F-B0FF-48BF-A4CC-E40EFFE478ED}.Release|ARM.ActiveCfg = Release|Any CPU
		{3BB48D5F-B0FF-48BF-A4CC-E40EFFE478ED}.Release|ARM.Build.0 = Release|Any CPU
		{3BB48D5F-B0FF-48BF-A4CC-E40EFFE478ED}.Release|ARM64.ActiveCfg = Release|Any CPU
		{3BB48D5F-B0FF-48BF-A4CC-E40EFFE478ED}.Release|ARM64.Build.0 = Release|Any CPU
		{3BB48D5F-B0FF-48BF-A4CC-E40EFFE478ED}.Release|iPhone.ActiveCfg = Release|Any CPU
		{3BB48D5F-B0FF-48BF-A4CC-E40EFFE478ED}.Release|iPhone.Build.0 = Release|Any CPU
		{3BB48D5F-B0FF-48BF-A4CC-E40EFFE478ED}.Release|iPhoneSimulator.ActiveCfg = Release|Any CPU
		{3BB48D5F-B0FF-48BF-A4CC-E40EFFE478ED}.Release|iPhoneSimulator.Build.0 = Release|Any CPU
		{3BB48D5F-B0FF-48BF-A4CC-E40EFFE478ED}.Release|x64.ActiveCfg = Release|x64
		{3BB48D5F-B0FF-48BF-A4CC-E40EFFE478ED}.Release|x64.Build.0 = Release|x64
		{3BB48D5F-B0FF-48BF-A4CC-E40EFFE478ED}.Release|x86.ActiveCfg = Release|x86
		{3BB48D5F-B0FF-48BF-A4CC-E40EFFE478ED}.Release|x86.Build.0 = Release|x86
		{9BB18D4B-BCDD-43C9-A7C2-416D13DD39A6}.Ad-Hoc|Any CPU.ActiveCfg = Release|Any CPU
		{9BB18D4B-BCDD-43C9-A7C2-416D13DD39A6}.Ad-Hoc|Any CPU.Build.0 = Release|Any CPU
		{9BB18D4B-BCDD-43C9-A7C2-416D13DD39A6}.Ad-Hoc|ARM.ActiveCfg = Release|ARM
		{9BB18D4B-BCDD-43C9-A7C2-416D13DD39A6}.Ad-Hoc|ARM.Build.0 = Release|ARM
		{9BB18D4B-BCDD-43C9-A7C2-416D13DD39A6}.Ad-Hoc|ARM64.ActiveCfg = Release|ARM64
		{9BB18D4B-BCDD-43C9-A7C2-416D13DD39A6}.Ad-Hoc|ARM64.Build.0 = Release|ARM64
		{9BB18D4B-BCDD-43C9-A7C2-416D13DD39A6}.Ad-Hoc|iPhone.ActiveCfg = Release|Any CPU
		{9BB18D4B-BCDD-43C9-A7C2-416D13DD39A6}.Ad-Hoc|iPhone.Build.0 = Release|Any CPU
		{9BB18D4B-BCDD-43C9-A7C2-416D13DD39A6}.Ad-Hoc|iPhoneSimulator.ActiveCfg = Release|Any CPU
		{9BB18D4B-BCDD-43C9-A7C2-416D13DD39A6}.Ad-Hoc|iPhoneSimulator.Build.0 = Release|Any CPU
		{9BB18D4B-BCDD-43C9-A7C2-416D13DD39A6}.Ad-Hoc|x64.ActiveCfg = Release|x64
		{9BB18D4B-BCDD-43C9-A7C2-416D13DD39A6}.Ad-Hoc|x64.Build.0 = Release|x64
		{9BB18D4B-BCDD-43C9-A7C2-416D13DD39A6}.Ad-Hoc|x86.ActiveCfg = Release|x86
		{9BB18D4B-BCDD-43C9-A7C2-416D13DD39A6}.Ad-Hoc|x86.Build.0 = Release|x86
		{9BB18D4B-BCDD-43C9-A7C2-416D13DD39A6}.AppStore|Any CPU.ActiveCfg = Release|Any CPU
		{9BB18D4B-BCDD-43C9-A7C2-416D13DD39A6}.AppStore|Any CPU.Build.0 = Release|Any CPU
		{9BB18D4B-BCDD-43C9-A7C2-416D13DD39A6}.AppStore|ARM.ActiveCfg = Release|ARM
		{9BB18D4B-BCDD-43C9-A7C2-416D13DD39A6}.AppStore|ARM.Build.0 = Release|ARM
		{9BB18D4B-BCDD-43C9-A7C2-416D13DD39A6}.AppStore|ARM64.ActiveCfg = Release|ARM64
		{9BB18D4B-BCDD-43C9-A7C2-416D13DD39A6}.AppStore|ARM64.Build.0 = Release|ARM64
		{9BB18D4B-BCDD-43C9-A7C2-416D13DD39A6}.AppStore|iPhone.ActiveCfg = Release|Any CPU
		{9BB18D4B-BCDD-43C9-A7C2-416D13DD39A6}.AppStore|iPhone.Build.0 = Release|Any CPU
		{9BB18D4B-BCDD-43C9-A7C2-416D13DD39A6}.AppStore|iPhoneSimulator.ActiveCfg = Release|Any CPU
		{9BB18D4B-BCDD-43C9-A7C2-416D13DD39A6}.AppStore|iPhoneSimulator.Build.0 = Release|Any CPU
		{9BB18D4B-BCDD-43C9-A7C2-416D13DD39A6}.AppStore|x64.ActiveCfg = Release|x64
		{9BB18D4B-BCDD-43C9-A7C2-416D13DD39A6}.AppStore|x64.Build.0 = Release|x64
		{9BB18D4B-BCDD-43C9-A7C2-416D13DD39A6}.AppStore|x86.ActiveCfg = Release|x86
		{9BB18D4B-BCDD-43C9-A7C2-416D13DD39A6}.AppStore|x86.Build.0 = Release|x86
		{9BB18D4B-BCDD-43C9-A7C2-416D13DD39A6}.Debug|Any CPU.ActiveCfg = Debug|x86
		{9BB18D4B-BCDD-43C9-A7C2-416D13DD39A6}.Debug|Any CPU.Build.0 = Debug|x86
		{9BB18D4B-BCDD-43C9-A7C2-416D13DD39A6}.Debug|ARM.ActiveCfg = Debug|ARM
		{9BB18D4B-BCDD-43C9-A7C2-416D13DD39A6}.Debug|ARM.Build.0 = Debug|ARM
		{9BB18D4B-BCDD-43C9-A7C2-416D13DD39A6}.Debug|ARM64.ActiveCfg = Debug|ARM64
		{9BB18D4B-BCDD-43C9-A7C2-416D13DD39A6}.Debug|ARM64.Build.0 = Debug|ARM64
		{9BB18D4B-BCDD-43C9-A7C2-416D13DD39A6}.Debug|iPhone.ActiveCfg = Debug|Any CPU
		{9BB18D4B-BCDD-43C9-A7C2-416D13DD39A6}.Debug|iPhone.Build.0 = Debug|Any CPU
		{9BB18D4B-BCDD-43C9-A7C2-416D13DD39A6}.Debug|iPhoneSimulator.ActiveCfg = Debug|Any CPU
		{9BB18D4B-BCDD-43C9-A7C2-416D13DD39A6}.Debug|iPhoneSimulator.Build.0 = Debug|Any CPU
		{9BB18D4B-BCDD-43C9-A7C2-416D13DD39A6}.Debug|x64.ActiveCfg = Debug|x64
		{9BB18D4B-BCDD-43C9-A7C2-416D13DD39A6}.Debug|x64.Build.0 = Debug|x64
		{9BB18D4B-BCDD-43C9-A7C2-416D13DD39A6}.Debug|x86.ActiveCfg = Debug|x86
		{9BB18D4B-BCDD-43C9-A7C2-416D13DD39A6}.Debug|x86.Build.0 = Debug|x86
		{9BB18D4B-BCDD-43C9-A7C2-416D13DD39A6}.Release|Any CPU.ActiveCfg = Release|Any CPU
		{9BB18D4B-BCDD-43C9-A7C2-416D13DD39A6}.Release|Any CPU.Build.0 = Release|Any CPU
		{9BB18D4B-BCDD-43C9-A7C2-416D13DD39A6}.Release|ARM.ActiveCfg = Release|ARM
		{9BB18D4B-BCDD-43C9-A7C2-416D13DD39A6}.Release|ARM.Build.0 = Release|ARM
		{9BB18D4B-BCDD-43C9-A7C2-416D13DD39A6}.Release|ARM64.ActiveCfg = Release|ARM64
		{9BB18D4B-BCDD-43C9-A7C2-416D13DD39A6}.Release|ARM64.Build.0 = Release|ARM64
		{9BB18D4B-BCDD-43C9-A7C2-416D13DD39A6}.Release|iPhone.ActiveCfg = Release|Any CPU
		{9BB18D4B-BCDD-43C9-A7C2-416D13DD39A6}.Release|iPhone.Build.0 = Release|Any CPU
		{9BB18D4B-BCDD-43C9-A7C2-416D13DD39A6}.Release|iPhoneSimulator.ActiveCfg = Release|Any CPU
		{9BB18D4B-BCDD-43C9-A7C2-416D13DD39A6}.Release|iPhoneSimulator.Build.0 = Release|Any CPU
		{9BB18D4B-BCDD-43C9-A7C2-416D13DD39A6}.Release|x64.ActiveCfg = Release|x64
		{9BB18D4B-BCDD-43C9-A7C2-416D13DD39A6}.Release|x64.Build.0 = Release|x64
		{9BB18D4B-BCDD-43C9-A7C2-416D13DD39A6}.Release|x86.ActiveCfg = Release|x86
		{9BB18D4B-BCDD-43C9-A7C2-416D13DD39A6}.Release|x86.Build.0 = Release|x86
		{47DF18D2-B674-4A9D-B7D9-3FA6C76F11F2}.Ad-Hoc|Any CPU.ActiveCfg = Release|Any CPU
		{47DF18D2-B674-4A9D-B7D9-3FA6C76F11F2}.Ad-Hoc|Any CPU.Build.0 = Release|Any CPU
		{47DF18D2-B674-4A9D-B7D9-3FA6C76F11F2}.Ad-Hoc|ARM.ActiveCfg = Release|ARM
		{47DF18D2-B674-4A9D-B7D9-3FA6C76F11F2}.Ad-Hoc|ARM.Build.0 = Release|ARM
		{47DF18D2-B674-4A9D-B7D9-3FA6C76F11F2}.Ad-Hoc|ARM64.ActiveCfg = Release|ARM64
		{47DF18D2-B674-4A9D-B7D9-3FA6C76F11F2}.Ad-Hoc|ARM64.Build.0 = Release|ARM64
		{47DF18D2-B674-4A9D-B7D9-3FA6C76F11F2}.Ad-Hoc|iPhone.ActiveCfg = Release|Any CPU
		{47DF18D2-B674-4A9D-B7D9-3FA6C76F11F2}.Ad-Hoc|iPhone.Build.0 = Release|Any CPU
		{47DF18D2-B674-4A9D-B7D9-3FA6C76F11F2}.Ad-Hoc|iPhoneSimulator.ActiveCfg = Release|Any CPU
		{47DF18D2-B674-4A9D-B7D9-3FA6C76F11F2}.Ad-Hoc|iPhoneSimulator.Build.0 = Release|Any CPU
		{47DF18D2-B674-4A9D-B7D9-3FA6C76F11F2}.Ad-Hoc|x64.ActiveCfg = Release|x64
		{47DF18D2-B674-4A9D-B7D9-3FA6C76F11F2}.Ad-Hoc|x64.Build.0 = Release|x64
		{47DF18D2-B674-4A9D-B7D9-3FA6C76F11F2}.Ad-Hoc|x86.ActiveCfg = Release|x86
		{47DF18D2-B674-4A9D-B7D9-3FA6C76F11F2}.Ad-Hoc|x86.Build.0 = Release|x86
		{47DF18D2-B674-4A9D-B7D9-3FA6C76F11F2}.AppStore|Any CPU.ActiveCfg = Release|Any CPU
		{47DF18D2-B674-4A9D-B7D9-3FA6C76F11F2}.AppStore|Any CPU.Build.0 = Release|Any CPU
		{47DF18D2-B674-4A9D-B7D9-3FA6C76F11F2}.AppStore|ARM.ActiveCfg = Release|ARM
		{47DF18D2-B674-4A9D-B7D9-3FA6C76F11F2}.AppStore|ARM.Build.0 = Release|ARM
		{47DF18D2-B674-4A9D-B7D9-3FA6C76F11F2}.AppStore|ARM64.ActiveCfg = Release|ARM64
		{47DF18D2-B674-4A9D-B7D9-3FA6C76F11F2}.AppStore|ARM64.Build.0 = Release|ARM64
		{47DF18D2-B674-4A9D-B7D9-3FA6C76F11F2}.AppStore|iPhone.ActiveCfg = Release|Any CPU
		{47DF18D2-B674-4A9D-B7D9-3FA6C76F11F2}.AppStore|iPhone.Build.0 = Release|Any CPU
		{47DF18D2-B674-4A9D-B7D9-3FA6C76F11F2}.AppStore|iPhoneSimulator.ActiveCfg = Release|Any CPU
		{47DF18D2-B674-4A9D-B7D9-3FA6C76F11F2}.AppStore|iPhoneSimulator.Build.0 = Release|Any CPU
		{47DF18D2-B674-4A9D-B7D9-3FA6C76F11F2}.AppStore|x64.ActiveCfg = Release|x64
		{47DF18D2-B674-4A9D-B7D9-3FA6C76F11F2}.AppStore|x64.Build.0 = Release|x64
		{47DF18D2-B674-4A9D-B7D9-3FA6C76F11F2}.AppStore|x86.ActiveCfg = Release|x86
		{47DF18D2-B674-4A9D-B7D9-3FA6C76F11F2}.AppStore|x86.Build.0 = Release|x86
		{47DF18D2-B674-4A9D-B7D9-3FA6C76F11F2}.Debug|Any CPU.ActiveCfg = Debug|x86
		{47DF18D2-B674-4A9D-B7D9-3FA6C76F11F2}.Debug|Any CPU.Build.0 = Debug|x86
		{47DF18D2-B674-4A9D-B7D9-3FA6C76F11F2}.Debug|ARM.ActiveCfg = Debug|ARM
		{47DF18D2-B674-4A9D-B7D9-3FA6C76F11F2}.Debug|ARM.Build.0 = Debug|ARM
		{47DF18D2-B674-4A9D-B7D9-3FA6C76F11F2}.Debug|ARM64.ActiveCfg = Debug|ARM64
		{47DF18D2-B674-4A9D-B7D9-3FA6C76F11F2}.Debug|ARM64.Build.0 = Debug|ARM64
		{47DF18D2-B674-4A9D-B7D9-3FA6C76F11F2}.Debug|iPhone.ActiveCfg = Debug|Any CPU
		{47DF18D2-B674-4A9D-B7D9-3FA6C76F11F2}.Debug|iPhone.Build.0 = Debug|Any CPU
		{47DF18D2-B674-4A9D-B7D9-3FA6C76F11F2}.Debug|iPhoneSimulator.ActiveCfg = Debug|Any CPU
		{47DF18D2-B674-4A9D-B7D9-3FA6C76F11F2}.Debug|iPhoneSimulator.Build.0 = Debug|Any CPU
		{47DF18D2-B674-4A9D-B7D9-3FA6C76F11F2}.Debug|x64.ActiveCfg = Debug|x64
		{47DF18D2-B674-4A9D-B7D9-3FA6C76F11F2}.Debug|x64.Build.0 = Debug|x64
		{47DF18D2-B674-4A9D-B7D9-3FA6C76F11F2}.Debug|x86.ActiveCfg = Debug|x86
		{47DF18D2-B674-4A9D-B7D9-3FA6C76F11F2}.Debug|x86.Build.0 = Debug|x86
		{47DF18D2-B674-4A9D-B7D9-3FA6C76F11F2}.Release|Any CPU.ActiveCfg = Release|Any CPU
		{47DF18D2-B674-4A9D-B7D9-3FA6C76F11F2}.Release|Any CPU.Build.0 = Release|Any CPU
		{47DF18D2-B674-4A9D-B7D9-3FA6C76F11F2}.Release|ARM.ActiveCfg = Release|ARM
		{47DF18D2-B674-4A9D-B7D9-3FA6C76F11F2}.Release|ARM.Build.0 = Release|ARM
		{47DF18D2-B674-4A9D-B7D9-3FA6C76F11F2}.Release|ARM64.ActiveCfg = Release|ARM64
		{47DF18D2-B674-4A9D-B7D9-3FA6C76F11F2}.Release|ARM64.Build.0 = Release|ARM64
		{47DF18D2-B674-4A9D-B7D9-3FA6C76F11F2}.Release|iPhone.ActiveCfg = Release|Any CPU
		{47DF18D2-B674-4A9D-B7D9-3FA6C76F11F2}.Release|iPhone.Build.0 = Release|Any CPU
		{47DF18D2-B674-4A9D-B7D9-3FA6C76F11F2}.Release|iPhoneSimulator.ActiveCfg = Release|Any CPU
		{47DF18D2-B674-4A9D-B7D9-3FA6C76F11F2}.Release|iPhoneSimulator.Build.0 = Release|Any CPU
		{47DF18D2-B674-4A9D-B7D9-3FA6C76F11F2}.Release|x64.ActiveCfg = Release|x64
		{47DF18D2-B674-4A9D-B7D9-3FA6C76F11F2}.Release|x64.Build.0 = Release|x64
		{47DF18D2-B674-4A9D-B7D9-3FA6C76F11F2}.Release|x86.ActiveCfg = Release|x86
		{47DF18D2-B674-4A9D-B7D9-3FA6C76F11F2}.Release|x86.Build.0 = Release|x86
		{CF5D04F3-DF14-4100-A880-4F969E6AF3B8}.Ad-Hoc|Any CPU.ActiveCfg = Debug|x64
		{CF5D04F3-DF14-4100-A880-4F969E6AF3B8}.Ad-Hoc|Any CPU.Build.0 = Debug|x64
		{CF5D04F3-DF14-4100-A880-4F969E6AF3B8}.Ad-Hoc|ARM.ActiveCfg = Debug|x64
		{CF5D04F3-DF14-4100-A880-4F969E6AF3B8}.Ad-Hoc|ARM.Build.0 = Debug|x64
		{CF5D04F3-DF14-4100-A880-4F969E6AF3B8}.Ad-Hoc|ARM64.ActiveCfg = Debug|x64
		{CF5D04F3-DF14-4100-A880-4F969E6AF3B8}.Ad-Hoc|ARM64.Build.0 = Debug|x64
		{CF5D04F3-DF14-4100-A880-4F969E6AF3B8}.Ad-Hoc|iPhone.ActiveCfg = Debug|x64
		{CF5D04F3-DF14-4100-A880-4F969E6AF3B8}.Ad-Hoc|iPhone.Build.0 = Debug|x64
		{CF5D04F3-DF14-4100-A880-4F969E6AF3B8}.Ad-Hoc|iPhoneSimulator.ActiveCfg = Debug|x64
		{CF5D04F3-DF14-4100-A880-4F969E6AF3B8}.Ad-Hoc|iPhoneSimulator.Build.0 = Debug|x64
		{CF5D04F3-DF14-4100-A880-4F969E6AF3B8}.Ad-Hoc|x64.ActiveCfg = Debug|x64
		{CF5D04F3-DF14-4100-A880-4F969E6AF3B8}.Ad-Hoc|x64.Build.0 = Debug|x64
		{CF5D04F3-DF14-4100-A880-4F969E6AF3B8}.Ad-Hoc|x86.ActiveCfg = Debug|x86
		{CF5D04F3-DF14-4100-A880-4F969E6AF3B8}.Ad-Hoc|x86.Build.0 = Debug|x86
		{CF5D04F3-DF14-4100-A880-4F969E6AF3B8}.AppStore|Any CPU.ActiveCfg = Debug|x64
		{CF5D04F3-DF14-4100-A880-4F969E6AF3B8}.AppStore|Any CPU.Build.0 = Debug|x64
		{CF5D04F3-DF14-4100-A880-4F969E6AF3B8}.AppStore|ARM.ActiveCfg = Debug|x64
		{CF5D04F3-DF14-4100-A880-4F969E6AF3B8}.AppStore|ARM.Build.0 = Debug|x64
		{CF5D04F3-DF14-4100-A880-4F969E6AF3B8}.AppStore|ARM64.ActiveCfg = Debug|x64
		{CF5D04F3-DF14-4100-A880-4F969E6AF3B8}.AppStore|ARM64.Build.0 = Debug|x64
		{CF5D04F3-DF14-4100-A880-4F969E6AF3B8}.AppStore|iPhone.ActiveCfg = Debug|x64
		{CF5D04F3-DF14-4100-A880-4F969E6AF3B8}.AppStore|iPhone.Build.0 = Debug|x64
		{CF5D04F3-DF14-4100-A880-4F969E6AF3B8}.AppStore|iPhoneSimulator.ActiveCfg = Debug|x64
		{CF5D04F3-DF14-4100-A880-4F969E6AF3B8}.AppStore|iPhoneSimulator.Build.0 = Debug|x64
		{CF5D04F3-DF14-4100-A880-4F969E6AF3B8}.AppStore|x64.ActiveCfg = Debug|x64
		{CF5D04F3-DF14-4100-A880-4F969E6AF3B8}.AppStore|x64.Build.0 = Debug|x64
		{CF5D04F3-DF14-4100-A880-4F969E6AF3B8}.AppStore|x86.ActiveCfg = Debug|x86
		{CF5D04F3-DF14-4100-A880-4F969E6AF3B8}.AppStore|x86.Build.0 = Debug|x86
		{CF5D04F3-DF14-4100-A880-4F969E6AF3B8}.Debug|Any CPU.ActiveCfg = Debug|x86
		{CF5D04F3-DF14-4100-A880-4F969E6AF3B8}.Debug|ARM.ActiveCfg = Debug|ARM
		{CF5D04F3-DF14-4100-A880-4F969E6AF3B8}.Debug|ARM64.ActiveCfg = Debug|ARM64
		{CF5D04F3-DF14-4100-A880-4F969E6AF3B8}.Debug|iPhone.ActiveCfg = Debug|x86
		{CF5D04F3-DF14-4100-A880-4F969E6AF3B8}.Debug|iPhoneSimulator.ActiveCfg = Debug|x86
		{CF5D04F3-DF14-4100-A880-4F969E6AF3B8}.Debug|x64.ActiveCfg = Debug|x64
		{CF5D04F3-DF14-4100-A880-4F969E6AF3B8}.Debug|x64.Build.0 = Debug|x64
		{CF5D04F3-DF14-4100-A880-4F969E6AF3B8}.Debug|x86.ActiveCfg = Debug|x86
		{CF5D04F3-DF14-4100-A880-4F969E6AF3B8}.Debug|x86.Build.0 = Debug|x86
		{CF5D04F3-DF14-4100-A880-4F969E6AF3B8}.Release|Any CPU.ActiveCfg = Release|x86
		{CF5D04F3-DF14-4100-A880-4F969E6AF3B8}.Release|ARM.ActiveCfg = Release|x86
		{CF5D04F3-DF14-4100-A880-4F969E6AF3B8}.Release|ARM64.ActiveCfg = Release|x86
		{CF5D04F3-DF14-4100-A880-4F969E6AF3B8}.Release|iPhone.ActiveCfg = Release|x86
		{CF5D04F3-DF14-4100-A880-4F969E6AF3B8}.Release|iPhoneSimulator.ActiveCfg = Release|x86
		{CF5D04F3-DF14-4100-A880-4F969E6AF3B8}.Release|x64.ActiveCfg = Release|x64
		{CF5D04F3-DF14-4100-A880-4F969E6AF3B8}.Release|x64.Build.0 = Release|x64
		{CF5D04F3-DF14-4100-A880-4F969E6AF3B8}.Release|x86.ActiveCfg = Release|x86
		{CF5D04F3-DF14-4100-A880-4F969E6AF3B8}.Release|x86.Build.0 = Release|x86
		{58E0120C-F917-42C9-9C2A-8503FD6AA60A}.Ad-Hoc|Any CPU.ActiveCfg = Debug|Any CPU
		{58E0120C-F917-42C9-9C2A-8503FD6AA60A}.Ad-Hoc|Any CPU.Build.0 = Debug|Any CPU
		{58E0120C-F917-42C9-9C2A-8503FD6AA60A}.Ad-Hoc|Any CPU.Deploy.0 = Debug|Any CPU
		{58E0120C-F917-42C9-9C2A-8503FD6AA60A}.Ad-Hoc|ARM.ActiveCfg = Debug|Any CPU
		{58E0120C-F917-42C9-9C2A-8503FD6AA60A}.Ad-Hoc|ARM.Build.0 = Debug|Any CPU
		{58E0120C-F917-42C9-9C2A-8503FD6AA60A}.Ad-Hoc|ARM.Deploy.0 = Debug|Any CPU
		{58E0120C-F917-42C9-9C2A-8503FD6AA60A}.Ad-Hoc|ARM64.ActiveCfg = Debug|Any CPU
		{58E0120C-F917-42C9-9C2A-8503FD6AA60A}.Ad-Hoc|ARM64.Build.0 = Debug|Any CPU
		{58E0120C-F917-42C9-9C2A-8503FD6AA60A}.Ad-Hoc|ARM64.Deploy.0 = Debug|Any CPU
		{58E0120C-F917-42C9-9C2A-8503FD6AA60A}.Ad-Hoc|iPhone.ActiveCfg = Debug|Any CPU
		{58E0120C-F917-42C9-9C2A-8503FD6AA60A}.Ad-Hoc|iPhone.Build.0 = Debug|Any CPU
		{58E0120C-F917-42C9-9C2A-8503FD6AA60A}.Ad-Hoc|iPhone.Deploy.0 = Debug|Any CPU
		{58E0120C-F917-42C9-9C2A-8503FD6AA60A}.Ad-Hoc|iPhoneSimulator.ActiveCfg = Debug|Any CPU
		{58E0120C-F917-42C9-9C2A-8503FD6AA60A}.Ad-Hoc|iPhoneSimulator.Build.0 = Debug|Any CPU
		{58E0120C-F917-42C9-9C2A-8503FD6AA60A}.Ad-Hoc|iPhoneSimulator.Deploy.0 = Debug|Any CPU
		{58E0120C-F917-42C9-9C2A-8503FD6AA60A}.Ad-Hoc|x64.ActiveCfg = Debug|x64
		{58E0120C-F917-42C9-9C2A-8503FD6AA60A}.Ad-Hoc|x64.Build.0 = Debug|x64
		{58E0120C-F917-42C9-9C2A-8503FD6AA60A}.Ad-Hoc|x64.Deploy.0 = Debug|x64
		{58E0120C-F917-42C9-9C2A-8503FD6AA60A}.Ad-Hoc|x86.ActiveCfg = Debug|x86
		{58E0120C-F917-42C9-9C2A-8503FD6AA60A}.Ad-Hoc|x86.Build.0 = Debug|x86
		{58E0120C-F917-42C9-9C2A-8503FD6AA60A}.Ad-Hoc|x86.Deploy.0 = Debug|x86
		{58E0120C-F917-42C9-9C2A-8503FD6AA60A}.AppStore|Any CPU.ActiveCfg = Debug|Any CPU
		{58E0120C-F917-42C9-9C2A-8503FD6AA60A}.AppStore|Any CPU.Build.0 = Debug|Any CPU
		{58E0120C-F917-42C9-9C2A-8503FD6AA60A}.AppStore|Any CPU.Deploy.0 = Debug|Any CPU
		{58E0120C-F917-42C9-9C2A-8503FD6AA60A}.AppStore|ARM.ActiveCfg = Debug|Any CPU
		{58E0120C-F917-42C9-9C2A-8503FD6AA60A}.AppStore|ARM.Build.0 = Debug|Any CPU
		{58E0120C-F917-42C9-9C2A-8503FD6AA60A}.AppStore|ARM.Deploy.0 = Debug|Any CPU
		{58E0120C-F917-42C9-9C2A-8503FD6AA60A}.AppStore|ARM64.ActiveCfg = Debug|Any CPU
		{58E0120C-F917-42C9-9C2A-8503FD6AA60A}.AppStore|ARM64.Build.0 = Debug|Any CPU
		{58E0120C-F917-42C9-9C2A-8503FD6AA60A}.AppStore|ARM64.Deploy.0 = Debug|Any CPU
		{58E0120C-F917-42C9-9C2A-8503FD6AA60A}.AppStore|iPhone.ActiveCfg = Debug|Any CPU
		{58E0120C-F917-42C9-9C2A-8503FD6AA60A}.AppStore|iPhone.Build.0 = Debug|Any CPU
		{58E0120C-F917-42C9-9C2A-8503FD6AA60A}.AppStore|iPhone.Deploy.0 = Debug|Any CPU
		{58E0120C-F917-42C9-9C2A-8503FD6AA60A}.AppStore|iPhoneSimulator.ActiveCfg = Debug|Any CPU
		{58E0120C-F917-42C9-9C2A-8503FD6AA60A}.AppStore|iPhoneSimulator.Build.0 = Debug|Any CPU
		{58E0120C-F917-42C9-9C2A-8503FD6AA60A}.AppStore|iPhoneSimulator.Deploy.0 = Debug|Any CPU
		{58E0120C-F917-42C9-9C2A-8503FD6AA60A}.AppStore|x64.ActiveCfg = Debug|x64
		{58E0120C-F917-42C9-9C2A-8503FD6AA60A}.AppStore|x64.Build.0 = Debug|x64
		{58E0120C-F917-42C9-9C2A-8503FD6AA60A}.AppStore|x64.Deploy.0 = Debug|x64
		{58E0120C-F917-42C9-9C2A-8503FD6AA60A}.AppStore|x86.ActiveCfg = Debug|x86
		{58E0120C-F917-42C9-9C2A-8503FD6AA60A}.AppStore|x86.Build.0 = Debug|x86
		{58E0120C-F917-42C9-9C2A-8503FD6AA60A}.AppStore|x86.Deploy.0 = Debug|x86
		{58E0120C-F917-42C9-9C2A-8503FD6AA60A}.Debug|Any CPU.ActiveCfg = Debug|Any CPU
		{58E0120C-F917-42C9-9C2A-8503FD6AA60A}.Debug|Any CPU.Build.0 = Debug|Any CPU
		{58E0120C-F917-42C9-9C2A-8503FD6AA60A}.Debug|Any CPU.Deploy.0 = Debug|Any CPU
		{58E0120C-F917-42C9-9C2A-8503FD6AA60A}.Debug|ARM.ActiveCfg = Debug|Any CPU
		{58E0120C-F917-42C9-9C2A-8503FD6AA60A}.Debug|ARM.Build.0 = Debug|Any CPU
		{58E0120C-F917-42C9-9C2A-8503FD6AA60A}.Debug|ARM.Deploy.0 = Debug|Any CPU
		{58E0120C-F917-42C9-9C2A-8503FD6AA60A}.Debug|ARM64.ActiveCfg = Debug|Any CPU
		{58E0120C-F917-42C9-9C2A-8503FD6AA60A}.Debug|ARM64.Build.0 = Debug|Any CPU
		{58E0120C-F917-42C9-9C2A-8503FD6AA60A}.Debug|ARM64.Deploy.0 = Debug|Any CPU
		{58E0120C-F917-42C9-9C2A-8503FD6AA60A}.Debug|iPhone.ActiveCfg = Debug|Any CPU
		{58E0120C-F917-42C9-9C2A-8503FD6AA60A}.Debug|iPhone.Build.0 = Debug|Any CPU
		{58E0120C-F917-42C9-9C2A-8503FD6AA60A}.Debug|iPhone.Deploy.0 = Debug|Any CPU
		{58E0120C-F917-42C9-9C2A-8503FD6AA60A}.Debug|iPhoneSimulator.ActiveCfg = Debug|Any CPU
		{58E0120C-F917-42C9-9C2A-8503FD6AA60A}.Debug|iPhoneSimulator.Build.0 = Debug|Any CPU
		{58E0120C-F917-42C9-9C2A-8503FD6AA60A}.Debug|iPhoneSimulator.Deploy.0 = Debug|Any CPU
		{58E0120C-F917-42C9-9C2A-8503FD6AA60A}.Debug|x64.ActiveCfg = Debug|x64
		{58E0120C-F917-42C9-9C2A-8503FD6AA60A}.Debug|x64.Build.0 = Debug|x64
		{58E0120C-F917-42C9-9C2A-8503FD6AA60A}.Debug|x64.Deploy.0 = Debug|x64
		{58E0120C-F917-42C9-9C2A-8503FD6AA60A}.Debug|x86.ActiveCfg = Debug|x86
		{58E0120C-F917-42C9-9C2A-8503FD6AA60A}.Debug|x86.Build.0 = Debug|x86
		{58E0120C-F917-42C9-9C2A-8503FD6AA60A}.Debug|x86.Deploy.0 = Debug|x86
		{58E0120C-F917-42C9-9C2A-8503FD6AA60A}.Release|Any CPU.ActiveCfg = Release|Any CPU
		{58E0120C-F917-42C9-9C2A-8503FD6AA60A}.Release|Any CPU.Build.0 = Release|Any CPU
		{58E0120C-F917-42C9-9C2A-8503FD6AA60A}.Release|Any CPU.Deploy.0 = Release|Any CPU
		{58E0120C-F917-42C9-9C2A-8503FD6AA60A}.Release|ARM.ActiveCfg = Release|Any CPU
		{58E0120C-F917-42C9-9C2A-8503FD6AA60A}.Release|ARM.Build.0 = Release|Any CPU
		{58E0120C-F917-42C9-9C2A-8503FD6AA60A}.Release|ARM.Deploy.0 = Release|Any CPU
		{58E0120C-F917-42C9-9C2A-8503FD6AA60A}.Release|ARM64.ActiveCfg = Release|Any CPU
		{58E0120C-F917-42C9-9C2A-8503FD6AA60A}.Release|ARM64.Build.0 = Release|Any CPU
		{58E0120C-F917-42C9-9C2A-8503FD6AA60A}.Release|ARM64.Deploy.0 = Release|Any CPU
		{58E0120C-F917-42C9-9C2A-8503FD6AA60A}.Release|iPhone.ActiveCfg = Release|Any CPU
		{58E0120C-F917-42C9-9C2A-8503FD6AA60A}.Release|iPhone.Build.0 = Release|Any CPU
		{58E0120C-F917-42C9-9C2A-8503FD6AA60A}.Release|iPhone.Deploy.0 = Release|Any CPU
		{58E0120C-F917-42C9-9C2A-8503FD6AA60A}.Release|iPhoneSimulator.ActiveCfg = Release|Any CPU
		{58E0120C-F917-42C9-9C2A-8503FD6AA60A}.Release|iPhoneSimulator.Build.0 = Release|Any CPU
		{58E0120C-F917-42C9-9C2A-8503FD6AA60A}.Release|iPhoneSimulator.Deploy.0 = Release|Any CPU
		{58E0120C-F917-42C9-9C2A-8503FD6AA60A}.Release|x64.ActiveCfg = Release|x64
		{58E0120C-F917-42C9-9C2A-8503FD6AA60A}.Release|x64.Build.0 = Release|x64
		{58E0120C-F917-42C9-9C2A-8503FD6AA60A}.Release|x64.Deploy.0 = Release|x64
		{58E0120C-F917-42C9-9C2A-8503FD6AA60A}.Release|x86.ActiveCfg = Release|x86
		{58E0120C-F917-42C9-9C2A-8503FD6AA60A}.Release|x86.Build.0 = Release|x86
		{58E0120C-F917-42C9-9C2A-8503FD6AA60A}.Release|x86.Deploy.0 = Release|x86
		{5A483A88-A340-40C6-A2B6-956AEF81C854}.Ad-Hoc|Any CPU.ActiveCfg = Debug|x64
		{5A483A88-A340-40C6-A2B6-956AEF81C854}.Ad-Hoc|Any CPU.Build.0 = Debug|x64
		{5A483A88-A340-40C6-A2B6-956AEF81C854}.Ad-Hoc|ARM.ActiveCfg = Debug|x64
		{5A483A88-A340-40C6-A2B6-956AEF81C854}.Ad-Hoc|ARM.Build.0 = Debug|x64
		{5A483A88-A340-40C6-A2B6-956AEF81C854}.Ad-Hoc|ARM64.ActiveCfg = Debug|x64
		{5A483A88-A340-40C6-A2B6-956AEF81C854}.Ad-Hoc|ARM64.Build.0 = Debug|x64
		{5A483A88-A340-40C6-A2B6-956AEF81C854}.Ad-Hoc|iPhone.ActiveCfg = Debug|x64
		{5A483A88-A340-40C6-A2B6-956AEF81C854}.Ad-Hoc|iPhone.Build.0 = Debug|x64
		{5A483A88-A340-40C6-A2B6-956AEF81C854}.Ad-Hoc|iPhoneSimulator.ActiveCfg = Debug|x64
		{5A483A88-A340-40C6-A2B6-956AEF81C854}.Ad-Hoc|iPhoneSimulator.Build.0 = Debug|x64
		{5A483A88-A340-40C6-A2B6-956AEF81C854}.Ad-Hoc|x64.ActiveCfg = Debug|x64
		{5A483A88-A340-40C6-A2B6-956AEF81C854}.Ad-Hoc|x64.Build.0 = Debug|x64
		{5A483A88-A340-40C6-A2B6-956AEF81C854}.Ad-Hoc|x86.ActiveCfg = Debug|x86
		{5A483A88-A340-40C6-A2B6-956AEF81C854}.Ad-Hoc|x86.Build.0 = Debug|x86
		{5A483A88-A340-40C6-A2B6-956AEF81C854}.AppStore|Any CPU.ActiveCfg = Debug|x64
		{5A483A88-A340-40C6-A2B6-956AEF81C854}.AppStore|Any CPU.Build.0 = Debug|x64
		{5A483A88-A340-40C6-A2B6-956AEF81C854}.AppStore|ARM.ActiveCfg = Debug|x64
		{5A483A88-A340-40C6-A2B6-956AEF81C854}.AppStore|ARM.Build.0 = Debug|x64
		{5A483A88-A340-40C6-A2B6-956AEF81C854}.AppStore|ARM64.ActiveCfg = Debug|x64
		{5A483A88-A340-40C6-A2B6-956AEF81C854}.AppStore|ARM64.Build.0 = Debug|x64
		{5A483A88-A340-40C6-A2B6-956AEF81C854}.AppStore|iPhone.ActiveCfg = Debug|x64
		{5A483A88-A340-40C6-A2B6-956AEF81C854}.AppStore|iPhone.Build.0 = Debug|x64
		{5A483A88-A340-40C6-A2B6-956AEF81C854}.AppStore|iPhoneSimulator.ActiveCfg = Debug|x64
		{5A483A88-A340-40C6-A2B6-956AEF81C854}.AppStore|iPhoneSimulator.Build.0 = Debug|x64
		{5A483A88-A340-40C6-A2B6-956AEF81C854}.AppStore|x64.ActiveCfg = Debug|x64
		{5A483A88-A340-40C6-A2B6-956AEF81C854}.AppStore|x64.Build.0 = Debug|x64
		{5A483A88-A340-40C6-A2B6-956AEF81C854}.AppStore|x86.ActiveCfg = Debug|x86
		{5A483A88-A340-40C6-A2B6-956AEF81C854}.AppStore|x86.Build.0 = Debug|x86
		{5A483A88-A340-40C6-A2B6-956AEF81C854}.Debug|Any CPU.ActiveCfg = Debug|x86
		{5A483A88-A340-40C6-A2B6-956AEF81C854}.Debug|ARM.ActiveCfg = Debug|ARM
		{5A483A88-A340-40C6-A2B6-956AEF81C854}.Debug|ARM64.ActiveCfg = Debug|ARM64
		{5A483A88-A340-40C6-A2B6-956AEF81C854}.Debug|iPhone.ActiveCfg = Debug|x86
		{5A483A88-A340-40C6-A2B6-956AEF81C854}.Debug|iPhoneSimulator.ActiveCfg = Debug|x86
		{5A483A88-A340-40C6-A2B6-956AEF81C854}.Debug|x64.ActiveCfg = Debug|x64
		{5A483A88-A340-40C6-A2B6-956AEF81C854}.Debug|x64.Build.0 = Debug|x64
		{5A483A88-A340-40C6-A2B6-956AEF81C854}.Debug|x86.ActiveCfg = Debug|x86
		{5A483A88-A340-40C6-A2B6-956AEF81C854}.Debug|x86.Build.0 = Debug|x86
		{5A483A88-A340-40C6-A2B6-956AEF81C854}.Release|Any CPU.ActiveCfg = Release|x86
		{5A483A88-A340-40C6-A2B6-956AEF81C854}.Release|ARM.ActiveCfg = Release|x86
		{5A483A88-A340-40C6-A2B6-956AEF81C854}.Release|ARM64.ActiveCfg = Release|x86
		{5A483A88-A340-40C6-A2B6-956AEF81C854}.Release|iPhone.ActiveCfg = Release|x86
		{5A483A88-A340-40C6-A2B6-956AEF81C854}.Release|iPhoneSimulator.ActiveCfg = Release|x86
		{5A483A88-A340-40C6-A2B6-956AEF81C854}.Release|x64.ActiveCfg = Release|x64
		{5A483A88-A340-40C6-A2B6-956AEF81C854}.Release|x64.Build.0 = Release|x64
		{5A483A88-A340-40C6-A2B6-956AEF81C854}.Release|x86.ActiveCfg = Release|x86
		{5A483A88-A340-40C6-A2B6-956AEF81C854}.Release|x86.Build.0 = Release|x86
		{60E0CBD4-1CFC-45E1-B14E-868B81846F8E}.Ad-Hoc|Any CPU.ActiveCfg = Ad-Hoc|x86
		{60E0CBD4-1CFC-45E1-B14E-868B81846F8E}.Ad-Hoc|ARM.ActiveCfg = Ad-Hoc|x86
		{60E0CBD4-1CFC-45E1-B14E-868B81846F8E}.Ad-Hoc|ARM64.ActiveCfg = Ad-Hoc|x86
		{60E0CBD4-1CFC-45E1-B14E-868B81846F8E}.Ad-Hoc|iPhone.ActiveCfg = Ad-Hoc|iPhone
		{60E0CBD4-1CFC-45E1-B14E-868B81846F8E}.Ad-Hoc|iPhone.Build.0 = Ad-Hoc|iPhone
		{60E0CBD4-1CFC-45E1-B14E-868B81846F8E}.Ad-Hoc|iPhoneSimulator.ActiveCfg = Ad-Hoc|iPhoneSimulator
		{60E0CBD4-1CFC-45E1-B14E-868B81846F8E}.Ad-Hoc|iPhoneSimulator.Build.0 = Ad-Hoc|iPhoneSimulator
		{60E0CBD4-1CFC-45E1-B14E-868B81846F8E}.Ad-Hoc|x64.ActiveCfg = Ad-Hoc|x64
		{60E0CBD4-1CFC-45E1-B14E-868B81846F8E}.Ad-Hoc|x64.Build.0 = Ad-Hoc|x64
		{60E0CBD4-1CFC-45E1-B14E-868B81846F8E}.Ad-Hoc|x86.ActiveCfg = Ad-Hoc|x86
		{60E0CBD4-1CFC-45E1-B14E-868B81846F8E}.Ad-Hoc|x86.Build.0 = Ad-Hoc|x86
		{60E0CBD4-1CFC-45E1-B14E-868B81846F8E}.AppStore|Any CPU.ActiveCfg = AppStore|x86
		{60E0CBD4-1CFC-45E1-B14E-868B81846F8E}.AppStore|ARM.ActiveCfg = AppStore|x86
		{60E0CBD4-1CFC-45E1-B14E-868B81846F8E}.AppStore|ARM64.ActiveCfg = AppStore|x86
		{60E0CBD4-1CFC-45E1-B14E-868B81846F8E}.AppStore|iPhone.ActiveCfg = AppStore|iPhone
		{60E0CBD4-1CFC-45E1-B14E-868B81846F8E}.AppStore|iPhone.Build.0 = AppStore|iPhone
		{60E0CBD4-1CFC-45E1-B14E-868B81846F8E}.AppStore|iPhoneSimulator.ActiveCfg = AppStore|iPhoneSimulator
		{60E0CBD4-1CFC-45E1-B14E-868B81846F8E}.AppStore|iPhoneSimulator.Build.0 = AppStore|iPhoneSimulator
		{60E0CBD4-1CFC-45E1-B14E-868B81846F8E}.AppStore|x64.ActiveCfg = AppStore|x64
		{60E0CBD4-1CFC-45E1-B14E-868B81846F8E}.AppStore|x64.Build.0 = AppStore|x64
		{60E0CBD4-1CFC-45E1-B14E-868B81846F8E}.AppStore|x86.ActiveCfg = AppStore|x86
		{60E0CBD4-1CFC-45E1-B14E-868B81846F8E}.AppStore|x86.Build.0 = AppStore|x86
		{60E0CBD4-1CFC-45E1-B14E-868B81846F8E}.Debug|Any CPU.ActiveCfg = Debug|x86
		{60E0CBD4-1CFC-45E1-B14E-868B81846F8E}.Debug|ARM.ActiveCfg = Debug|iPhone
		{60E0CBD4-1CFC-45E1-B14E-868B81846F8E}.Debug|ARM64.ActiveCfg = Debug|x86
		{60E0CBD4-1CFC-45E1-B14E-868B81846F8E}.Debug|iPhone.ActiveCfg = Debug|iPhone
		{60E0CBD4-1CFC-45E1-B14E-868B81846F8E}.Debug|iPhone.Build.0 = Debug|iPhone
		{60E0CBD4-1CFC-45E1-B14E-868B81846F8E}.Debug|iPhoneSimulator.ActiveCfg = Debug|iPhoneSimulator
		{60E0CBD4-1CFC-45E1-B14E-868B81846F8E}.Debug|iPhoneSimulator.Build.0 = Debug|iPhoneSimulator
		{60E0CBD4-1CFC-45E1-B14E-868B81846F8E}.Debug|x64.ActiveCfg = Debug|x64
		{60E0CBD4-1CFC-45E1-B14E-868B81846F8E}.Debug|x64.Build.0 = Debug|x64
		{60E0CBD4-1CFC-45E1-B14E-868B81846F8E}.Debug|x86.ActiveCfg = Debug|x86
		{60E0CBD4-1CFC-45E1-B14E-868B81846F8E}.Debug|x86.Build.0 = Debug|x86
		{60E0CBD4-1CFC-45E1-B14E-868B81846F8E}.Release|Any CPU.ActiveCfg = Release|x86
		{60E0CBD4-1CFC-45E1-B14E-868B81846F8E}.Release|ARM.ActiveCfg = Release|x86
		{60E0CBD4-1CFC-45E1-B14E-868B81846F8E}.Release|ARM64.ActiveCfg = Release|x86
		{60E0CBD4-1CFC-45E1-B14E-868B81846F8E}.Release|iPhone.ActiveCfg = Release|iPhone
		{60E0CBD4-1CFC-45E1-B14E-868B81846F8E}.Release|iPhone.Build.0 = Release|iPhone
		{60E0CBD4-1CFC-45E1-B14E-868B81846F8E}.Release|iPhoneSimulator.ActiveCfg = Release|iPhoneSimulator
		{60E0CBD4-1CFC-45E1-B14E-868B81846F8E}.Release|iPhoneSimulator.Build.0 = Release|iPhoneSimulator
		{60E0CBD4-1CFC-45E1-B14E-868B81846F8E}.Release|x64.ActiveCfg = Release|x64
		{60E0CBD4-1CFC-45E1-B14E-868B81846F8E}.Release|x64.Build.0 = Release|x64
		{60E0CBD4-1CFC-45E1-B14E-868B81846F8E}.Release|x86.ActiveCfg = Release|x86
		{60E0CBD4-1CFC-45E1-B14E-868B81846F8E}.Release|x86.Build.0 = Release|x86
		{91DC4DEE-F0B4-49D9-B1D8-CF8009C19B82}.Ad-Hoc|Any CPU.ActiveCfg = Debug|x64
		{91DC4DEE-F0B4-49D9-B1D8-CF8009C19B82}.Ad-Hoc|Any CPU.Build.0 = Debug|x64
		{91DC4DEE-F0B4-49D9-B1D8-CF8009C19B82}.Ad-Hoc|ARM.ActiveCfg = Debug|x64
		{91DC4DEE-F0B4-49D9-B1D8-CF8009C19B82}.Ad-Hoc|ARM.Build.0 = Debug|x64
		{91DC4DEE-F0B4-49D9-B1D8-CF8009C19B82}.Ad-Hoc|ARM64.ActiveCfg = Debug|x64
		{91DC4DEE-F0B4-49D9-B1D8-CF8009C19B82}.Ad-Hoc|ARM64.Build.0 = Debug|x64
		{91DC4DEE-F0B4-49D9-B1D8-CF8009C19B82}.Ad-Hoc|iPhone.ActiveCfg = Debug|x64
		{91DC4DEE-F0B4-49D9-B1D8-CF8009C19B82}.Ad-Hoc|iPhone.Build.0 = Debug|x64
		{91DC4DEE-F0B4-49D9-B1D8-CF8009C19B82}.Ad-Hoc|iPhoneSimulator.ActiveCfg = Debug|x64
		{91DC4DEE-F0B4-49D9-B1D8-CF8009C19B82}.Ad-Hoc|iPhoneSimulator.Build.0 = Debug|x64
		{91DC4DEE-F0B4-49D9-B1D8-CF8009C19B82}.Ad-Hoc|x64.ActiveCfg = Debug|x64
		{91DC4DEE-F0B4-49D9-B1D8-CF8009C19B82}.Ad-Hoc|x64.Build.0 = Debug|x64
		{91DC4DEE-F0B4-49D9-B1D8-CF8009C19B82}.Ad-Hoc|x86.ActiveCfg = Debug|x86
		{91DC4DEE-F0B4-49D9-B1D8-CF8009C19B82}.Ad-Hoc|x86.Build.0 = Debug|x86
		{91DC4DEE-F0B4-49D9-B1D8-CF8009C19B82}.AppStore|Any CPU.ActiveCfg = Debug|x64
		{91DC4DEE-F0B4-49D9-B1D8-CF8009C19B82}.AppStore|Any CPU.Build.0 = Debug|x64
		{91DC4DEE-F0B4-49D9-B1D8-CF8009C19B82}.AppStore|ARM.ActiveCfg = Debug|x64
		{91DC4DEE-F0B4-49D9-B1D8-CF8009C19B82}.AppStore|ARM.Build.0 = Debug|x64
		{91DC4DEE-F0B4-49D9-B1D8-CF8009C19B82}.AppStore|ARM64.ActiveCfg = Debug|x64
		{91DC4DEE-F0B4-49D9-B1D8-CF8009C19B82}.AppStore|ARM64.Build.0 = Debug|x64
		{91DC4DEE-F0B4-49D9-B1D8-CF8009C19B82}.AppStore|iPhone.ActiveCfg = Debug|x64
		{91DC4DEE-F0B4-49D9-B1D8-CF8009C19B82}.AppStore|iPhone.Build.0 = Debug|x64
		{91DC4DEE-F0B4-49D9-B1D8-CF8009C19B82}.AppStore|iPhoneSimulator.ActiveCfg = Debug|x64
		{91DC4DEE-F0B4-49D9-B1D8-CF8009C19B82}.AppStore|iPhoneSimulator.Build.0 = Debug|x64
		{91DC4DEE-F0B4-49D9-B1D8-CF8009C19B82}.AppStore|x64.ActiveCfg = Debug|x64
		{91DC4DEE-F0B4-49D9-B1D8-CF8009C19B82}.AppStore|x64.Build.0 = Debug|x64
		{91DC4DEE-F0B4-49D9-B1D8-CF8009C19B82}.AppStore|x86.ActiveCfg = Debug|x86
		{91DC4DEE-F0B4-49D9-B1D8-CF8009C19B82}.AppStore|x86.Build.0 = Debug|x86
		{91DC4DEE-F0B4-49D9-B1D8-CF8009C19B82}.Debug|Any CPU.ActiveCfg = Debug|x86
		{91DC4DEE-F0B4-49D9-B1D8-CF8009C19B82}.Debug|ARM.ActiveCfg = Debug|ARM
		{91DC4DEE-F0B4-49D9-B1D8-CF8009C19B82}.Debug|ARM64.ActiveCfg = Debug|ARM64
		{91DC4DEE-F0B4-49D9-B1D8-CF8009C19B82}.Debug|iPhone.ActiveCfg = Debug|x86
		{91DC4DEE-F0B4-49D9-B1D8-CF8009C19B82}.Debug|iPhoneSimulator.ActiveCfg = Debug|x86
		{91DC4DEE-F0B4-49D9-B1D8-CF8009C19B82}.Debug|x64.ActiveCfg = Debug|x64
		{91DC4DEE-F0B4-49D9-B1D8-CF8009C19B82}.Debug|x64.Build.0 = Debug|x64
		{91DC4DEE-F0B4-49D9-B1D8-CF8009C19B82}.Debug|x86.ActiveCfg = Debug|x86
		{91DC4DEE-F0B4-49D9-B1D8-CF8009C19B82}.Debug|x86.Build.0 = Debug|x86
		{91DC4DEE-F0B4-49D9-B1D8-CF8009C19B82}.Release|Any CPU.ActiveCfg = Release|x86
		{91DC4DEE-F0B4-49D9-B1D8-CF8009C19B82}.Release|ARM.ActiveCfg = Release|x86
		{91DC4DEE-F0B4-49D9-B1D8-CF8009C19B82}.Release|ARM64.ActiveCfg = Release|x86
		{91DC4DEE-F0B4-49D9-B1D8-CF8009C19B82}.Release|iPhone.ActiveCfg = Release|x86
		{91DC4DEE-F0B4-49D9-B1D8-CF8009C19B82}.Release|iPhoneSimulator.ActiveCfg = Release|x86
		{91DC4DEE-F0B4-49D9-B1D8-CF8009C19B82}.Release|x64.ActiveCfg = Release|x64
		{91DC4DEE-F0B4-49D9-B1D8-CF8009C19B82}.Release|x64.Build.0 = Release|x64
		{91DC4DEE-F0B4-49D9-B1D8-CF8009C19B82}.Release|x86.ActiveCfg = Release|x86
		{91DC4DEE-F0B4-49D9-B1D8-CF8009C19B82}.Release|x86.Build.0 = Release|x86
	EndGlobalSection
	GlobalSection(SolutionProperties) = preSolution
		HideSolutionNode = FALSE
	EndGlobalSection
	GlobalSection(NestedProjects) = preSolution
		{CC3018EB-6D2B-4306-94A1-3A7CBA7A8F18} = {089E9A13-7F14-4C9F-B35E-CB3EFEC8C678}
		{9BB18D4B-BCDD-43C9-A7C2-416D13DD39A6} = {089E9A13-7F14-4C9F-B35E-CB3EFEC8C678}
		{47DF18D2-B674-4A9D-B7D9-3FA6C76F11F2} = {089E9A13-7F14-4C9F-B35E-CB3EFEC8C678}
	EndGlobalSection
	GlobalSection(ExtensibilityGlobals) = postSolution
		SolutionGuid = {BB4DF560-2A3F-49E2-9693-D8014F988057}
	EndGlobalSection
EndGlobal
