
Microsoft Visual Studio Solution File, Format Version 12.00
# Visual Studio Version 17
VisualStudioVersion = 17.1.32421.90
MinimumVisualStudioVersion = 15.0.26124.0
Project("{2150E333-8FDC-42A3-9474-1A3956D46DE8}") = "UnitTests", "UnitTests", "{409FCE7F-BC69-42B7-AA53-6AE4203CF149}"
EndProject
Project("{2150E333-8FDC-42A3-9474-1A3956D46DE8}") = "Platforms", "Platforms", "{89735E29-8BBC-4681-AEE6-EAEF1741505F}"
EndProject
Project("{FAE04EC0-301F-11D3-BF4B-00C04F79EFBC}") = "Project2FA.UWP", "Project2FA\Project2FA.UWP\Project2FA.UWP.csproj", "{F23D0EFE-2C91-4976-9DCB-065B91FC2797}"
EndProject
Project("{9A19103F-16F7-4668-BE54-9A1E7A4F7556}") = "WebDAVClientPortable", "WebDAVClientPortable\WebDAVClientPortable.csproj", "{AD7DCA2A-7366-4038-9D87-EFF5A2F38E97}"
EndProject
Project("{9A19103F-16F7-4668-BE54-9A1E7A4F7556}") = "Project2FA.Core", "Project2FA.Core\Project2FA.Core.csproj", "{8A7A480B-01F2-4693-B1B7-13E5BED8BBF6}"
EndProject
Project("{9A19103F-16F7-4668-BE54-9A1E7A4F7556}") = "Project2FA.Repository", "Project2FA.Repository\Project2FA.Repository.csproj", "{28233CEB-52B0-4E65-9A39-59B387E2768D}"
EndProject
Project("{9A19103F-16F7-4668-BE54-9A1E7A4F7556}") = "Otp.NET", "Otp.NET\src\Otp.NET\Otp.NET.csproj", "{F3DC419D-D543-4EFF-950B-85A926453BA9}"
EndProject
Project("{2150E333-8FDC-42A3-9474-1A3956D46DE8}") = "UNOversalTemplate", "UNOversalTemplate", "{47DE636A-63D1-4825-9107-8506DEF7DF15}"
EndProject
Project("{D954291E-2A0B-460D-934E-DC6B0785DB48}") = "UNOversalTemplate.Core", "UNOversalTemplate\UNOversalTemplate.Core\UNOversalTemplate.Core.shproj", "{D1825E4F-D418-4D2F-9456-66BADC726D1A}"
EndProject
Project("{D954291E-2A0B-460D-934E-DC6B0785DB48}") = "UNOversalTemplate.IoC.DryIoC", "UNOversalTemplate\UNOversalTemplate.IoC.DryIoC\UNOversalTemplate.IoC.DryIoC.shproj", "{498AE0AD-1BD1-4139-ADFF-8DC51F73643E}"
EndProject
Project("{D954291E-2A0B-460D-934E-DC6B0785DB48}") = "UNOversalTemplate.Services", "UNOversalTemplate\UNOversalTemplate.Services\UNOversalTemplate.Services.shproj", "{879BB3B5-F4A4-4F81-85C8-AA2328BA1454}"
EndProject
Project("{D954291E-2A0B-460D-934E-DC6B0785DB48}") = "Project2FA.Shared", "Project2FA.Shared\Project2FA.Shared.shproj", "{D4DF9B87-0533-4D3E-81D8-09E1B159C9F5}"
EndProject
Project("{9A19103F-16F7-4668-BE54-9A1E7A4F7556}") = "BiometryService", "BiometryService\src\BiometryService\BiometryService.csproj", "{63D41C01-8CA3-47CC-9D2B-A5BED62F5611}"
EndProject
Project("{9A19103F-16F7-4668-BE54-9A1E7A4F7556}") = "BiometryService.Abstractions", "BiometryService\src\BiometryService.Abstractions\BiometryService.Abstractions.csproj", "{DB39D16F-AA6B-403C-8EA5-703AF4C8485A}"
EndProject
Project("{FAE04EC0-301F-11D3-BF4B-00C04F79EFBC}") = "ZXing.Net.Uno", "ZXing.Net.Uno\src\ZXing.Net.Uno\ZXing.Net.Uno.csproj", "{4C3BFF15-2E68-3CD3-2FC6-5E05A5BBF176}"
EndProject
Project("{FAE04EC0-301F-11D3-BF4B-00C04F79EFBC}") = "CommunityToolkit.Uno.Camera", "ZXing.Net.Uno\src\CommunityToolkit.Uno.Camera\CommunityToolkit.Uno.Camera.csproj", "{9E998282-9F4E-323D-0E23-3D9907B98676}"
EndProject
Project("{FAE04EC0-301F-11D3-BF4B-00C04F79EFBC}") = "Project2FA.Uno", "src\Project2FA.Uno\Project2FA.Uno.csproj", "{C345A337-80B0-73BD-CAF2-3F5517DBBC1F}"
EndProject
Project("{FAE04EC0-301F-11D3-BF4B-00C04F79EFBC}") = "Project2FA.UWPNet", "Project2FA\Project2FA.UWP\Project2FA.UWPNet.csproj", "{A42A9E10-40B9-4B9A-81B0-3AF57C322FB5}"
EndProject
Global
	GlobalSection(SolutionConfigurationPlatforms) = preSolution
		Ad-Hoc|Any CPU = Ad-Hoc|Any CPU
		Ad-Hoc|ARM = Ad-Hoc|ARM
		Ad-Hoc|ARM64 = Ad-Hoc|ARM64
		Ad-Hoc|iPhone = Ad-Hoc|iPhone
		Ad-Hoc|iPhoneSimulator = Ad-Hoc|iPhoneSimulator
		Ad-Hoc|x64 = Ad-Hoc|x64
		Ad-Hoc|x86 = Ad-Hoc|x86
		AppStore|Any CPU = AppStore|Any CPU
		AppStore|ARM = AppStore|ARM
		AppStore|ARM64 = AppStore|ARM64
		AppStore|iPhone = AppStore|iPhone
		AppStore|iPhoneSimulator = AppStore|iPhoneSimulator
		AppStore|x64 = AppStore|x64
		AppStore|x86 = AppStore|x86
		Debug|Any CPU = Debug|Any CPU
		Debug|ARM = Debug|ARM
		Debug|ARM64 = Debug|ARM64
		Debug|iPhone = Debug|iPhone
		Debug|iPhoneSimulator = Debug|iPhoneSimulator
		Debug|x64 = Debug|x64
		Debug|x86 = Debug|x86
		Release|Any CPU = Release|Any CPU
		Release|ARM = Release|ARM
		Release|ARM64 = Release|ARM64
		Release|iPhone = Release|iPhone
		Release|iPhoneSimulator = Release|iPhoneSimulator
		Release|x64 = Release|x64
		Release|x86 = Release|x86
	EndGlobalSection
	GlobalSection(ProjectConfigurationPlatforms) = postSolution
		{F23D0EFE-2C91-4976-9DCB-065B91FC2797}.Ad-Hoc|Any CPU.ActiveCfg = Debug|ARM
		{F23D0EFE-2C91-4976-9DCB-065B91FC2797}.Ad-Hoc|Any CPU.Build.0 = Debug|ARM
		{F23D0EFE-2C91-4976-9DCB-065B91FC2797}.Ad-Hoc|Any CPU.Deploy.0 = Debug|ARM
		{F23D0EFE-2C91-4976-9DCB-065B91FC2797}.Ad-Hoc|ARM.ActiveCfg = Debug|ARM
		{F23D0EFE-2C91-4976-9DCB-065B91FC2797}.Ad-Hoc|ARM.Build.0 = Debug|ARM
		{F23D0EFE-2C91-4976-9DCB-065B91FC2797}.Ad-Hoc|ARM.Deploy.0 = Debug|ARM
		{F23D0EFE-2C91-4976-9DCB-065B91FC2797}.Ad-Hoc|ARM64.ActiveCfg = Debug|ARM64
		{F23D0EFE-2C91-4976-9DCB-065B91FC2797}.Ad-Hoc|ARM64.Build.0 = Debug|ARM64
		{F23D0EFE-2C91-4976-9DCB-065B91FC2797}.Ad-Hoc|ARM64.Deploy.0 = Debug|ARM64
		{F23D0EFE-2C91-4976-9DCB-065B91FC2797}.Ad-Hoc|iPhone.ActiveCfg = Debug|ARM
		{F23D0EFE-2C91-4976-9DCB-065B91FC2797}.Ad-Hoc|iPhone.Build.0 = Debug|ARM
		{F23D0EFE-2C91-4976-9DCB-065B91FC2797}.Ad-Hoc|iPhone.Deploy.0 = Debug|ARM
		{F23D0EFE-2C91-4976-9DCB-065B91FC2797}.Ad-Hoc|iPhoneSimulator.ActiveCfg = Debug|ARM
		{F23D0EFE-2C91-4976-9DCB-065B91FC2797}.Ad-Hoc|iPhoneSimulator.Build.0 = Debug|ARM
		{F23D0EFE-2C91-4976-9DCB-065B91FC2797}.Ad-Hoc|iPhoneSimulator.Deploy.0 = Debug|ARM
		{F23D0EFE-2C91-4976-9DCB-065B91FC2797}.Ad-Hoc|x64.ActiveCfg = Debug|x64
		{F23D0EFE-2C91-4976-9DCB-065B91FC2797}.Ad-Hoc|x64.Build.0 = Debug|x64
		{F23D0EFE-2C91-4976-9DCB-065B91FC2797}.Ad-Hoc|x64.Deploy.0 = Debug|x64
		{F23D0EFE-2C91-4976-9DCB-065B91FC2797}.Ad-Hoc|x86.ActiveCfg = Debug|x86
		{F23D0EFE-2C91-4976-9DCB-065B91FC2797}.Ad-Hoc|x86.Build.0 = Debug|x86
		{F23D0EFE-2C91-4976-9DCB-065B91FC2797}.Ad-Hoc|x86.Deploy.0 = Debug|x86
		{F23D0EFE-2C91-4976-9DCB-065B91FC2797}.AppStore|Any CPU.ActiveCfg = Debug|ARM
		{F23D0EFE-2C91-4976-9DCB-065B91FC2797}.AppStore|Any CPU.Build.0 = Debug|ARM
		{F23D0EFE-2C91-4976-9DCB-065B91FC2797}.AppStore|Any CPU.Deploy.0 = Debug|ARM
		{F23D0EFE-2C91-4976-9DCB-065B91FC2797}.AppStore|ARM.ActiveCfg = Debug|ARM
		{F23D0EFE-2C91-4976-9DCB-065B91FC2797}.AppStore|ARM.Build.0 = Debug|ARM
		{F23D0EFE-2C91-4976-9DCB-065B91FC2797}.AppStore|ARM.Deploy.0 = Debug|ARM
		{F23D0EFE-2C91-4976-9DCB-065B91FC2797}.AppStore|ARM64.ActiveCfg = Debug|ARM64
		{F23D0EFE-2C91-4976-9DCB-065B91FC2797}.AppStore|ARM64.Build.0 = Debug|ARM64
		{F23D0EFE-2C91-4976-9DCB-065B91FC2797}.AppStore|ARM64.Deploy.0 = Debug|ARM64
		{F23D0EFE-2C91-4976-9DCB-065B91FC2797}.AppStore|iPhone.ActiveCfg = Debug|ARM
		{F23D0EFE-2C91-4976-9DCB-065B91FC2797}.AppStore|iPhone.Build.0 = Debug|ARM
		{F23D0EFE-2C91-4976-9DCB-065B91FC2797}.AppStore|iPhone.Deploy.0 = Debug|ARM
		{F23D0EFE-2C91-4976-9DCB-065B91FC2797}.AppStore|iPhoneSimulator.ActiveCfg = Debug|ARM
		{F23D0EFE-2C91-4976-9DCB-065B91FC2797}.AppStore|iPhoneSimulator.Build.0 = Debug|ARM
		{F23D0EFE-2C91-4976-9DCB-065B91FC2797}.AppStore|iPhoneSimulator.Deploy.0 = Debug|ARM
		{F23D0EFE-2C91-4976-9DCB-065B91FC2797}.AppStore|x64.ActiveCfg = Debug|x64
		{F23D0EFE-2C91-4976-9DCB-065B91FC2797}.AppStore|x64.Build.0 = Debug|x64
		{F23D0EFE-2C91-4976-9DCB-065B91FC2797}.AppStore|x64.Deploy.0 = Debug|x64
		{F23D0EFE-2C91-4976-9DCB-065B91FC2797}.AppStore|x86.ActiveCfg = Debug|x86
		{F23D0EFE-2C91-4976-9DCB-065B91FC2797}.AppStore|x86.Build.0 = Debug|x86
		{F23D0EFE-2C91-4976-9DCB-065B91FC2797}.AppStore|x86.Deploy.0 = Debug|x86
		{F23D0EFE-2C91-4976-9DCB-065B91FC2797}.Debug|Any CPU.ActiveCfg = Debug|x64
		{F23D0EFE-2C91-4976-9DCB-065B91FC2797}.Debug|Any CPU.Build.0 = Debug|x64
		{F23D0EFE-2C91-4976-9DCB-065B91FC2797}.Debug|Any CPU.Deploy.0 = Debug|x64
		{F23D0EFE-2C91-4976-9DCB-065B91FC2797}.Debug|ARM.ActiveCfg = Debug|ARM
		{F23D0EFE-2C91-4976-9DCB-065B91FC2797}.Debug|ARM.Build.0 = Debug|ARM
		{F23D0EFE-2C91-4976-9DCB-065B91FC2797}.Debug|ARM.Deploy.0 = Debug|ARM
		{F23D0EFE-2C91-4976-9DCB-065B91FC2797}.Debug|ARM64.ActiveCfg = Debug|ARM64
		{F23D0EFE-2C91-4976-9DCB-065B91FC2797}.Debug|ARM64.Build.0 = Debug|ARM64
		{F23D0EFE-2C91-4976-9DCB-065B91FC2797}.Debug|ARM64.Deploy.0 = Debug|ARM64
		{F23D0EFE-2C91-4976-9DCB-065B91FC2797}.Debug|iPhone.ActiveCfg = Debug|x64
		{F23D0EFE-2C91-4976-9DCB-065B91FC2797}.Debug|iPhone.Build.0 = Debug|x64
		{F23D0EFE-2C91-4976-9DCB-065B91FC2797}.Debug|iPhone.Deploy.0 = Debug|x64
		{F23D0EFE-2C91-4976-9DCB-065B91FC2797}.Debug|iPhoneSimulator.ActiveCfg = Debug|x64
		{F23D0EFE-2C91-4976-9DCB-065B91FC2797}.Debug|iPhoneSimulator.Build.0 = Debug|x64
		{F23D0EFE-2C91-4976-9DCB-065B91FC2797}.Debug|iPhoneSimulator.Deploy.0 = Debug|x64
		{F23D0EFE-2C91-4976-9DCB-065B91FC2797}.Debug|x64.ActiveCfg = Debug|x64
		{F23D0EFE-2C91-4976-9DCB-065B91FC2797}.Debug|x64.Build.0 = Debug|x64
		{F23D0EFE-2C91-4976-9DCB-065B91FC2797}.Debug|x64.Deploy.0 = Debug|x64
		{F23D0EFE-2C91-4976-9DCB-065B91FC2797}.Debug|x86.ActiveCfg = Debug|x86
		{F23D0EFE-2C91-4976-9DCB-065B91FC2797}.Debug|x86.Build.0 = Debug|x86
		{F23D0EFE-2C91-4976-9DCB-065B91FC2797}.Debug|x86.Deploy.0 = Debug|x86
		{F23D0EFE-2C91-4976-9DCB-065B91FC2797}.Release|Any CPU.ActiveCfg = Release|x64
		{F23D0EFE-2C91-4976-9DCB-065B91FC2797}.Release|Any CPU.Build.0 = Release|x64
		{F23D0EFE-2C91-4976-9DCB-065B91FC2797}.Release|Any CPU.Deploy.0 = Release|x64
		{F23D0EFE-2C91-4976-9DCB-065B91FC2797}.Release|ARM.ActiveCfg = Release|ARM
		{F23D0EFE-2C91-4976-9DCB-065B91FC2797}.Release|ARM.Build.0 = Release|ARM
		{F23D0EFE-2C91-4976-9DCB-065B91FC2797}.Release|ARM.Deploy.0 = Release|ARM
		{F23D0EFE-2C91-4976-9DCB-065B91FC2797}.Release|ARM64.ActiveCfg = Release|ARM64
		{F23D0EFE-2C91-4976-9DCB-065B91FC2797}.Release|ARM64.Build.0 = Release|ARM64
		{F23D0EFE-2C91-4976-9DCB-065B91FC2797}.Release|ARM64.Deploy.0 = Release|ARM64
		{F23D0EFE-2C91-4976-9DCB-065B91FC2797}.Release|iPhone.ActiveCfg = Release|x64
		{F23D0EFE-2C91-4976-9DCB-065B91FC2797}.Release|iPhone.Build.0 = Release|x64
		{F23D0EFE-2C91-4976-9DCB-065B91FC2797}.Release|iPhone.Deploy.0 = Release|x64
		{F23D0EFE-2C91-4976-9DCB-065B91FC2797}.Release|iPhoneSimulator.ActiveCfg = Release|x64
		{F23D0EFE-2C91-4976-9DCB-065B91FC2797}.Release|iPhoneSimulator.Build.0 = Release|x64
		{F23D0EFE-2C91-4976-9DCB-065B91FC2797}.Release|iPhoneSimulator.Deploy.0 = Release|x64
		{F23D0EFE-2C91-4976-9DCB-065B91FC2797}.Release|x64.ActiveCfg = Release|x64
		{F23D0EFE-2C91-4976-9DCB-065B91FC2797}.Release|x64.Build.0 = Release|x64
		{F23D0EFE-2C91-4976-9DCB-065B91FC2797}.Release|x64.Deploy.0 = Release|x64
		{F23D0EFE-2C91-4976-9DCB-065B91FC2797}.Release|x86.ActiveCfg = Release|x86
		{F23D0EFE-2C91-4976-9DCB-065B91FC2797}.Release|x86.Build.0 = Release|x86
		{F23D0EFE-2C91-4976-9DCB-065B91FC2797}.Release|x86.Deploy.0 = Release|x86
		{AD7DCA2A-7366-4038-9D87-EFF5A2F38E97}.Ad-Hoc|Any CPU.ActiveCfg = Debug|Any CPU
		{AD7DCA2A-7366-4038-9D87-EFF5A2F38E97}.Ad-Hoc|Any CPU.Build.0 = Debug|Any CPU
		{AD7DCA2A-7366-4038-9D87-EFF5A2F38E97}.Ad-Hoc|ARM.ActiveCfg = Debug|ARM
		{AD7DCA2A-7366-4038-9D87-EFF5A2F38E97}.Ad-Hoc|ARM.Build.0 = Debug|ARM
		{AD7DCA2A-7366-4038-9D87-EFF5A2F38E97}.Ad-Hoc|ARM64.ActiveCfg = Debug|ARM64
		{AD7DCA2A-7366-4038-9D87-EFF5A2F38E97}.Ad-Hoc|ARM64.Build.0 = Debug|ARM64
		{AD7DCA2A-7366-4038-9D87-EFF5A2F38E97}.Ad-Hoc|iPhone.ActiveCfg = Debug|Any CPU
		{AD7DCA2A-7366-4038-9D87-EFF5A2F38E97}.Ad-Hoc|iPhone.Build.0 = Debug|Any CPU
		{AD7DCA2A-7366-4038-9D87-EFF5A2F38E97}.Ad-Hoc|iPhoneSimulator.ActiveCfg = Debug|Any CPU
		{AD7DCA2A-7366-4038-9D87-EFF5A2F38E97}.Ad-Hoc|iPhoneSimulator.Build.0 = Debug|Any CPU
		{AD7DCA2A-7366-4038-9D87-EFF5A2F38E97}.Ad-Hoc|x64.ActiveCfg = Debug|x64
		{AD7DCA2A-7366-4038-9D87-EFF5A2F38E97}.Ad-Hoc|x64.Build.0 = Debug|x64
		{AD7DCA2A-7366-4038-9D87-EFF5A2F38E97}.Ad-Hoc|x86.ActiveCfg = Debug|x86
		{AD7DCA2A-7366-4038-9D87-EFF5A2F38E97}.Ad-Hoc|x86.Build.0 = Debug|x86
		{AD7DCA2A-7366-4038-9D87-EFF5A2F38E97}.AppStore|Any CPU.ActiveCfg = Debug|Any CPU
		{AD7DCA2A-7366-4038-9D87-EFF5A2F38E97}.AppStore|Any CPU.Build.0 = Debug|Any CPU
		{AD7DCA2A-7366-4038-9D87-EFF5A2F38E97}.AppStore|ARM.ActiveCfg = Debug|ARM
		{AD7DCA2A-7366-4038-9D87-EFF5A2F38E97}.AppStore|ARM.Build.0 = Debug|ARM
		{AD7DCA2A-7366-4038-9D87-EFF5A2F38E97}.AppStore|ARM64.ActiveCfg = Debug|ARM64
		{AD7DCA2A-7366-4038-9D87-EFF5A2F38E97}.AppStore|ARM64.Build.0 = Debug|ARM64
		{AD7DCA2A-7366-4038-9D87-EFF5A2F38E97}.AppStore|iPhone.ActiveCfg = Debug|Any CPU
		{AD7DCA2A-7366-4038-9D87-EFF5A2F38E97}.AppStore|iPhone.Build.0 = Debug|Any CPU
		{AD7DCA2A-7366-4038-9D87-EFF5A2F38E97}.AppStore|iPhoneSimulator.ActiveCfg = Debug|Any CPU
		{AD7DCA2A-7366-4038-9D87-EFF5A2F38E97}.AppStore|iPhoneSimulator.Build.0 = Debug|Any CPU
		{AD7DCA2A-7366-4038-9D87-EFF5A2F38E97}.AppStore|x64.ActiveCfg = Debug|x64
		{AD7DCA2A-7366-4038-9D87-EFF5A2F38E97}.AppStore|x64.Build.0 = Debug|x64
		{AD7DCA2A-7366-4038-9D87-EFF5A2F38E97}.AppStore|x86.ActiveCfg = Debug|x86
		{AD7DCA2A-7366-4038-9D87-EFF5A2F38E97}.AppStore|x86.Build.0 = Debug|x86
		{AD7DCA2A-7366-4038-9D87-EFF5A2F38E97}.Debug|Any CPU.ActiveCfg = Debug|Any CPU
		{AD7DCA2A-7366-4038-9D87-EFF5A2F38E97}.Debug|Any CPU.Build.0 = Debug|Any CPU
		{AD7DCA2A-7366-4038-9D87-EFF5A2F38E97}.Debug|ARM.ActiveCfg = Debug|ARM
		{AD7DCA2A-7366-4038-9D87-EFF5A2F38E97}.Debug|ARM.Build.0 = Debug|ARM
		{AD7DCA2A-7366-4038-9D87-EFF5A2F38E97}.Debug|ARM64.ActiveCfg = Debug|ARM64
		{AD7DCA2A-7366-4038-9D87-EFF5A2F38E97}.Debug|ARM64.Build.0 = Debug|ARM64
		{AD7DCA2A-7366-4038-9D87-EFF5A2F38E97}.Debug|iPhone.ActiveCfg = Debug|Any CPU
		{AD7DCA2A-7366-4038-9D87-EFF5A2F38E97}.Debug|iPhone.Build.0 = Debug|Any CPU
		{AD7DCA2A-7366-4038-9D87-EFF5A2F38E97}.Debug|iPhoneSimulator.ActiveCfg = Debug|Any CPU
		{AD7DCA2A-7366-4038-9D87-EFF5A2F38E97}.Debug|iPhoneSimulator.Build.0 = Debug|Any CPU
		{AD7DCA2A-7366-4038-9D87-EFF5A2F38E97}.Debug|x64.ActiveCfg = Debug|x64
		{AD7DCA2A-7366-4038-9D87-EFF5A2F38E97}.Debug|x64.Build.0 = Debug|x64
		{AD7DCA2A-7366-4038-9D87-EFF5A2F38E97}.Debug|x86.ActiveCfg = Debug|x86
		{AD7DCA2A-7366-4038-9D87-EFF5A2F38E97}.Debug|x86.Build.0 = Debug|x86
		{AD7DCA2A-7366-4038-9D87-EFF5A2F38E97}.Release|Any CPU.ActiveCfg = Release|Any CPU
		{AD7DCA2A-7366-4038-9D87-EFF5A2F38E97}.Release|Any CPU.Build.0 = Release|Any CPU
		{AD7DCA2A-7366-4038-9D87-EFF5A2F38E97}.Release|ARM.ActiveCfg = Release|ARM
		{AD7DCA2A-7366-4038-9D87-EFF5A2F38E97}.Release|ARM.Build.0 = Release|ARM
		{AD7DCA2A-7366-4038-9D87-EFF5A2F38E97}.Release|ARM64.ActiveCfg = Release|ARM64
		{AD7DCA2A-7366-4038-9D87-EFF5A2F38E97}.Release|ARM64.Build.0 = Release|ARM64
		{AD7DCA2A-7366-4038-9D87-EFF5A2F38E97}.Release|iPhone.ActiveCfg = Release|Any CPU
		{AD7DCA2A-7366-4038-9D87-EFF5A2F38E97}.Release|iPhone.Build.0 = Release|Any CPU
		{AD7DCA2A-7366-4038-9D87-EFF5A2F38E97}.Release|iPhoneSimulator.ActiveCfg = Release|Any CPU
		{AD7DCA2A-7366-4038-9D87-EFF5A2F38E97}.Release|iPhoneSimulator.Build.0 = Release|Any CPU
		{AD7DCA2A-7366-4038-9D87-EFF5A2F38E97}.Release|x64.ActiveCfg = Release|x64
		{AD7DCA2A-7366-4038-9D87-EFF5A2F38E97}.Release|x64.Build.0 = Release|x64
		{AD7DCA2A-7366-4038-9D87-EFF5A2F38E97}.Release|x86.ActiveCfg = Release|x86
		{AD7DCA2A-7366-4038-9D87-EFF5A2F38E97}.Release|x86.Build.0 = Release|x86
		{8A7A480B-01F2-4693-B1B7-13E5BED8BBF6}.Ad-Hoc|Any CPU.ActiveCfg = Debug|Any CPU
		{8A7A480B-01F2-4693-B1B7-13E5BED8BBF6}.Ad-Hoc|Any CPU.Build.0 = Debug|Any CPU
		{8A7A480B-01F2-4693-B1B7-13E5BED8BBF6}.Ad-Hoc|ARM.ActiveCfg = Debug|ARM
		{8A7A480B-01F2-4693-B1B7-13E5BED8BBF6}.Ad-Hoc|ARM.Build.0 = Debug|ARM
		{8A7A480B-01F2-4693-B1B7-13E5BED8BBF6}.Ad-Hoc|ARM64.ActiveCfg = Debug|ARM64
		{8A7A480B-01F2-4693-B1B7-13E5BED8BBF6}.Ad-Hoc|ARM64.Build.0 = Debug|ARM64
		{8A7A480B-01F2-4693-B1B7-13E5BED8BBF6}.Ad-Hoc|iPhone.ActiveCfg = Debug|Any CPU
		{8A7A480B-01F2-4693-B1B7-13E5BED8BBF6}.Ad-Hoc|iPhone.Build.0 = Debug|Any CPU
		{8A7A480B-01F2-4693-B1B7-13E5BED8BBF6}.Ad-Hoc|iPhoneSimulator.ActiveCfg = Debug|Any CPU
		{8A7A480B-01F2-4693-B1B7-13E5BED8BBF6}.Ad-Hoc|iPhoneSimulator.Build.0 = Debug|Any CPU
		{8A7A480B-01F2-4693-B1B7-13E5BED8BBF6}.Ad-Hoc|x64.ActiveCfg = Debug|x64
		{8A7A480B-01F2-4693-B1B7-13E5BED8BBF6}.Ad-Hoc|x64.Build.0 = Debug|x64
		{8A7A480B-01F2-4693-B1B7-13E5BED8BBF6}.Ad-Hoc|x86.ActiveCfg = Debug|x86
		{8A7A480B-01F2-4693-B1B7-13E5BED8BBF6}.Ad-Hoc|x86.Build.0 = Debug|x86
		{8A7A480B-01F2-4693-B1B7-13E5BED8BBF6}.AppStore|Any CPU.ActiveCfg = Debug|Any CPU
		{8A7A480B-01F2-4693-B1B7-13E5BED8BBF6}.AppStore|Any CPU.Build.0 = Debug|Any CPU
		{8A7A480B-01F2-4693-B1B7-13E5BED8BBF6}.AppStore|ARM.ActiveCfg = Debug|ARM
		{8A7A480B-01F2-4693-B1B7-13E5BED8BBF6}.AppStore|ARM.Build.0 = Debug|ARM
		{8A7A480B-01F2-4693-B1B7-13E5BED8BBF6}.AppStore|ARM64.ActiveCfg = Debug|ARM64
		{8A7A480B-01F2-4693-B1B7-13E5BED8BBF6}.AppStore|ARM64.Build.0 = Debug|ARM64
		{8A7A480B-01F2-4693-B1B7-13E5BED8BBF6}.AppStore|iPhone.ActiveCfg = Debug|Any CPU
		{8A7A480B-01F2-4693-B1B7-13E5BED8BBF6}.AppStore|iPhone.Build.0 = Debug|Any CPU
		{8A7A480B-01F2-4693-B1B7-13E5BED8BBF6}.AppStore|iPhoneSimulator.ActiveCfg = Debug|Any CPU
		{8A7A480B-01F2-4693-B1B7-13E5BED8BBF6}.AppStore|iPhoneSimulator.Build.0 = Debug|Any CPU
		{8A7A480B-01F2-4693-B1B7-13E5BED8BBF6}.AppStore|x64.ActiveCfg = Debug|x64
		{8A7A480B-01F2-4693-B1B7-13E5BED8BBF6}.AppStore|x64.Build.0 = Debug|x64
		{8A7A480B-01F2-4693-B1B7-13E5BED8BBF6}.AppStore|x86.ActiveCfg = Debug|x86
		{8A7A480B-01F2-4693-B1B7-13E5BED8BBF6}.AppStore|x86.Build.0 = Debug|x86
		{8A7A480B-01F2-4693-B1B7-13E5BED8BBF6}.Debug|Any CPU.ActiveCfg = Debug|Any CPU
		{8A7A480B-01F2-4693-B1B7-13E5BED8BBF6}.Debug|Any CPU.Build.0 = Debug|Any CPU
		{8A7A480B-01F2-4693-B1B7-13E5BED8BBF6}.Debug|ARM.ActiveCfg = Debug|ARM
		{8A7A480B-01F2-4693-B1B7-13E5BED8BBF6}.Debug|ARM.Build.0 = Debug|ARM
		{8A7A480B-01F2-4693-B1B7-13E5BED8BBF6}.Debug|ARM64.ActiveCfg = Debug|ARM64
		{8A7A480B-01F2-4693-B1B7-13E5BED8BBF6}.Debug|ARM64.Build.0 = Debug|ARM64
		{8A7A480B-01F2-4693-B1B7-13E5BED8BBF6}.Debug|iPhone.ActiveCfg = Debug|Any CPU
		{8A7A480B-01F2-4693-B1B7-13E5BED8BBF6}.Debug|iPhone.Build.0 = Debug|Any CPU
		{8A7A480B-01F2-4693-B1B7-13E5BED8BBF6}.Debug|iPhoneSimulator.ActiveCfg = Debug|Any CPU
		{8A7A480B-01F2-4693-B1B7-13E5BED8BBF6}.Debug|iPhoneSimulator.Build.0 = Debug|Any CPU
		{8A7A480B-01F2-4693-B1B7-13E5BED8BBF6}.Debug|x64.ActiveCfg = Debug|x64
		{8A7A480B-01F2-4693-B1B7-13E5BED8BBF6}.Debug|x64.Build.0 = Debug|x64
		{8A7A480B-01F2-4693-B1B7-13E5BED8BBF6}.Debug|x86.ActiveCfg = Debug|x86
		{8A7A480B-01F2-4693-B1B7-13E5BED8BBF6}.Debug|x86.Build.0 = Debug|x86
		{8A7A480B-01F2-4693-B1B7-13E5BED8BBF6}.Release|Any CPU.ActiveCfg = Release|Any CPU
		{8A7A480B-01F2-4693-B1B7-13E5BED8BBF6}.Release|Any CPU.Build.0 = Release|Any CPU
		{8A7A480B-01F2-4693-B1B7-13E5BED8BBF6}.Release|ARM.ActiveCfg = Release|ARM
		{8A7A480B-01F2-4693-B1B7-13E5BED8BBF6}.Release|ARM.Build.0 = Release|ARM
		{8A7A480B-01F2-4693-B1B7-13E5BED8BBF6}.Release|ARM64.ActiveCfg = Release|ARM64
		{8A7A480B-01F2-4693-B1B7-13E5BED8BBF6}.Release|ARM64.Build.0 = Release|ARM64
		{8A7A480B-01F2-4693-B1B7-13E5BED8BBF6}.Release|iPhone.ActiveCfg = Release|Any CPU
		{8A7A480B-01F2-4693-B1B7-13E5BED8BBF6}.Release|iPhone.Build.0 = Release|Any CPU
		{8A7A480B-01F2-4693-B1B7-13E5BED8BBF6}.Release|iPhoneSimulator.ActiveCfg = Release|Any CPU
		{8A7A480B-01F2-4693-B1B7-13E5BED8BBF6}.Release|iPhoneSimulator.Build.0 = Release|Any CPU
		{8A7A480B-01F2-4693-B1B7-13E5BED8BBF6}.Release|x64.ActiveCfg = Release|x64
		{8A7A480B-01F2-4693-B1B7-13E5BED8BBF6}.Release|x64.Build.0 = Release|x64
		{8A7A480B-01F2-4693-B1B7-13E5BED8BBF6}.Release|x86.ActiveCfg = Release|x86
		{8A7A480B-01F2-4693-B1B7-13E5BED8BBF6}.Release|x86.Build.0 = Release|x86
		{28233CEB-52B0-4E65-9A39-59B387E2768D}.Ad-Hoc|Any CPU.ActiveCfg = Debug|Any CPU
		{28233CEB-52B0-4E65-9A39-59B387E2768D}.Ad-Hoc|Any CPU.Build.0 = Debug|Any CPU
		{28233CEB-52B0-4E65-9A39-59B387E2768D}.Ad-Hoc|ARM.ActiveCfg = Debug|ARM
		{28233CEB-52B0-4E65-9A39-59B387E2768D}.Ad-Hoc|ARM.Build.0 = Debug|ARM
		{28233CEB-52B0-4E65-9A39-59B387E2768D}.Ad-Hoc|ARM64.ActiveCfg = Debug|ARM64
		{28233CEB-52B0-4E65-9A39-59B387E2768D}.Ad-Hoc|ARM64.Build.0 = Debug|ARM64
		{28233CEB-52B0-4E65-9A39-59B387E2768D}.Ad-Hoc|iPhone.ActiveCfg = Debug|Any CPU
		{28233CEB-52B0-4E65-9A39-59B387E2768D}.Ad-Hoc|iPhone.Build.0 = Debug|Any CPU
		{28233CEB-52B0-4E65-9A39-59B387E2768D}.Ad-Hoc|iPhoneSimulator.ActiveCfg = Debug|Any CPU
		{28233CEB-52B0-4E65-9A39-59B387E2768D}.Ad-Hoc|iPhoneSimulator.Build.0 = Debug|Any CPU
		{28233CEB-52B0-4E65-9A39-59B387E2768D}.Ad-Hoc|x64.ActiveCfg = Debug|x64
		{28233CEB-52B0-4E65-9A39-59B387E2768D}.Ad-Hoc|x64.Build.0 = Debug|x64
		{28233CEB-52B0-4E65-9A39-59B387E2768D}.Ad-Hoc|x86.ActiveCfg = Debug|x86
		{28233CEB-52B0-4E65-9A39-59B387E2768D}.Ad-Hoc|x86.Build.0 = Debug|x86
		{28233CEB-52B0-4E65-9A39-59B387E2768D}.AppStore|Any CPU.ActiveCfg = Debug|Any CPU
		{28233CEB-52B0-4E65-9A39-59B387E2768D}.AppStore|Any CPU.Build.0 = Debug|Any CPU
		{28233CEB-52B0-4E65-9A39-59B387E2768D}.AppStore|ARM.ActiveCfg = Debug|ARM
		{28233CEB-52B0-4E65-9A39-59B387E2768D}.AppStore|ARM.Build.0 = Debug|ARM
		{28233CEB-52B0-4E65-9A39-59B387E2768D}.AppStore|ARM64.ActiveCfg = Debug|ARM64
		{28233CEB-52B0-4E65-9A39-59B387E2768D}.AppStore|ARM64.Build.0 = Debug|ARM64
		{28233CEB-52B0-4E65-9A39-59B387E2768D}.AppStore|iPhone.ActiveCfg = Debug|Any CPU
		{28233CEB-52B0-4E65-9A39-59B387E2768D}.AppStore|iPhone.Build.0 = Debug|Any CPU
		{28233CEB-52B0-4E65-9A39-59B387E2768D}.AppStore|iPhoneSimulator.ActiveCfg = Debug|Any CPU
		{28233CEB-52B0-4E65-9A39-59B387E2768D}.AppStore|iPhoneSimulator.Build.0 = Debug|Any CPU
		{28233CEB-52B0-4E65-9A39-59B387E2768D}.AppStore|x64.ActiveCfg = Debug|x64
		{28233CEB-52B0-4E65-9A39-59B387E2768D}.AppStore|x64.Build.0 = Debug|x64
		{28233CEB-52B0-4E65-9A39-59B387E2768D}.AppStore|x86.ActiveCfg = Debug|x86
		{28233CEB-52B0-4E65-9A39-59B387E2768D}.AppStore|x86.Build.0 = Debug|x86
		{28233CEB-52B0-4E65-9A39-59B387E2768D}.Debug|Any CPU.ActiveCfg = Debug|Any CPU
		{28233CEB-52B0-4E65-9A39-59B387E2768D}.Debug|Any CPU.Build.0 = Debug|Any CPU
		{28233CEB-52B0-4E65-9A39-59B387E2768D}.Debug|ARM.ActiveCfg = Debug|ARM
		{28233CEB-52B0-4E65-9A39-59B387E2768D}.Debug|ARM.Build.0 = Debug|ARM
		{28233CEB-52B0-4E65-9A39-59B387E2768D}.Debug|ARM64.ActiveCfg = Debug|ARM64
		{28233CEB-52B0-4E65-9A39-59B387E2768D}.Debug|ARM64.Build.0 = Debug|ARM64
		{28233CEB-52B0-4E65-9A39-59B387E2768D}.Debug|iPhone.ActiveCfg = Debug|Any CPU
		{28233CEB-52B0-4E65-9A39-59B387E2768D}.Debug|iPhone.Build.0 = Debug|Any CPU
		{28233CEB-52B0-4E65-9A39-59B387E2768D}.Debug|iPhoneSimulator.ActiveCfg = Debug|Any CPU
		{28233CEB-52B0-4E65-9A39-59B387E2768D}.Debug|iPhoneSimulator.Build.0 = Debug|Any CPU
		{28233CEB-52B0-4E65-9A39-59B387E2768D}.Debug|x64.ActiveCfg = Debug|x64
		{28233CEB-52B0-4E65-9A39-59B387E2768D}.Debug|x64.Build.0 = Debug|x64
		{28233CEB-52B0-4E65-9A39-59B387E2768D}.Debug|x86.ActiveCfg = Debug|x86
		{28233CEB-52B0-4E65-9A39-59B387E2768D}.Debug|x86.Build.0 = Debug|x86
		{28233CEB-52B0-4E65-9A39-59B387E2768D}.Release|Any CPU.ActiveCfg = Release|Any CPU
		{28233CEB-52B0-4E65-9A39-59B387E2768D}.Release|Any CPU.Build.0 = Release|Any CPU
		{28233CEB-52B0-4E65-9A39-59B387E2768D}.Release|ARM.ActiveCfg = Release|ARM
		{28233CEB-52B0-4E65-9A39-59B387E2768D}.Release|ARM.Build.0 = Release|ARM
		{28233CEB-52B0-4E65-9A39-59B387E2768D}.Release|ARM64.ActiveCfg = Release|ARM64
		{28233CEB-52B0-4E65-9A39-59B387E2768D}.Release|ARM64.Build.0 = Release|ARM64
		{28233CEB-52B0-4E65-9A39-59B387E2768D}.Release|iPhone.ActiveCfg = Release|Any CPU
		{28233CEB-52B0-4E65-9A39-59B387E2768D}.Release|iPhone.Build.0 = Release|Any CPU
		{28233CEB-52B0-4E65-9A39-59B387E2768D}.Release|iPhoneSimulator.ActiveCfg = Release|Any CPU
		{28233CEB-52B0-4E65-9A39-59B387E2768D}.Release|iPhoneSimulator.Build.0 = Release|Any CPU
		{28233CEB-52B0-4E65-9A39-59B387E2768D}.Release|x64.ActiveCfg = Release|x64
		{28233CEB-52B0-4E65-9A39-59B387E2768D}.Release|x64.Build.0 = Release|x64
		{28233CEB-52B0-4E65-9A39-59B387E2768D}.Release|x86.ActiveCfg = Release|x86
		{28233CEB-52B0-4E65-9A39-59B387E2768D}.Release|x86.Build.0 = Release|x86
		{F3DC419D-D543-4EFF-950B-85A926453BA9}.Ad-Hoc|Any CPU.ActiveCfg = Debug|Any CPU
		{F3DC419D-D543-4EFF-950B-85A926453BA9}.Ad-Hoc|Any CPU.Build.0 = Debug|Any CPU
		{F3DC419D-D543-4EFF-950B-85A926453BA9}.Ad-Hoc|ARM.ActiveCfg = Debug|Any CPU
		{F3DC419D-D543-4EFF-950B-85A926453BA9}.Ad-Hoc|ARM.Build.0 = Debug|Any CPU
		{F3DC419D-D543-4EFF-950B-85A926453BA9}.Ad-Hoc|ARM64.ActiveCfg = Debug|Any CPU
		{F3DC419D-D543-4EFF-950B-85A926453BA9}.Ad-Hoc|ARM64.Build.0 = Debug|Any CPU
		{F3DC419D-D543-4EFF-950B-85A926453BA9}.Ad-Hoc|iPhone.ActiveCfg = Debug|Any CPU
		{F3DC419D-D543-4EFF-950B-85A926453BA9}.Ad-Hoc|iPhone.Build.0 = Debug|Any CPU
		{F3DC419D-D543-4EFF-950B-85A926453BA9}.Ad-Hoc|iPhoneSimulator.ActiveCfg = Debug|Any CPU
		{F3DC419D-D543-4EFF-950B-85A926453BA9}.Ad-Hoc|iPhoneSimulator.Build.0 = Debug|Any CPU
		{F3DC419D-D543-4EFF-950B-85A926453BA9}.Ad-Hoc|x64.ActiveCfg = Debug|Any CPU
		{F3DC419D-D543-4EFF-950B-85A926453BA9}.Ad-Hoc|x64.Build.0 = Debug|Any CPU
		{F3DC419D-D543-4EFF-950B-85A926453BA9}.Ad-Hoc|x86.ActiveCfg = Debug|Any CPU
		{F3DC419D-D543-4EFF-950B-85A926453BA9}.Ad-Hoc|x86.Build.0 = Debug|Any CPU
		{F3DC419D-D543-4EFF-950B-85A926453BA9}.AppStore|Any CPU.ActiveCfg = Debug|Any CPU
		{F3DC419D-D543-4EFF-950B-85A926453BA9}.AppStore|Any CPU.Build.0 = Debug|Any CPU
		{F3DC419D-D543-4EFF-950B-85A926453BA9}.AppStore|ARM.ActiveCfg = Debug|Any CPU
		{F3DC419D-D543-4EFF-950B-85A926453BA9}.AppStore|ARM.Build.0 = Debug|Any CPU
		{F3DC419D-D543-4EFF-950B-85A926453BA9}.AppStore|ARM64.ActiveCfg = Debug|Any CPU
		{F3DC419D-D543-4EFF-950B-85A926453BA9}.AppStore|ARM64.Build.0 = Debug|Any CPU
		{F3DC419D-D543-4EFF-950B-85A926453BA9}.AppStore|iPhone.ActiveCfg = Debug|Any CPU
		{F3DC419D-D543-4EFF-950B-85A926453BA9}.AppStore|iPhone.Build.0 = Debug|Any CPU
		{F3DC419D-D543-4EFF-950B-85A926453BA9}.AppStore|iPhoneSimulator.ActiveCfg = Debug|Any CPU
		{F3DC419D-D543-4EFF-950B-85A926453BA9}.AppStore|iPhoneSimulator.Build.0 = Debug|Any CPU
		{F3DC419D-D543-4EFF-950B-85A926453BA9}.AppStore|x64.ActiveCfg = Debug|Any CPU
		{F3DC419D-D543-4EFF-950B-85A926453BA9}.AppStore|x64.Build.0 = Debug|Any CPU
		{F3DC419D-D543-4EFF-950B-85A926453BA9}.AppStore|x86.ActiveCfg = Debug|Any CPU
		{F3DC419D-D543-4EFF-950B-85A926453BA9}.AppStore|x86.Build.0 = Debug|Any CPU
		{F3DC419D-D543-4EFF-950B-85A926453BA9}.Debug|Any CPU.ActiveCfg = Debug|Any CPU
		{F3DC419D-D543-4EFF-950B-85A926453BA9}.Debug|Any CPU.Build.0 = Debug|Any CPU
		{F3DC419D-D543-4EFF-950B-85A926453BA9}.Debug|ARM.ActiveCfg = Debug|ARM
		{F3DC419D-D543-4EFF-950B-85A926453BA9}.Debug|ARM.Build.0 = Debug|ARM
		{F3DC419D-D543-4EFF-950B-85A926453BA9}.Debug|ARM64.ActiveCfg = Debug|ARM64
		{F3DC419D-D543-4EFF-950B-85A926453BA9}.Debug|ARM64.Build.0 = Debug|ARM64
		{F3DC419D-D543-4EFF-950B-85A926453BA9}.Debug|iPhone.ActiveCfg = Debug|Any CPU
		{F3DC419D-D543-4EFF-950B-85A926453BA9}.Debug|iPhone.Build.0 = Debug|Any CPU
		{F3DC419D-D543-4EFF-950B-85A926453BA9}.Debug|iPhoneSimulator.ActiveCfg = Debug|Any CPU
		{F3DC419D-D543-4EFF-950B-85A926453BA9}.Debug|iPhoneSimulator.Build.0 = Debug|Any CPU
		{F3DC419D-D543-4EFF-950B-85A926453BA9}.Debug|x64.ActiveCfg = Debug|x64
		{F3DC419D-D543-4EFF-950B-85A926453BA9}.Debug|x64.Build.0 = Debug|x64
		{F3DC419D-D543-4EFF-950B-85A926453BA9}.Debug|x86.ActiveCfg = Debug|Any CPU
		{F3DC419D-D543-4EFF-950B-85A926453BA9}.Debug|x86.Build.0 = Debug|Any CPU
		{F3DC419D-D543-4EFF-950B-85A926453BA9}.Release|Any CPU.ActiveCfg = Release|Any CPU
		{F3DC419D-D543-4EFF-950B-85A926453BA9}.Release|Any CPU.Build.0 = Release|Any CPU
		{F3DC419D-D543-4EFF-950B-85A926453BA9}.Release|ARM.ActiveCfg = Release|ARM
		{F3DC419D-D543-4EFF-950B-85A926453BA9}.Release|ARM.Build.0 = Release|ARM
		{F3DC419D-D543-4EFF-950B-85A926453BA9}.Release|ARM64.ActiveCfg = Release|ARM64
		{F3DC419D-D543-4EFF-950B-85A926453BA9}.Release|ARM64.Build.0 = Release|ARM64
		{F3DC419D-D543-4EFF-950B-85A926453BA9}.Release|iPhone.ActiveCfg = Release|Any CPU
		{F3DC419D-D543-4EFF-950B-85A926453BA9}.Release|iPhone.Build.0 = Release|Any CPU
		{F3DC419D-D543-4EFF-950B-85A926453BA9}.Release|iPhoneSimulator.ActiveCfg = Release|Any CPU
		{F3DC419D-D543-4EFF-950B-85A926453BA9}.Release|iPhoneSimulator.Build.0 = Release|Any CPU
		{F3DC419D-D543-4EFF-950B-85A926453BA9}.Release|x64.ActiveCfg = Release|x64
		{F3DC419D-D543-4EFF-950B-85A926453BA9}.Release|x64.Build.0 = Release|x64
		{F3DC419D-D543-4EFF-950B-85A926453BA9}.Release|x86.ActiveCfg = Release|Any CPU
		{F3DC419D-D543-4EFF-950B-85A926453BA9}.Release|x86.Build.0 = Release|Any CPU
		{63D41C01-8CA3-47CC-9D2B-A5BED62F5611}.Ad-Hoc|Any CPU.ActiveCfg = Debug|Any CPU
		{63D41C01-8CA3-47CC-9D2B-A5BED62F5611}.Ad-Hoc|Any CPU.Build.0 = Debug|Any CPU
		{63D41C01-8CA3-47CC-9D2B-A5BED62F5611}.Ad-Hoc|ARM.ActiveCfg = Debug|Any CPU
		{63D41C01-8CA3-47CC-9D2B-A5BED62F5611}.Ad-Hoc|ARM.Build.0 = Debug|Any CPU
		{63D41C01-8CA3-47CC-9D2B-A5BED62F5611}.Ad-Hoc|ARM64.ActiveCfg = Debug|Any CPU
		{63D41C01-8CA3-47CC-9D2B-A5BED62F5611}.Ad-Hoc|ARM64.Build.0 = Debug|Any CPU
		{63D41C01-8CA3-47CC-9D2B-A5BED62F5611}.Ad-Hoc|iPhone.ActiveCfg = Debug|Any CPU
		{63D41C01-8CA3-47CC-9D2B-A5BED62F5611}.Ad-Hoc|iPhone.Build.0 = Debug|Any CPU
		{63D41C01-8CA3-47CC-9D2B-A5BED62F5611}.Ad-Hoc|iPhoneSimulator.ActiveCfg = Debug|Any CPU
		{63D41C01-8CA3-47CC-9D2B-A5BED62F5611}.Ad-Hoc|iPhoneSimulator.Build.0 = Debug|Any CPU
		{63D41C01-8CA3-47CC-9D2B-A5BED62F5611}.Ad-Hoc|x64.ActiveCfg = Debug|Any CPU
		{63D41C01-8CA3-47CC-9D2B-A5BED62F5611}.Ad-Hoc|x64.Build.0 = Debug|Any CPU
		{63D41C01-8CA3-47CC-9D2B-A5BED62F5611}.Ad-Hoc|x86.ActiveCfg = Debug|Any CPU
		{63D41C01-8CA3-47CC-9D2B-A5BED62F5611}.Ad-Hoc|x86.Build.0 = Debug|Any CPU
		{63D41C01-8CA3-47CC-9D2B-A5BED62F5611}.AppStore|Any CPU.ActiveCfg = Debug|Any CPU
		{63D41C01-8CA3-47CC-9D2B-A5BED62F5611}.AppStore|Any CPU.Build.0 = Debug|Any CPU
		{63D41C01-8CA3-47CC-9D2B-A5BED62F5611}.AppStore|ARM.ActiveCfg = Debug|Any CPU
		{63D41C01-8CA3-47CC-9D2B-A5BED62F5611}.AppStore|ARM.Build.0 = Debug|Any CPU
		{63D41C01-8CA3-47CC-9D2B-A5BED62F5611}.AppStore|ARM64.ActiveCfg = Debug|Any CPU
		{63D41C01-8CA3-47CC-9D2B-A5BED62F5611}.AppStore|ARM64.Build.0 = Debug|Any CPU
		{63D41C01-8CA3-47CC-9D2B-A5BED62F5611}.AppStore|iPhone.ActiveCfg = Debug|Any CPU
		{63D41C01-8CA3-47CC-9D2B-A5BED62F5611}.AppStore|iPhone.Build.0 = Debug|Any CPU
		{63D41C01-8CA3-47CC-9D2B-A5BED62F5611}.AppStore|iPhoneSimulator.ActiveCfg = Debug|Any CPU
		{63D41C01-8CA3-47CC-9D2B-A5BED62F5611}.AppStore|iPhoneSimulator.Build.0 = Debug|Any CPU
		{63D41C01-8CA3-47CC-9D2B-A5BED62F5611}.AppStore|x64.ActiveCfg = Debug|Any CPU
		{63D41C01-8CA3-47CC-9D2B-A5BED62F5611}.AppStore|x64.Build.0 = Debug|Any CPU
		{63D41C01-8CA3-47CC-9D2B-A5BED62F5611}.AppStore|x86.ActiveCfg = Debug|Any CPU
		{63D41C01-8CA3-47CC-9D2B-A5BED62F5611}.AppStore|x86.Build.0 = Debug|Any CPU
		{63D41C01-8CA3-47CC-9D2B-A5BED62F5611}.Debug|Any CPU.ActiveCfg = Debug|Any CPU
		{63D41C01-8CA3-47CC-9D2B-A5BED62F5611}.Debug|Any CPU.Build.0 = Debug|Any CPU
		{63D41C01-8CA3-47CC-9D2B-A5BED62F5611}.Debug|ARM.ActiveCfg = Debug|Any CPU
		{63D41C01-8CA3-47CC-9D2B-A5BED62F5611}.Debug|ARM.Build.0 = Debug|Any CPU
		{63D41C01-8CA3-47CC-9D2B-A5BED62F5611}.Debug|ARM64.ActiveCfg = Debug|ARM64
		{63D41C01-8CA3-47CC-9D2B-A5BED62F5611}.Debug|ARM64.Build.0 = Debug|ARM64
		{63D41C01-8CA3-47CC-9D2B-A5BED62F5611}.Debug|iPhone.ActiveCfg = Debug|Any CPU
		{63D41C01-8CA3-47CC-9D2B-A5BED62F5611}.Debug|iPhone.Build.0 = Debug|Any CPU
		{63D41C01-8CA3-47CC-9D2B-A5BED62F5611}.Debug|iPhoneSimulator.ActiveCfg = Debug|Any CPU
		{63D41C01-8CA3-47CC-9D2B-A5BED62F5611}.Debug|iPhoneSimulator.Build.0 = Debug|Any CPU
		{63D41C01-8CA3-47CC-9D2B-A5BED62F5611}.Debug|x64.ActiveCfg = Debug|x64
		{63D41C01-8CA3-47CC-9D2B-A5BED62F5611}.Debug|x64.Build.0 = Debug|x64
		{63D41C01-8CA3-47CC-9D2B-A5BED62F5611}.Debug|x86.ActiveCfg = Debug|Any CPU
		{63D41C01-8CA3-47CC-9D2B-A5BED62F5611}.Debug|x86.Build.0 = Debug|Any CPU
		{63D41C01-8CA3-47CC-9D2B-A5BED62F5611}.Release|Any CPU.ActiveCfg = Release|Any CPU
		{63D41C01-8CA3-47CC-9D2B-A5BED62F5611}.Release|Any CPU.Build.0 = Release|Any CPU
		{63D41C01-8CA3-47CC-9D2B-A5BED62F5611}.Release|ARM.ActiveCfg = Release|Any CPU
		{63D41C01-8CA3-47CC-9D2B-A5BED62F5611}.Release|ARM.Build.0 = Release|Any CPU
		{63D41C01-8CA3-47CC-9D2B-A5BED62F5611}.Release|ARM64.ActiveCfg = Release|ARM64
		{63D41C01-8CA3-47CC-9D2B-A5BED62F5611}.Release|ARM64.Build.0 = Release|ARM64
		{63D41C01-8CA3-47CC-9D2B-A5BED62F5611}.Release|iPhone.ActiveCfg = Release|Any CPU
		{63D41C01-8CA3-47CC-9D2B-A5BED62F5611}.Release|iPhone.Build.0 = Release|Any CPU
		{63D41C01-8CA3-47CC-9D2B-A5BED62F5611}.Release|iPhoneSimulator.ActiveCfg = Release|Any CPU
		{63D41C01-8CA3-47CC-9D2B-A5BED62F5611}.Release|iPhoneSimulator.Build.0 = Release|Any CPU
		{63D41C01-8CA3-47CC-9D2B-A5BED62F5611}.Release|x64.ActiveCfg = Release|Any CPU
		{63D41C01-8CA3-47CC-9D2B-A5BED62F5611}.Release|x64.Build.0 = Release|Any CPU
		{63D41C01-8CA3-47CC-9D2B-A5BED62F5611}.Release|x86.ActiveCfg = Release|Any CPU
		{63D41C01-8CA3-47CC-9D2B-A5BED62F5611}.Release|x86.Build.0 = Release|Any CPU
		{DB39D16F-AA6B-403C-8EA5-703AF4C8485A}.Ad-Hoc|Any CPU.ActiveCfg = Debug|Any CPU
		{DB39D16F-AA6B-403C-8EA5-703AF4C8485A}.Ad-Hoc|Any CPU.Build.0 = Debug|Any CPU
		{DB39D16F-AA6B-403C-8EA5-703AF4C8485A}.Ad-Hoc|ARM.ActiveCfg = Debug|Any CPU
		{DB39D16F-AA6B-403C-8EA5-703AF4C8485A}.Ad-Hoc|ARM.Build.0 = Debug|Any CPU
		{DB39D16F-AA6B-403C-8EA5-703AF4C8485A}.Ad-Hoc|ARM64.ActiveCfg = Debug|Any CPU
		{DB39D16F-AA6B-403C-8EA5-703AF4C8485A}.Ad-Hoc|ARM64.Build.0 = Debug|Any CPU
		{DB39D16F-AA6B-403C-8EA5-703AF4C8485A}.Ad-Hoc|iPhone.ActiveCfg = Debug|Any CPU
		{DB39D16F-AA6B-403C-8EA5-703AF4C8485A}.Ad-Hoc|iPhone.Build.0 = Debug|Any CPU
		{DB39D16F-AA6B-403C-8EA5-703AF4C8485A}.Ad-Hoc|iPhoneSimulator.ActiveCfg = Debug|Any CPU
		{DB39D16F-AA6B-403C-8EA5-703AF4C8485A}.Ad-Hoc|iPhoneSimulator.Build.0 = Debug|Any CPU
		{DB39D16F-AA6B-403C-8EA5-703AF4C8485A}.Ad-Hoc|x64.ActiveCfg = Debug|Any CPU
		{DB39D16F-AA6B-403C-8EA5-703AF4C8485A}.Ad-Hoc|x64.Build.0 = Debug|Any CPU
		{DB39D16F-AA6B-403C-8EA5-703AF4C8485A}.Ad-Hoc|x86.ActiveCfg = Debug|Any CPU
		{DB39D16F-AA6B-403C-8EA5-703AF4C8485A}.Ad-Hoc|x86.Build.0 = Debug|Any CPU
		{DB39D16F-AA6B-403C-8EA5-703AF4C8485A}.AppStore|Any CPU.ActiveCfg = Debug|Any CPU
		{DB39D16F-AA6B-403C-8EA5-703AF4C8485A}.AppStore|Any CPU.Build.0 = Debug|Any CPU
		{DB39D16F-AA6B-403C-8EA5-703AF4C8485A}.AppStore|ARM.ActiveCfg = Debug|Any CPU
		{DB39D16F-AA6B-403C-8EA5-703AF4C8485A}.AppStore|ARM.Build.0 = Debug|Any CPU
		{DB39D16F-AA6B-403C-8EA5-703AF4C8485A}.AppStore|ARM64.ActiveCfg = Debug|Any CPU
		{DB39D16F-AA6B-403C-8EA5-703AF4C8485A}.AppStore|ARM64.Build.0 = Debug|Any CPU
		{DB39D16F-AA6B-403C-8EA5-703AF4C8485A}.AppStore|iPhone.ActiveCfg = Debug|Any CPU
		{DB39D16F-AA6B-403C-8EA5-703AF4C8485A}.AppStore|iPhone.Build.0 = Debug|Any CPU
		{DB39D16F-AA6B-403C-8EA5-703AF4C8485A}.AppStore|iPhoneSimulator.ActiveCfg = Debug|Any CPU
		{DB39D16F-AA6B-403C-8EA5-703AF4C8485A}.AppStore|iPhoneSimulator.Build.0 = Debug|Any CPU
		{DB39D16F-AA6B-403C-8EA5-703AF4C8485A}.AppStore|x64.ActiveCfg = Debug|Any CPU
		{DB39D16F-AA6B-403C-8EA5-703AF4C8485A}.AppStore|x64.Build.0 = Debug|Any CPU
		{DB39D16F-AA6B-403C-8EA5-703AF4C8485A}.AppStore|x86.ActiveCfg = Debug|Any CPU
		{DB39D16F-AA6B-403C-8EA5-703AF4C8485A}.AppStore|x86.Build.0 = Debug|Any CPU
		{DB39D16F-AA6B-403C-8EA5-703AF4C8485A}.Debug|Any CPU.ActiveCfg = Debug|Any CPU
		{DB39D16F-AA6B-403C-8EA5-703AF4C8485A}.Debug|Any CPU.Build.0 = Debug|Any CPU
		{DB39D16F-AA6B-403C-8EA5-703AF4C8485A}.Debug|ARM.ActiveCfg = Debug|Any CPU
		{DB39D16F-AA6B-403C-8EA5-703AF4C8485A}.Debug|ARM.Build.0 = Debug|Any CPU
		{DB39D16F-AA6B-403C-8EA5-703AF4C8485A}.Debug|ARM64.ActiveCfg = Debug|Any CPU
		{DB39D16F-AA6B-403C-8EA5-703AF4C8485A}.Debug|ARM64.Build.0 = Debug|Any CPU
		{DB39D16F-AA6B-403C-8EA5-703AF4C8485A}.Debug|iPhone.ActiveCfg = Debug|Any CPU
		{DB39D16F-AA6B-403C-8EA5-703AF4C8485A}.Debug|iPhone.Build.0 = Debug|Any CPU
		{DB39D16F-AA6B-403C-8EA5-703AF4C8485A}.Debug|iPhoneSimulator.ActiveCfg = Debug|Any CPU
		{DB39D16F-AA6B-403C-8EA5-703AF4C8485A}.Debug|iPhoneSimulator.Build.0 = Debug|Any CPU
		{DB39D16F-AA6B-403C-8EA5-703AF4C8485A}.Debug|x64.ActiveCfg = Debug|Any CPU
		{DB39D16F-AA6B-403C-8EA5-703AF4C8485A}.Debug|x64.Build.0 = Debug|Any CPU
		{DB39D16F-AA6B-403C-8EA5-703AF4C8485A}.Debug|x86.ActiveCfg = Debug|Any CPU
		{DB39D16F-AA6B-403C-8EA5-703AF4C8485A}.Debug|x86.Build.0 = Debug|Any CPU
		{DB39D16F-AA6B-403C-8EA5-703AF4C8485A}.Release|Any CPU.ActiveCfg = Release|Any CPU
		{DB39D16F-AA6B-403C-8EA5-703AF4C8485A}.Release|Any CPU.Build.0 = Release|Any CPU
		{DB39D16F-AA6B-403C-8EA5-703AF4C8485A}.Release|ARM.ActiveCfg = Release|Any CPU
		{DB39D16F-AA6B-403C-8EA5-703AF4C8485A}.Release|ARM.Build.0 = Release|Any CPU
		{DB39D16F-AA6B-403C-8EA5-703AF4C8485A}.Release|ARM64.ActiveCfg = Release|Any CPU
		{DB39D16F-AA6B-403C-8EA5-703AF4C8485A}.Release|ARM64.Build.0 = Release|Any CPU
		{DB39D16F-AA6B-403C-8EA5-703AF4C8485A}.Release|iPhone.ActiveCfg = Release|Any CPU
		{DB39D16F-AA6B-403C-8EA5-703AF4C8485A}.Release|iPhone.Build.0 = Release|Any CPU
		{DB39D16F-AA6B-403C-8EA5-703AF4C8485A}.Release|iPhoneSimulator.ActiveCfg = Release|Any CPU
		{DB39D16F-AA6B-403C-8EA5-703AF4C8485A}.Release|iPhoneSimulator.Build.0 = Release|Any CPU
		{DB39D16F-AA6B-403C-8EA5-703AF4C8485A}.Release|x64.ActiveCfg = Release|Any CPU
		{DB39D16F-AA6B-403C-8EA5-703AF4C8485A}.Release|x64.Build.0 = Release|Any CPU
		{DB39D16F-AA6B-403C-8EA5-703AF4C8485A}.Release|x86.ActiveCfg = Release|Any CPU
		{DB39D16F-AA6B-403C-8EA5-703AF4C8485A}.Release|x86.Build.0 = Release|Any CPU
		{4C3BFF15-2E68-3CD3-2FC6-5E05A5BBF176}.Ad-Hoc|Any CPU.ActiveCfg = Release|Any CPU
		{4C3BFF15-2E68-3CD3-2FC6-5E05A5BBF176}.Ad-Hoc|Any CPU.Build.0 = Release|Any CPU
		{4C3BFF15-2E68-3CD3-2FC6-5E05A5BBF176}.Ad-Hoc|ARM.ActiveCfg = Release|Any CPU
		{4C3BFF15-2E68-3CD3-2FC6-5E05A5BBF176}.Ad-Hoc|ARM.Build.0 = Release|Any CPU
		{4C3BFF15-2E68-3CD3-2FC6-5E05A5BBF176}.Ad-Hoc|ARM64.ActiveCfg = Release|Any CPU
		{4C3BFF15-2E68-3CD3-2FC6-5E05A5BBF176}.Ad-Hoc|ARM64.Build.0 = Release|Any CPU
		{4C3BFF15-2E68-3CD3-2FC6-5E05A5BBF176}.Ad-Hoc|iPhone.ActiveCfg = Release|Any CPU
		{4C3BFF15-2E68-3CD3-2FC6-5E05A5BBF176}.Ad-Hoc|iPhone.Build.0 = Release|Any CPU
		{4C3BFF15-2E68-3CD3-2FC6-5E05A5BBF176}.Ad-Hoc|iPhoneSimulator.ActiveCfg = Release|Any CPU
		{4C3BFF15-2E68-3CD3-2FC6-5E05A5BBF176}.Ad-Hoc|iPhoneSimulator.Build.0 = Release|Any CPU
		{4C3BFF15-2E68-3CD3-2FC6-5E05A5BBF176}.Ad-Hoc|x64.ActiveCfg = Release|Any CPU
		{4C3BFF15-2E68-3CD3-2FC6-5E05A5BBF176}.Ad-Hoc|x64.Build.0 = Release|Any CPU
		{4C3BFF15-2E68-3CD3-2FC6-5E05A5BBF176}.Ad-Hoc|x86.ActiveCfg = Release|Any CPU
		{4C3BFF15-2E68-3CD3-2FC6-5E05A5BBF176}.Ad-Hoc|x86.Build.0 = Release|Any CPU
		{4C3BFF15-2E68-3CD3-2FC6-5E05A5BBF176}.AppStore|Any CPU.ActiveCfg = Release|Any CPU
		{4C3BFF15-2E68-3CD3-2FC6-5E05A5BBF176}.AppStore|Any CPU.Build.0 = Release|Any CPU
		{4C3BFF15-2E68-3CD3-2FC6-5E05A5BBF176}.AppStore|ARM.ActiveCfg = Release|Any CPU
		{4C3BFF15-2E68-3CD3-2FC6-5E05A5BBF176}.AppStore|ARM.Build.0 = Release|Any CPU
		{4C3BFF15-2E68-3CD3-2FC6-5E05A5BBF176}.AppStore|ARM64.ActiveCfg = Release|Any CPU
		{4C3BFF15-2E68-3CD3-2FC6-5E05A5BBF176}.AppStore|ARM64.Build.0 = Release|Any CPU
		{4C3BFF15-2E68-3CD3-2FC6-5E05A5BBF176}.AppStore|iPhone.ActiveCfg = Release|Any CPU
		{4C3BFF15-2E68-3CD3-2FC6-5E05A5BBF176}.AppStore|iPhone.Build.0 = Release|Any CPU
		{4C3BFF15-2E68-3CD3-2FC6-5E05A5BBF176}.AppStore|iPhoneSimulator.ActiveCfg = Release|Any CPU
		{4C3BFF15-2E68-3CD3-2FC6-5E05A5BBF176}.AppStore|iPhoneSimulator.Build.0 = Release|Any CPU
		{4C3BFF15-2E68-3CD3-2FC6-5E05A5BBF176}.AppStore|x64.ActiveCfg = Release|Any CPU
		{4C3BFF15-2E68-3CD3-2FC6-5E05A5BBF176}.AppStore|x64.Build.0 = Release|Any CPU
		{4C3BFF15-2E68-3CD3-2FC6-5E05A5BBF176}.AppStore|x86.ActiveCfg = Release|Any CPU
		{4C3BFF15-2E68-3CD3-2FC6-5E05A5BBF176}.AppStore|x86.Build.0 = Release|Any CPU
		{4C3BFF15-2E68-3CD3-2FC6-5E05A5BBF176}.Debug|Any CPU.ActiveCfg = Debug|Any CPU
		{4C3BFF15-2E68-3CD3-2FC6-5E05A5BBF176}.Debug|Any CPU.Build.0 = Debug|Any CPU
		{4C3BFF15-2E68-3CD3-2FC6-5E05A5BBF176}.Debug|ARM.ActiveCfg = Debug|Any CPU
		{4C3BFF15-2E68-3CD3-2FC6-5E05A5BBF176}.Debug|ARM.Build.0 = Debug|Any CPU
		{4C3BFF15-2E68-3CD3-2FC6-5E05A5BBF176}.Debug|ARM64.ActiveCfg = Debug|ARM64
		{4C3BFF15-2E68-3CD3-2FC6-5E05A5BBF176}.Debug|ARM64.Build.0 = Debug|ARM64
		{4C3BFF15-2E68-3CD3-2FC6-5E05A5BBF176}.Debug|iPhone.ActiveCfg = Debug|Any CPU
		{4C3BFF15-2E68-3CD3-2FC6-5E05A5BBF176}.Debug|iPhone.Build.0 = Debug|Any CPU
		{4C3BFF15-2E68-3CD3-2FC6-5E05A5BBF176}.Debug|iPhoneSimulator.ActiveCfg = Debug|Any CPU
		{4C3BFF15-2E68-3CD3-2FC6-5E05A5BBF176}.Debug|iPhoneSimulator.Build.0 = Debug|Any CPU
		{4C3BFF15-2E68-3CD3-2FC6-5E05A5BBF176}.Debug|x64.ActiveCfg = Debug|x64
		{4C3BFF15-2E68-3CD3-2FC6-5E05A5BBF176}.Debug|x64.Build.0 = Debug|x64
		{4C3BFF15-2E68-3CD3-2FC6-5E05A5BBF176}.Debug|x86.ActiveCfg = Debug|Any CPU
		{4C3BFF15-2E68-3CD3-2FC6-5E05A5BBF176}.Debug|x86.Build.0 = Debug|Any CPU
		{4C3BFF15-2E68-3CD3-2FC6-5E05A5BBF176}.Release|Any CPU.ActiveCfg = Release|Any CPU
		{4C3BFF15-2E68-3CD3-2FC6-5E05A5BBF176}.Release|Any CPU.Build.0 = Release|Any CPU
		{4C3BFF15-2E68-3CD3-2FC6-5E05A5BBF176}.Release|ARM.ActiveCfg = Release|Any CPU
		{4C3BFF15-2E68-3CD3-2FC6-5E05A5BBF176}.Release|ARM.Build.0 = Release|Any CPU
		{4C3BFF15-2E68-3CD3-2FC6-5E05A5BBF176}.Release|ARM64.ActiveCfg = Release|Any CPU
		{4C3BFF15-2E68-3CD3-2FC6-5E05A5BBF176}.Release|ARM64.Build.0 = Release|Any CPU
		{4C3BFF15-2E68-3CD3-2FC6-5E05A5BBF176}.Release|iPhone.ActiveCfg = Release|Any CPU
		{4C3BFF15-2E68-3CD3-2FC6-5E05A5BBF176}.Release|iPhone.Build.0 = Release|Any CPU
		{4C3BFF15-2E68-3CD3-2FC6-5E05A5BBF176}.Release|iPhoneSimulator.ActiveCfg = Release|Any CPU
		{4C3BFF15-2E68-3CD3-2FC6-5E05A5BBF176}.Release|iPhoneSimulator.Build.0 = Release|Any CPU
		{4C3BFF15-2E68-3CD3-2FC6-5E05A5BBF176}.Release|x64.ActiveCfg = Release|Any CPU
		{4C3BFF15-2E68-3CD3-2FC6-5E05A5BBF176}.Release|x64.Build.0 = Release|Any CPU
		{4C3BFF15-2E68-3CD3-2FC6-5E05A5BBF176}.Release|x86.ActiveCfg = Release|Any CPU
		{4C3BFF15-2E68-3CD3-2FC6-5E05A5BBF176}.Release|x86.Build.0 = Release|Any CPU
		{9E998282-9F4E-323D-0E23-3D9907B98676}.Ad-Hoc|Any CPU.ActiveCfg = Release|Any CPU
		{9E998282-9F4E-323D-0E23-3D9907B98676}.Ad-Hoc|Any CPU.Build.0 = Release|Any CPU
		{9E998282-9F4E-323D-0E23-3D9907B98676}.Ad-Hoc|ARM.ActiveCfg = Release|Any CPU
		{9E998282-9F4E-323D-0E23-3D9907B98676}.Ad-Hoc|ARM.Build.0 = Release|Any CPU
		{9E998282-9F4E-323D-0E23-3D9907B98676}.Ad-Hoc|ARM64.ActiveCfg = Release|ARM64
		{9E998282-9F4E-323D-0E23-3D9907B98676}.Ad-Hoc|ARM64.Build.0 = Release|ARM64
		{9E998282-9F4E-323D-0E23-3D9907B98676}.Ad-Hoc|iPhone.ActiveCfg = Release|Any CPU
		{9E998282-9F4E-323D-0E23-3D9907B98676}.Ad-Hoc|iPhone.Build.0 = Release|Any CPU
		{9E998282-9F4E-323D-0E23-3D9907B98676}.Ad-Hoc|iPhoneSimulator.ActiveCfg = Release|Any CPU
		{9E998282-9F4E-323D-0E23-3D9907B98676}.Ad-Hoc|iPhoneSimulator.Build.0 = Release|Any CPU
		{9E998282-9F4E-323D-0E23-3D9907B98676}.Ad-Hoc|x64.ActiveCfg = Release|x64
		{9E998282-9F4E-323D-0E23-3D9907B98676}.Ad-Hoc|x64.Build.0 = Release|x64
		{9E998282-9F4E-323D-0E23-3D9907B98676}.Ad-Hoc|x86.ActiveCfg = Release|Any CPU
		{9E998282-9F4E-323D-0E23-3D9907B98676}.Ad-Hoc|x86.Build.0 = Release|Any CPU
		{9E998282-9F4E-323D-0E23-3D9907B98676}.AppStore|Any CPU.ActiveCfg = Release|Any CPU
		{9E998282-9F4E-323D-0E23-3D9907B98676}.AppStore|Any CPU.Build.0 = Release|Any CPU
		{9E998282-9F4E-323D-0E23-3D9907B98676}.AppStore|ARM.ActiveCfg = Release|Any CPU
		{9E998282-9F4E-323D-0E23-3D9907B98676}.AppStore|ARM.Build.0 = Release|Any CPU
		{9E998282-9F4E-323D-0E23-3D9907B98676}.AppStore|ARM64.ActiveCfg = Release|ARM64
		{9E998282-9F4E-323D-0E23-3D9907B98676}.AppStore|ARM64.Build.0 = Release|ARM64
		{9E998282-9F4E-323D-0E23-3D9907B98676}.AppStore|iPhone.ActiveCfg = Release|Any CPU
		{9E998282-9F4E-323D-0E23-3D9907B98676}.AppStore|iPhone.Build.0 = Release|Any CPU
		{9E998282-9F4E-323D-0E23-3D9907B98676}.AppStore|iPhoneSimulator.ActiveCfg = Release|Any CPU
		{9E998282-9F4E-323D-0E23-3D9907B98676}.AppStore|iPhoneSimulator.Build.0 = Release|Any CPU
		{9E998282-9F4E-323D-0E23-3D9907B98676}.AppStore|x64.ActiveCfg = Release|x64
		{9E998282-9F4E-323D-0E23-3D9907B98676}.AppStore|x64.Build.0 = Release|x64
		{9E998282-9F4E-323D-0E23-3D9907B98676}.AppStore|x86.ActiveCfg = Release|Any CPU
		{9E998282-9F4E-323D-0E23-3D9907B98676}.AppStore|x86.Build.0 = Release|Any CPU
		{9E998282-9F4E-323D-0E23-3D9907B98676}.Debug|Any CPU.ActiveCfg = Debug|Any CPU
		{9E998282-9F4E-323D-0E23-3D9907B98676}.Debug|Any CPU.Build.0 = Debug|Any CPU
		{9E998282-9F4E-323D-0E23-3D9907B98676}.Debug|ARM.ActiveCfg = Debug|Any CPU
		{9E998282-9F4E-323D-0E23-3D9907B98676}.Debug|ARM.Build.0 = Debug|Any CPU
		{9E998282-9F4E-323D-0E23-3D9907B98676}.Debug|ARM64.ActiveCfg = Debug|ARM64
		{9E998282-9F4E-323D-0E23-3D9907B98676}.Debug|ARM64.Build.0 = Debug|ARM64
		{9E998282-9F4E-323D-0E23-3D9907B98676}.Debug|iPhone.ActiveCfg = Debug|Any CPU
		{9E998282-9F4E-323D-0E23-3D9907B98676}.Debug|iPhone.Build.0 = Debug|Any CPU
		{9E998282-9F4E-323D-0E23-3D9907B98676}.Debug|iPhoneSimulator.ActiveCfg = Debug|Any CPU
		{9E998282-9F4E-323D-0E23-3D9907B98676}.Debug|iPhoneSimulator.Build.0 = Debug|Any CPU
		{9E998282-9F4E-323D-0E23-3D9907B98676}.Debug|x64.ActiveCfg = Debug|x64
		{9E998282-9F4E-323D-0E23-3D9907B98676}.Debug|x64.Build.0 = Debug|x64
		{9E998282-9F4E-323D-0E23-3D9907B98676}.Debug|x86.ActiveCfg = Debug|Any CPU
		{9E998282-9F4E-323D-0E23-3D9907B98676}.Debug|x86.Build.0 = Debug|Any CPU
		{9E998282-9F4E-323D-0E23-3D9907B98676}.Release|Any CPU.ActiveCfg = Release|Any CPU
		{9E998282-9F4E-323D-0E23-3D9907B98676}.Release|Any CPU.Build.0 = Release|Any CPU
		{9E998282-9F4E-323D-0E23-3D9907B98676}.Release|ARM.ActiveCfg = Release|Any CPU
		{9E998282-9F4E-323D-0E23-3D9907B98676}.Release|ARM.Build.0 = Release|Any CPU
		{9E998282-9F4E-323D-0E23-3D9907B98676}.Release|ARM64.ActiveCfg = Release|ARM64
		{9E998282-9F4E-323D-0E23-3D9907B98676}.Release|ARM64.Build.0 = Release|ARM64
		{9E998282-9F4E-323D-0E23-3D9907B98676}.Release|iPhone.ActiveCfg = Release|Any CPU
		{9E998282-9F4E-323D-0E23-3D9907B98676}.Release|iPhone.Build.0 = Release|Any CPU
		{9E998282-9F4E-323D-0E23-3D9907B98676}.Release|iPhoneSimulator.ActiveCfg = Release|Any CPU
		{9E998282-9F4E-323D-0E23-3D9907B98676}.Release|iPhoneSimulator.Build.0 = Release|Any CPU
		{9E998282-9F4E-323D-0E23-3D9907B98676}.Release|x64.ActiveCfg = Release|x64
		{9E998282-9F4E-323D-0E23-3D9907B98676}.Release|x64.Build.0 = Release|x64
		{9E998282-9F4E-323D-0E23-3D9907B98676}.Release|x86.ActiveCfg = Release|Any CPU
		{9E998282-9F4E-323D-0E23-3D9907B98676}.Release|x86.Build.0 = Release|Any CPU
		{C345A337-80B0-73BD-CAF2-3F5517DBBC1F}.Ad-Hoc|Any CPU.ActiveCfg = Release|Any CPU
		{C345A337-80B0-73BD-CAF2-3F5517DBBC1F}.Ad-Hoc|Any CPU.Build.0 = Release|Any CPU
		{C345A337-80B0-73BD-CAF2-3F5517DBBC1F}.Ad-Hoc|Any CPU.Deploy.0 = Release|Any CPU
		{C345A337-80B0-73BD-CAF2-3F5517DBBC1F}.Ad-Hoc|ARM.ActiveCfg = Release|Any CPU
		{C345A337-80B0-73BD-CAF2-3F5517DBBC1F}.Ad-Hoc|ARM.Build.0 = Release|Any CPU
		{C345A337-80B0-73BD-CAF2-3F5517DBBC1F}.Ad-Hoc|ARM.Deploy.0 = Release|Any CPU
		{C345A337-80B0-73BD-CAF2-3F5517DBBC1F}.Ad-Hoc|ARM64.ActiveCfg = Release|Any CPU
		{C345A337-80B0-73BD-CAF2-3F5517DBBC1F}.Ad-Hoc|ARM64.Build.0 = Release|Any CPU
		{C345A337-80B0-73BD-CAF2-3F5517DBBC1F}.Ad-Hoc|ARM64.Deploy.0 = Release|Any CPU
		{C345A337-80B0-73BD-CAF2-3F5517DBBC1F}.Ad-Hoc|iPhone.ActiveCfg = Release|Any CPU
		{C345A337-80B0-73BD-CAF2-3F5517DBBC1F}.Ad-Hoc|iPhone.Build.0 = Release|Any CPU
		{C345A337-80B0-73BD-CAF2-3F5517DBBC1F}.Ad-Hoc|iPhone.Deploy.0 = Release|Any CPU
		{C345A337-80B0-73BD-CAF2-3F5517DBBC1F}.Ad-Hoc|iPhoneSimulator.ActiveCfg = Release|Any CPU
		{C345A337-80B0-73BD-CAF2-3F5517DBBC1F}.Ad-Hoc|iPhoneSimulator.Build.0 = Release|Any CPU
		{C345A337-80B0-73BD-CAF2-3F5517DBBC1F}.Ad-Hoc|iPhoneSimulator.Deploy.0 = Release|Any CPU
		{C345A337-80B0-73BD-CAF2-3F5517DBBC1F}.Ad-Hoc|x64.ActiveCfg = Release|Any CPU
		{C345A337-80B0-73BD-CAF2-3F5517DBBC1F}.Ad-Hoc|x64.Build.0 = Release|Any CPU
		{C345A337-80B0-73BD-CAF2-3F5517DBBC1F}.Ad-Hoc|x64.Deploy.0 = Release|Any CPU
		{C345A337-80B0-73BD-CAF2-3F5517DBBC1F}.Ad-Hoc|x86.ActiveCfg = Release|Any CPU
		{C345A337-80B0-73BD-CAF2-3F5517DBBC1F}.Ad-Hoc|x86.Build.0 = Release|Any CPU
		{C345A337-80B0-73BD-CAF2-3F5517DBBC1F}.Ad-Hoc|x86.Deploy.0 = Release|Any CPU
		{C345A337-80B0-73BD-CAF2-3F5517DBBC1F}.AppStore|Any CPU.ActiveCfg = Release|Any CPU
		{C345A337-80B0-73BD-CAF2-3F5517DBBC1F}.AppStore|Any CPU.Build.0 = Release|Any CPU
		{C345A337-80B0-73BD-CAF2-3F5517DBBC1F}.AppStore|Any CPU.Deploy.0 = Release|Any CPU
		{C345A337-80B0-73BD-CAF2-3F5517DBBC1F}.AppStore|ARM.ActiveCfg = Release|Any CPU
		{C345A337-80B0-73BD-CAF2-3F5517DBBC1F}.AppStore|ARM.Build.0 = Release|Any CPU
		{C345A337-80B0-73BD-CAF2-3F5517DBBC1F}.AppStore|ARM.Deploy.0 = Release|Any CPU
		{C345A337-80B0-73BD-CAF2-3F5517DBBC1F}.AppStore|ARM64.ActiveCfg = Release|Any CPU
		{C345A337-80B0-73BD-CAF2-3F5517DBBC1F}.AppStore|ARM64.Build.0 = Release|Any CPU
		{C345A337-80B0-73BD-CAF2-3F5517DBBC1F}.AppStore|ARM64.Deploy.0 = Release|Any CPU
		{C345A337-80B0-73BD-CAF2-3F5517DBBC1F}.AppStore|iPhone.ActiveCfg = Release|Any CPU
		{C345A337-80B0-73BD-CAF2-3F5517DBBC1F}.AppStore|iPhone.Build.0 = Release|Any CPU
		{C345A337-80B0-73BD-CAF2-3F5517DBBC1F}.AppStore|iPhone.Deploy.0 = Release|Any CPU
		{C345A337-80B0-73BD-CAF2-3F5517DBBC1F}.AppStore|iPhoneSimulator.ActiveCfg = Release|Any CPU
		{C345A337-80B0-73BD-CAF2-3F5517DBBC1F}.AppStore|iPhoneSimulator.Build.0 = Release|Any CPU
		{C345A337-80B0-73BD-CAF2-3F5517DBBC1F}.AppStore|iPhoneSimulator.Deploy.0 = Release|Any CPU
		{C345A337-80B0-73BD-CAF2-3F5517DBBC1F}.AppStore|x64.ActiveCfg = Release|Any CPU
		{C345A337-80B0-73BD-CAF2-3F5517DBBC1F}.AppStore|x64.Build.0 = Release|Any CPU
		{C345A337-80B0-73BD-CAF2-3F5517DBBC1F}.AppStore|x64.Deploy.0 = Release|Any CPU
		{C345A337-80B0-73BD-CAF2-3F5517DBBC1F}.AppStore|x86.ActiveCfg = Release|Any CPU
		{C345A337-80B0-73BD-CAF2-3F5517DBBC1F}.AppStore|x86.Build.0 = Release|Any CPU
		{C345A337-80B0-73BD-CAF2-3F5517DBBC1F}.AppStore|x86.Deploy.0 = Release|Any CPU
		{C345A337-80B0-73BD-CAF2-3F5517DBBC1F}.Debug|Any CPU.ActiveCfg = Debug|Any CPU
		{C345A337-80B0-73BD-CAF2-3F5517DBBC1F}.Debug|Any CPU.Build.0 = Debug|Any CPU
		{C345A337-80B0-73BD-CAF2-3F5517DBBC1F}.Debug|Any CPU.Deploy.0 = Debug|Any CPU
		{C345A337-80B0-73BD-CAF2-3F5517DBBC1F}.Debug|ARM.ActiveCfg = Debug|Any CPU
		{C345A337-80B0-73BD-CAF2-3F5517DBBC1F}.Debug|ARM.Build.0 = Debug|Any CPU
		{C345A337-80B0-73BD-CAF2-3F5517DBBC1F}.Debug|ARM.Deploy.0 = Debug|Any CPU
		{C345A337-80B0-73BD-CAF2-3F5517DBBC1F}.Debug|ARM64.ActiveCfg = Debug|Any CPU
		{C345A337-80B0-73BD-CAF2-3F5517DBBC1F}.Debug|ARM64.Build.0 = Debug|Any CPU
		{C345A337-80B0-73BD-CAF2-3F5517DBBC1F}.Debug|ARM64.Deploy.0 = Debug|Any CPU
		{C345A337-80B0-73BD-CAF2-3F5517DBBC1F}.Debug|iPhone.ActiveCfg = Debug|Any CPU
		{C345A337-80B0-73BD-CAF2-3F5517DBBC1F}.Debug|iPhone.Build.0 = Debug|Any CPU
		{C345A337-80B0-73BD-CAF2-3F5517DBBC1F}.Debug|iPhone.Deploy.0 = Debug|Any CPU
		{C345A337-80B0-73BD-CAF2-3F5517DBBC1F}.Debug|iPhoneSimulator.ActiveCfg = Debug|Any CPU
		{C345A337-80B0-73BD-CAF2-3F5517DBBC1F}.Debug|iPhoneSimulator.Build.0 = Debug|Any CPU
		{C345A337-80B0-73BD-CAF2-3F5517DBBC1F}.Debug|iPhoneSimulator.Deploy.0 = Debug|Any CPU
		{C345A337-80B0-73BD-CAF2-3F5517DBBC1F}.Debug|x64.ActiveCfg = Debug|x64
		{C345A337-80B0-73BD-CAF2-3F5517DBBC1F}.Debug|x64.Build.0 = Debug|x64
		{C345A337-80B0-73BD-CAF2-3F5517DBBC1F}.Debug|x64.Deploy.0 = Debug|x64
		{C345A337-80B0-73BD-CAF2-3F5517DBBC1F}.Debug|x86.ActiveCfg = Debug|Any CPU
		{C345A337-80B0-73BD-CAF2-3F5517DBBC1F}.Debug|x86.Build.0 = Debug|Any CPU
		{C345A337-80B0-73BD-CAF2-3F5517DBBC1F}.Debug|x86.Deploy.0 = Debug|Any CPU
		{C345A337-80B0-73BD-CAF2-3F5517DBBC1F}.Release|Any CPU.ActiveCfg = Release|Any CPU
		{C345A337-80B0-73BD-CAF2-3F5517DBBC1F}.Release|Any CPU.Build.0 = Release|Any CPU
		{C345A337-80B0-73BD-CAF2-3F5517DBBC1F}.Release|Any CPU.Deploy.0 = Release|Any CPU
		{C345A337-80B0-73BD-CAF2-3F5517DBBC1F}.Release|ARM.ActiveCfg = Release|Any CPU
		{C345A337-80B0-73BD-CAF2-3F5517DBBC1F}.Release|ARM.Build.0 = Release|Any CPU
		{C345A337-80B0-73BD-CAF2-3F5517DBBC1F}.Release|ARM.Deploy.0 = Release|Any CPU
		{C345A337-80B0-73BD-CAF2-3F5517DBBC1F}.Release|ARM64.ActiveCfg = Release|Any CPU
		{C345A337-80B0-73BD-CAF2-3F5517DBBC1F}.Release|ARM64.Build.0 = Release|Any CPU
		{C345A337-80B0-73BD-CAF2-3F5517DBBC1F}.Release|ARM64.Deploy.0 = Release|Any CPU
		{C345A337-80B0-73BD-CAF2-3F5517DBBC1F}.Release|iPhone.ActiveCfg = Release|Any CPU
		{C345A337-80B0-73BD-CAF2-3F5517DBBC1F}.Release|iPhone.Build.0 = Release|Any CPU
		{C345A337-80B0-73BD-CAF2-3F5517DBBC1F}.Release|iPhone.Deploy.0 = Release|Any CPU
		{C345A337-80B0-73BD-CAF2-3F5517DBBC1F}.Release|iPhoneSimulator.ActiveCfg = Release|Any CPU
		{C345A337-80B0-73BD-CAF2-3F5517DBBC1F}.Release|iPhoneSimulator.Build.0 = Release|Any CPU
		{C345A337-80B0-73BD-CAF2-3F5517DBBC1F}.Release|iPhoneSimulator.Deploy.0 = Release|Any CPU
		{C345A337-80B0-73BD-CAF2-3F5517DBBC1F}.Release|x64.ActiveCfg = Release|Any CPU
		{C345A337-80B0-73BD-CAF2-3F5517DBBC1F}.Release|x64.Build.0 = Release|Any CPU
		{C345A337-80B0-73BD-CAF2-3F5517DBBC1F}.Release|x64.Deploy.0 = Release|Any CPU
		{C345A337-80B0-73BD-CAF2-3F5517DBBC1F}.Release|x86.ActiveCfg = Release|Any CPU
		{C345A337-80B0-73BD-CAF2-3F5517DBBC1F}.Release|x86.Build.0 = Release|Any CPU
		{C345A337-80B0-73BD-CAF2-3F5517DBBC1F}.Release|x86.Deploy.0 = Release|Any CPU
		{A42A9E10-40B9-4B9A-81B0-3AF57C322FB5}.Ad-Hoc|Any CPU.ActiveCfg = Release|x64
		{A42A9E10-40B9-4B9A-81B0-3AF57C322FB5}.Ad-Hoc|Any CPU.Build.0 = Release|x64
		{A42A9E10-40B9-4B9A-81B0-3AF57C322FB5}.Ad-Hoc|Any CPU.Deploy.0 = Release|x64
		{A42A9E10-40B9-4B9A-81B0-3AF57C322FB5}.Ad-Hoc|ARM.ActiveCfg = Release|x64
		{A42A9E10-40B9-4B9A-81B0-3AF57C322FB5}.Ad-Hoc|ARM.Build.0 = Release|x64
		{A42A9E10-40B9-4B9A-81B0-3AF57C322FB5}.Ad-Hoc|ARM.Deploy.0 = Release|x64
		{A42A9E10-40B9-4B9A-81B0-3AF57C322FB5}.Ad-Hoc|ARM64.ActiveCfg = Release|arm64
		{A42A9E10-40B9-4B9A-81B0-3AF57C322FB5}.Ad-Hoc|ARM64.Build.0 = Release|arm64
		{A42A9E10-40B9-4B9A-81B0-3AF57C322FB5}.Ad-Hoc|ARM64.Deploy.0 = Release|arm64
		{A42A9E10-40B9-4B9A-81B0-3AF57C322FB5}.Ad-Hoc|iPhone.ActiveCfg = Release|x64
		{A42A9E10-40B9-4B9A-81B0-3AF57C322FB5}.Ad-Hoc|iPhone.Build.0 = Release|x64
		{A42A9E10-40B9-4B9A-81B0-3AF57C322FB5}.Ad-Hoc|iPhone.Deploy.0 = Release|x64
		{A42A9E10-40B9-4B9A-81B0-3AF57C322FB5}.Ad-Hoc|iPhoneSimulator.ActiveCfg = Release|x64
		{A42A9E10-40B9-4B9A-81B0-3AF57C322FB5}.Ad-Hoc|iPhoneSimulator.Build.0 = Release|x64
		{A42A9E10-40B9-4B9A-81B0-3AF57C322FB5}.Ad-Hoc|iPhoneSimulator.Deploy.0 = Release|x64
		{A42A9E10-40B9-4B9A-81B0-3AF57C322FB5}.Ad-Hoc|x64.ActiveCfg = Release|x64
		{A42A9E10-40B9-4B9A-81B0-3AF57C322FB5}.Ad-Hoc|x64.Build.0 = Release|x64
		{A42A9E10-40B9-4B9A-81B0-3AF57C322FB5}.Ad-Hoc|x64.Deploy.0 = Release|x64
		{A42A9E10-40B9-4B9A-81B0-3AF57C322FB5}.Ad-Hoc|x86.ActiveCfg = Release|x64
		{A42A9E10-40B9-4B9A-81B0-3AF57C322FB5}.Ad-Hoc|x86.Build.0 = Release|x64
		{A42A9E10-40B9-4B9A-81B0-3AF57C322FB5}.Ad-Hoc|x86.Deploy.0 = Release|x64
		{A42A9E10-40B9-4B9A-81B0-3AF57C322FB5}.AppStore|Any CPU.ActiveCfg = Release|x64
		{A42A9E10-40B9-4B9A-81B0-3AF57C322FB5}.AppStore|Any CPU.Build.0 = Release|x64
		{A42A9E10-40B9-4B9A-81B0-3AF57C322FB5}.AppStore|Any CPU.Deploy.0 = Release|x64
		{A42A9E10-40B9-4B9A-81B0-3AF57C322FB5}.AppStore|ARM.ActiveCfg = Release|x64
		{A42A9E10-40B9-4B9A-81B0-3AF57C322FB5}.AppStore|ARM.Build.0 = Release|x64
		{A42A9E10-40B9-4B9A-81B0-3AF57C322FB5}.AppStore|ARM.Deploy.0 = Release|x64
		{A42A9E10-40B9-4B9A-81B0-3AF57C322FB5}.AppStore|ARM64.ActiveCfg = Release|arm64
		{A42A9E10-40B9-4B9A-81B0-3AF57C322FB5}.AppStore|ARM64.Build.0 = Release|arm64
		{A42A9E10-40B9-4B9A-81B0-3AF57C322FB5}.AppStore|ARM64.Deploy.0 = Release|arm64
		{A42A9E10-40B9-4B9A-81B0-3AF57C322FB5}.AppStore|iPhone.ActiveCfg = Release|x64
		{A42A9E10-40B9-4B9A-81B0-3AF57C322FB5}.AppStore|iPhone.Build.0 = Release|x64
		{A42A9E10-40B9-4B9A-81B0-3AF57C322FB5}.AppStore|iPhone.Deploy.0 = Release|x64
		{A42A9E10-40B9-4B9A-81B0-3AF57C322FB5}.AppStore|iPhoneSimulator.ActiveCfg = Release|x64
		{A42A9E10-40B9-4B9A-81B0-3AF57C322FB5}.AppStore|iPhoneSimulator.Build.0 = Release|x64
		{A42A9E10-40B9-4B9A-81B0-3AF57C322FB5}.AppStore|iPhoneSimulator.Deploy.0 = Release|x64
		{A42A9E10-40B9-4B9A-81B0-3AF57C322FB5}.AppStore|x64.ActiveCfg = Release|x64
		{A42A9E10-40B9-4B9A-81B0-3AF57C322FB5}.AppStore|x64.Build.0 = Release|x64
		{A42A9E10-40B9-4B9A-81B0-3AF57C322FB5}.AppStore|x64.Deploy.0 = Release|x64
		{A42A9E10-40B9-4B9A-81B0-3AF57C322FB5}.AppStore|x86.ActiveCfg = Release|x64
		{A42A9E10-40B9-4B9A-81B0-3AF57C322FB5}.AppStore|x86.Build.0 = Release|x64
		{A42A9E10-40B9-4B9A-81B0-3AF57C322FB5}.AppStore|x86.Deploy.0 = Release|x64
		{A42A9E10-40B9-4B9A-81B0-3AF57C322FB5}.Debug|Any CPU.ActiveCfg = Debug|x64
		{A42A9E10-40B9-4B9A-81B0-3AF57C322FB5}.Debug|Any CPU.Build.0 = Debug|x64
		{A42A9E10-40B9-4B9A-81B0-3AF57C322FB5}.Debug|Any CPU.Deploy.0 = Debug|x64
		{A42A9E10-40B9-4B9A-81B0-3AF57C322FB5}.Debug|ARM.ActiveCfg = Debug|x64
		{A42A9E10-40B9-4B9A-81B0-3AF57C322FB5}.Debug|ARM.Build.0 = Debug|x64
		{A42A9E10-40B9-4B9A-81B0-3AF57C322FB5}.Debug|ARM.Deploy.0 = Debug|x64
		{A42A9E10-40B9-4B9A-81B0-3AF57C322FB5}.Debug|ARM64.ActiveCfg = Debug|arm64
		{A42A9E10-40B9-4B9A-81B0-3AF57C322FB5}.Debug|ARM64.Build.0 = Debug|arm64
		{A42A9E10-40B9-4B9A-81B0-3AF57C322FB5}.Debug|ARM64.Deploy.0 = Debug|arm64
		{A42A9E10-40B9-4B9A-81B0-3AF57C322FB5}.Debug|iPhone.ActiveCfg = Debug|x64
		{A42A9E10-40B9-4B9A-81B0-3AF57C322FB5}.Debug|iPhone.Build.0 = Debug|x64
		{A42A9E10-40B9-4B9A-81B0-3AF57C322FB5}.Debug|iPhone.Deploy.0 = Debug|x64
		{A42A9E10-40B9-4B9A-81B0-3AF57C322FB5}.Debug|iPhoneSimulator.ActiveCfg = Debug|x64
		{A42A9E10-40B9-4B9A-81B0-3AF57C322FB5}.Debug|iPhoneSimulator.Build.0 = Debug|x64
		{A42A9E10-40B9-4B9A-81B0-3AF57C322FB5}.Debug|iPhoneSimulator.Deploy.0 = Debug|x64
		{A42A9E10-40B9-4B9A-81B0-3AF57C322FB5}.Debug|x64.ActiveCfg = Debug|x64
		{A42A9E10-40B9-4B9A-81B0-3AF57C322FB5}.Debug|x64.Build.0 = Debug|x64
		{A42A9E10-40B9-4B9A-81B0-3AF57C322FB5}.Debug|x64.Deploy.0 = Debug|x64
		{A42A9E10-40B9-4B9A-81B0-3AF57C322FB5}.Debug|x86.ActiveCfg = Debug|x64
		{A42A9E10-40B9-4B9A-81B0-3AF57C322FB5}.Debug|x86.Build.0 = Debug|x64
		{A42A9E10-40B9-4B9A-81B0-3AF57C322FB5}.Debug|x86.Deploy.0 = Debug|x64
		{A42A9E10-40B9-4B9A-81B0-3AF57C322FB5}.Release|Any CPU.ActiveCfg = Release|x64
		{A42A9E10-40B9-4B9A-81B0-3AF57C322FB5}.Release|Any CPU.Build.0 = Release|x64
		{A42A9E10-40B9-4B9A-81B0-3AF57C322FB5}.Release|Any CPU.Deploy.0 = Release|x64
		{A42A9E10-40B9-4B9A-81B0-3AF57C322FB5}.Release|ARM.ActiveCfg = Release|x64
		{A42A9E10-40B9-4B9A-81B0-3AF57C322FB5}.Release|ARM.Build.0 = Release|x64
		{A42A9E10-40B9-4B9A-81B0-3AF57C322FB5}.Release|ARM.Deploy.0 = Release|x64
		{A42A9E10-40B9-4B9A-81B0-3AF57C322FB5}.Release|ARM64.ActiveCfg = Release|arm64
		{A42A9E10-40B9-4B9A-81B0-3AF57C322FB5}.Release|ARM64.Build.0 = Release|arm64
		{A42A9E10-40B9-4B9A-81B0-3AF57C322FB5}.Release|ARM64.Deploy.0 = Release|arm64
		{A42A9E10-40B9-4B9A-81B0-3AF57C322FB5}.Release|iPhone.ActiveCfg = Release|x64
		{A42A9E10-40B9-4B9A-81B0-3AF57C322FB5}.Release|iPhone.Build.0 = Release|x64
		{A42A9E10-40B9-4B9A-81B0-3AF57C322FB5}.Release|iPhone.Deploy.0 = Release|x64
		{A42A9E10-40B9-4B9A-81B0-3AF57C322FB5}.Release|iPhoneSimulator.ActiveCfg = Release|x64
		{A42A9E10-40B9-4B9A-81B0-3AF57C322FB5}.Release|iPhoneSimulator.Build.0 = Release|x64
		{A42A9E10-40B9-4B9A-81B0-3AF57C322FB5}.Release|iPhoneSimulator.Deploy.0 = Release|x64
		{A42A9E10-40B9-4B9A-81B0-3AF57C322FB5}.Release|x64.ActiveCfg = Release|x64
		{A42A9E10-40B9-4B9A-81B0-3AF57C322FB5}.Release|x64.Build.0 = Release|x64
		{A42A9E10-40B9-4B9A-81B0-3AF57C322FB5}.Release|x64.Deploy.0 = Release|x64
		{A42A9E10-40B9-4B9A-81B0-3AF57C322FB5}.Release|x86.ActiveCfg = Release|x64
		{A42A9E10-40B9-4B9A-81B0-3AF57C322FB5}.Release|x86.Build.0 = Release|x64
		{A42A9E10-40B9-4B9A-81B0-3AF57C322FB5}.Release|x86.Deploy.0 = Release|x64
	EndGlobalSection
	GlobalSection(SolutionProperties) = preSolution
		HideSolutionNode = FALSE
	EndGlobalSection
	GlobalSection(NestedProjects) = preSolution
		{F23D0EFE-2C91-4976-9DCB-065B91FC2797} = {89735E29-8BBC-4681-AEE6-EAEF1741505F}
		{D1825E4F-D418-4D2F-9456-66BADC726D1A} = {47DE636A-63D1-4825-9107-8506DEF7DF15}
		{498AE0AD-1BD1-4139-ADFF-8DC51F73643E} = {47DE636A-63D1-4825-9107-8506DEF7DF15}
		{879BB3B5-F4A4-4F81-85C8-AA2328BA1454} = {47DE636A-63D1-4825-9107-8506DEF7DF15}
		{D4DF9B87-0533-4D3E-81D8-09E1B159C9F5} = {89735E29-8BBC-4681-AEE6-EAEF1741505F}
		{C345A337-80B0-73BD-CAF2-3F5517DBBC1F} = {89735E29-8BBC-4681-AEE6-EAEF1741505F}
		{A42A9E10-40B9-4B9A-81B0-3AF57C322FB5} = {89735E29-8BBC-4681-AEE6-EAEF1741505F}
	EndGlobalSection
	GlobalSection(ExtensibilityGlobals) = postSolution
		SolutionGuid = {BB4DF560-2A3F-49E2-9693-D8014F988057}
	EndGlobalSection
	GlobalSection(SharedMSBuildProjectFiles) = preSolution
		UNOversalTemplate\UNOversalTemplate.IoC.DryIoC\UNOversalTemplate.IoC.DryIoC.projitems*{498ae0ad-1bd1-4139-adff-8dc51f73643e}*SharedItemsImports = 13
		UNOversalTemplate\UNOversalTemplate.Services\UNOversalTemplate.Services.projitems*{879bb3b5-f4a4-4f81-85c8-aa2328ba1454}*SharedItemsImports = 13
		Project2FA.Shared\Project2FA.Shared.projitems*{a42a9e10-40b9-4b9a-81b0-3af57c322fb5}*SharedItemsImports = 5
		UNOversalTemplate\UNOversalTemplate.Core\UNOversalTemplate.Core.projitems*{a42a9e10-40b9-4b9a-81b0-3af57c322fb5}*SharedItemsImports = 5
		UNOversalTemplate\UNOversalTemplate.IoC.DryIoC\UNOversalTemplate.IoC.DryIoC.projitems*{a42a9e10-40b9-4b9a-81b0-3af57c322fb5}*SharedItemsImports = 5
		UNOversalTemplate\UNOversalTemplate.Services\UNOversalTemplate.Services.projitems*{a42a9e10-40b9-4b9a-81b0-3af57c322fb5}*SharedItemsImports = 5
		Project2FA.Shared\Project2FA.Shared.projitems*{c345a337-80b0-73bd-caf2-3f5517dbbc1f}*SharedItemsImports = 5
		UNOversalTemplate\UNOversalTemplate.Core\UNOversalTemplate.Core.projitems*{c345a337-80b0-73bd-caf2-3f5517dbbc1f}*SharedItemsImports = 5
		UNOversalTemplate\UNOversalTemplate.IoC.DryIoC\UNOversalTemplate.IoC.DryIoC.projitems*{c345a337-80b0-73bd-caf2-3f5517dbbc1f}*SharedItemsImports = 5
		UNOversalTemplate\UNOversalTemplate.Services\UNOversalTemplate.Services.projitems*{c345a337-80b0-73bd-caf2-3f5517dbbc1f}*SharedItemsImports = 5
		UNOversalTemplate\UNOversalTemplate.Core\UNOversalTemplate.Core.projitems*{d1825e4f-d418-4d2f-9456-66badc726d1a}*SharedItemsImports = 13
		Project2FA.Shared\Project2FA.Shared.projitems*{d4df9b87-0533-4d3e-81d8-09e1b159c9f5}*SharedItemsImports = 13
		Project2FA.Shared\Project2FA.Shared.projitems*{f23d0efe-2c91-4976-9dcb-065b91fc2797}*SharedItemsImports = 4
		UNOversalTemplate\UNOversalTemplate.Core\UNOversalTemplate.Core.projitems*{f23d0efe-2c91-4976-9dcb-065b91fc2797}*SharedItemsImports = 4
		UNOversalTemplate\UNOversalTemplate.IoC.DryIoC\UNOversalTemplate.IoC.DryIoC.projitems*{f23d0efe-2c91-4976-9dcb-065b91fc2797}*SharedItemsImports = 4
		UNOversalTemplate\UNOversalTemplate.Services\UNOversalTemplate.Services.projitems*{f23d0efe-2c91-4976-9dcb-065b91fc2797}*SharedItemsImports = 4
	EndGlobalSection
EndGlobal
